{
  "name": "@idea-ionic/common",
  "version": "6.0.3",
  "lockfileVersion": 2,
  "requires": true,
  "packages": {
    "": {
      "name": "@idea-ionic/common",
      "version": "6.0.3",
      "license": "ISC",
      "dependencies": {
        "signature_pad": ">=3.0.0-beta.4",
        "tslib": ">=2.0.0"
      },
      "devDependencies": {
        "@angular/common": ">=13.1.0",
        "@angular/core": ">=13.1.0",
        "@angular/forms": ">=13.1.0",
        "@angular/platform-browser": ">=13.1.0",
        "@angular/router": ">=13.1.0",
        "@capacitor-community/keep-awake": "^2.x.x",
        "@capacitor/browser": "^1.x.x",
        "@capacitor/core": "^3.x.x",
        "@capacitor/network": "^1.x.x",
        "@capacitor/push-notifications": "^1.x.x",
        "@ionic/angular": ">=6.0.1",
        "@ionic/storage-angular": ">=3.0.6",
        "idea-toolbox": ">=6.5.13",
        "rxjs": ">=7.4.0",
        "zone.js": ">=0.11.4"
      },
      "peerDependencies": {
        "@angular/common": ">=13.1.0",
        "@angular/core": ">=13.1.0",
        "@angular/forms": ">=13.1.0",
        "@angular/platform-browser": ">=13.1.0",
        "@angular/router": ">=13.1.0",
        "@capacitor-community/keep-awake": "^2.x.x",
        "@capacitor/browser": "^1.x.x",
        "@capacitor/core": "^3.x.x",
        "@capacitor/network": "^1.x.x",
        "@capacitor/push-notifications": "^1.x.x",
        "@ionic/angular": ">=6.0.1",
        "@ionic/storage-angular": ">=3.0.6",
        "idea-toolbox": ">=6.5.13",
        "rxjs": ">=7.4.0",
        "zone.js": ">=0.11.4"
      }
    },
    "node_modules/@angular/common": {
      "version": "13.2.2",
      "resolved": "https://registry.npmjs.org/@angular/common/-/common-13.2.2.tgz",
      "integrity": "sha512-56C/bheNLKtTCyQUZCiYtKbBIZN9jj6rjFILPtJCGls3cBCxp7t9tIdoLiQG/wVQRmaxdj1ioLT+sCWz7mLtQw==",
      "dev": true,
      "dependencies": {
        "tslib": "^2.3.0"
      },
      "engines": {
        "node": "^12.20.0 || ^14.15.0 || >=16.10.0"
      },
      "peerDependencies": {
        "@angular/core": "13.2.2",
        "rxjs": "^6.5.3 || ^7.4.0"
      }
    },
    "node_modules/@angular/core": {
      "version": "13.2.2",
      "resolved": "https://registry.npmjs.org/@angular/core/-/core-13.2.2.tgz",
      "integrity": "sha512-zpctw0BxIVOsRFnckchK15SD1L8tzhf5GzwIDaM6+VylDQj1uYkm8mvAjJTQZyUuApomoFet2Rfj7XQPV+cNSQ==",
      "dev": true,
      "dependencies": {
        "tslib": "^2.3.0"
      },
      "engines": {
        "node": "^12.20.0 || ^14.15.0 || >=16.10.0"
      },
      "peerDependencies": {
        "rxjs": "^6.5.3 || ^7.4.0",
        "zone.js": "~0.11.4"
      }
    },
    "node_modules/@angular/forms": {
      "version": "13.2.2",
      "resolved": "https://registry.npmjs.org/@angular/forms/-/forms-13.2.2.tgz",
      "integrity": "sha512-T61W4Ay9X9qhxjc6lLqpNFeHrGKwg2mqdsZ3zIm/c7oKo37mgl9TB5kkrtnS+205r3N2hF4ICnGFZ4a/egUP/g==",
      "dev": true,
      "dependencies": {
        "tslib": "^2.3.0"
      },
      "engines": {
        "node": "^12.20.0 || ^14.15.0 || >=16.10.0"
      },
      "peerDependencies": {
        "@angular/common": "13.2.2",
        "@angular/core": "13.2.2",
        "@angular/platform-browser": "13.2.2",
        "rxjs": "^6.5.3 || ^7.4.0"
      }
    },
    "node_modules/@angular/platform-browser": {
      "version": "13.2.2",
      "resolved": "https://registry.npmjs.org/@angular/platform-browser/-/platform-browser-13.2.2.tgz",
      "integrity": "sha512-M7gWC8fFCPc/CRcHCzqe/j7WzwAUMeKt9vwlK633XnesHBoqZdYgbb3YHHc6WPVU0YI09Nb/Hm5sezEKmjUmPg==",
      "dev": true,
      "dependencies": {
        "tslib": "^2.3.0"
      },
      "engines": {
        "node": "^12.20.0 || ^14.15.0 || >=16.10.0"
      },
      "peerDependencies": {
        "@angular/animations": "13.2.2",
        "@angular/common": "13.2.2",
        "@angular/core": "13.2.2"
      },
      "peerDependenciesMeta": {
        "@angular/animations": {
          "optional": true
        }
      }
    },
    "node_modules/@angular/router": {
      "version": "13.2.2",
      "resolved": "https://registry.npmjs.org/@angular/router/-/router-13.2.2.tgz",
      "integrity": "sha512-dt2b9/kGJAkmOqUmUD3aKlp4pGpdqLwB0zmhUYF3ktNEcQaPf4ZjWT/4jhy09gFL+TKOHG5OQW9GxBbhWI4bSg==",
      "dev": true,
      "dependencies": {
        "tslib": "^2.3.0"
      },
      "engines": {
        "node": "^12.20.0 || ^14.15.0 || >=16.10.0"
      },
      "peerDependencies": {
        "@angular/common": "13.2.2",
        "@angular/core": "13.2.2",
        "@angular/platform-browser": "13.2.2",
        "rxjs": "^6.5.3 || ^7.4.0"
      }
    },
    "node_modules/@capacitor-community/keep-awake": {
      "version": "2.1.1",
      "resolved": "https://registry.npmjs.org/@capacitor-community/keep-awake/-/keep-awake-2.1.1.tgz",
      "integrity": "sha512-rgx6z6o4uQbB1VWRiifBx+rmS8ab9cynlq3YY2/xWaMbxOWXENlL2s58hmlIrFHxBGLkOMPh5i73HLUzHmiesQ==",
      "dev": true,
      "peerDependencies": {
        "@capacitor/core": "^3.0.0"
      }
    },
    "node_modules/@capacitor/browser": {
      "version": "1.0.7",
      "resolved": "https://registry.npmjs.org/@capacitor/browser/-/browser-1.0.7.tgz",
      "integrity": "sha512-ni8IjsPyFUYqQ2JxBwzI7VpJUZHPr7QiRds5hQWM/1cpfH0+DWvjWHwzxQXuSbW0h+QGXGSJ/vwqjRns7NzLfQ==",
      "dev": true,
      "peerDependencies": {
        "@capacitor/core": "^3.0.0"
      }
    },
    "node_modules/@capacitor/core": {
      "version": "3.4.1",
      "resolved": "https://registry.npmjs.org/@capacitor/core/-/core-3.4.1.tgz",
      "integrity": "sha512-BwN925gwXGEVAhnnVAXH57cp+/YW5PhFZloGYaN3Sm8eKcYDNeti38lV9DQ8A/T5PYkJw/+TSu8SsuoEQD0vwQ==",
      "dev": true,
      "dependencies": {
        "tslib": "^2.1.0"
      }
    },
    "node_modules/@capacitor/network": {
      "version": "1.0.7",
      "resolved": "https://registry.npmjs.org/@capacitor/network/-/network-1.0.7.tgz",
      "integrity": "sha512-Le1pcXlBB6Vsz+9Y5jkwcoFONq93Fm06T+EXfH52khrIH61k5rOYRM1HGR5Q0hu6pDKqA9jM/tU06h2kqsJteA==",
      "dev": true,
      "peerDependencies": {
        "@capacitor/core": "^3.0.0"
      }
    },
    "node_modules/@capacitor/push-notifications": {
      "version": "1.0.9",
      "resolved": "https://registry.npmjs.org/@capacitor/push-notifications/-/push-notifications-1.0.9.tgz",
      "integrity": "sha512-NaH+drTYjOGgFMHl/2Jn1/+2rlgomtwP2NfK20E0i7+QoRze1ArcSThJ4vSF0m7VkYBsH3MgbXkWfNSSPaYrtw==",
      "dev": true,
      "peerDependencies": {
        "@capacitor/core": "^3.0.0"
      }
    },
    "node_modules/@ionic/angular": {
      "version": "6.0.8",
      "resolved": "https://registry.npmjs.org/@ionic/angular/-/angular-6.0.8.tgz",
      "integrity": "sha512-sPXQ17SCym0Skx1vbFmhHyPCNH5NoKIyuHee8ROZcTvNizavJYajoU+YTcr6v3w37CecsTz/JgpCXbAUHxxrcQ==",
      "dev": true,
      "dependencies": {
        "@ionic/core": "^6.0.8",
        "jsonc-parser": "^3.0.0",
        "tslib": "^2.0.0"
      },
      "peerDependencies": {
        "@angular/core": ">=12.0.0",
        "@angular/forms": ">=12.0.0",
        "@angular/router": ">=12.0.0",
        "rxjs": ">=6.6.0",
        "zone.js": ">=0.11.0"
      }
    },
    "node_modules/@ionic/core": {
      "version": "6.0.8",
      "resolved": "https://registry.npmjs.org/@ionic/core/-/core-6.0.8.tgz",
      "integrity": "sha512-sfkms6Rj8MPuZOo+bdjL75ewTmr8oKsMepFL3MM7Nfu+GfNsAuauf1fRYwoD34f0jVgfUnJvhvT3V3NVVTQwHQ==",
      "dev": true,
      "dependencies": {
        "@stencil/core": "~2.13.0",
        "ionicons": "^6.0.0",
        "tslib": "^2.1.0"
      }
    },
    "node_modules/@ionic/storage": {
      "version": "3.0.6",
      "resolved": "https://registry.npmjs.org/@ionic/storage/-/storage-3.0.6.tgz",
      "integrity": "sha512-sw+zSJINIpbQCGZR9mEtb9N0WmZLuhcMVqOZJBqLuDACAMdXqG39zmp5nSVqhGI1/9X3nd0K5gVn6icyVfUnUg==",
      "dev": true,
      "dependencies": {
        "localforage": "^1.9.0"
      }
    },
    "node_modules/@ionic/storage-angular": {
      "version": "3.0.6",
      "resolved": "https://registry.npmjs.org/@ionic/storage-angular/-/storage-angular-3.0.6.tgz",
      "integrity": "sha512-ZXlIFWGU27aCxVFgZb0KFJFtWwnn6+HK6v0rMGzjN8f7oV2ewXaQ2dl1gTw/A8YoozTVPOFxwfFHCjhWLFR1Fw==",
      "dev": true,
      "dependencies": {
        "@ionic/storage": "^3.0.4",
        "tslib": "^1.10.0"
      },
      "peerDependencies": {
        "@angular/core": "*",
        "rxjs": "*"
      }
    },
    "node_modules/@ionic/storage-angular/node_modules/tslib": {
      "version": "1.14.1",
      "resolved": "https://registry.npmjs.org/tslib/-/tslib-1.14.1.tgz",
      "integrity": "sha512-Xni35NKzjgMrwevysHTCArtLDpPvye8zV/0E4EyYn43P7/7qvQwPh9BGkHewbMulVntbigmcT7rdX3BNo9wRJg==",
      "dev": true
    },
    "node_modules/@stencil/core": {
      "version": "2.13.0",
      "resolved": "https://registry.npmjs.org/@stencil/core/-/core-2.13.0.tgz",
      "integrity": "sha512-EEKHOHgYpg3/iFUKMXTZJjUayRul7sXDwNw0OGgkEOe4t7JWiibDkzUHuruvpbqEydX+z1+ez5K2bMMY76c2wA==",
      "dev": true,
      "bin": {
        "stencil": "bin/stencil"
      },
      "engines": {
        "node": ">=12.10.0",
        "npm": ">=6.0.0"
      }
    },
    "node_modules/idea-toolbox": {
      "version": "6.5.13",
      "resolved": "https://registry.npmjs.org/idea-toolbox/-/idea-toolbox-6.5.13.tgz",
      "integrity": "sha512-4x8HQnAZZN7r3YtsGm3K93r8bnU4psfvrjyl4eR8BJfQC4Q6qAiw+uSjKmuZxc5FWF/g9OdVQlIlhNUZhtKLWA==",
      "dev": true,
      "dependencies": {
        "marked": "^4.0.10",
        "validator": "^13.7.0"
      }
    },
    "node_modules/immediate": {
      "version": "3.0.6",
      "resolved": "https://registry.npmjs.org/immediate/-/immediate-3.0.6.tgz",
      "integrity": "sha1-nbHb0Pr43m++D13V5Wu2BigN5ps=",
      "dev": true
    },
    "node_modules/ionicons": {
      "version": "6.0.1",
      "resolved": "https://registry.npmjs.org/ionicons/-/ionicons-6.0.1.tgz",
      "integrity": "sha512-xQekOJsxH82O7oB+3F60zeRggCdND9pJ/k0E6IJDVUGGlCj5mlyFqNgxUimytKgstPGv3S+3EmCxjefvtGgWUg==",
      "dev": true,
      "dependencies": {
        "@stencil/core": "~2.12.0"
      }
    },
    "node_modules/ionicons/node_modules/@stencil/core": {
      "version": "2.12.1",
      "resolved": "https://registry.npmjs.org/@stencil/core/-/core-2.12.1.tgz",
      "integrity": "sha512-u24TZ+FEvjnZt5ZgIkLjLpUNsO6Ml3mUZqwmqk81w6RWWz75hgB5p4RFI5rvuErFeh2xvMIGo+pNdG24XUBz1A==",
      "dev": true,
      "bin": {
        "stencil": "bin/stencil"
      },
      "engines": {
        "node": ">=12.10.0",
        "npm": ">=6.0.0"
      }
    },
    "node_modules/jsonc-parser": {
      "version": "3.0.0",
      "resolved": "https://registry.npmjs.org/jsonc-parser/-/jsonc-parser-3.0.0.tgz",
      "integrity": "sha512-fQzRfAbIBnR0IQvftw9FJveWiHp72Fg20giDrHz6TdfB12UH/uue0D3hm57UB5KgAVuniLMCaS8P1IMj9NR7cA==",
      "dev": true
    },
    "node_modules/lie": {
      "version": "3.1.1",
      "resolved": "https://registry.npmjs.org/lie/-/lie-3.1.1.tgz",
      "integrity": "sha1-mkNrLMd0bKWd56QfpGmz77dr2H4=",
      "dev": true,
      "dependencies": {
        "immediate": "~3.0.5"
      }
    },
    "node_modules/localforage": {
      "version": "1.10.0",
      "resolved": "https://registry.npmjs.org/localforage/-/localforage-1.10.0.tgz",
      "integrity": "sha512-14/H1aX7hzBBmmh7sGPd+AOMkkIrHM3Z1PAyGgZigA1H1p5O5ANnMyWzvpAETtG68/dC4pC0ncy3+PPGzXZHPg==",
      "dev": true,
      "dependencies": {
        "lie": "3.1.1"
      }
    },
    "node_modules/marked": {
      "version": "4.0.12",
      "resolved": "https://registry.npmjs.org/marked/-/marked-4.0.12.tgz",
      "integrity": "sha512-hgibXWrEDNBWgGiK18j/4lkS6ihTe9sxtV4Q1OQppb/0zzyPSzoFANBa5MfsG/zgsWklmNnhm0XACZOH/0HBiQ==",
      "dev": true,
      "bin": {
        "marked": "bin/marked.js"
      },
      "engines": {
        "node": ">= 12"
      }
    },
    "node_modules/rxjs": {
      "version": "7.5.4",
      "resolved": "https://registry.npmjs.org/rxjs/-/rxjs-7.5.4.tgz",
      "integrity": "sha512-h5M3Hk78r6wAheJF0a5YahB1yRQKCsZ4MsGdZ5O9ETbVtjPcScGfrMmoOq7EBsCRzd4BDkvDJ7ogP8Sz5tTFiQ==",
      "dev": true,
      "dependencies": {
        "tslib": "^2.1.0"
      }
    },
    "node_modules/signature_pad": {
      "version": "4.0.2",
      "resolved": "https://registry.npmjs.org/signature_pad/-/signature_pad-4.0.2.tgz",
      "integrity": "sha512-4jHtgCVvihLLPr0H4F0hB4eE9YOMcr/V9rFWwhPqzJ5qsBYhj7sg/B0yvcyM4HB+eWTKVoIep8Xh7gM/gKq+sA=="
    },
    "node_modules/tslib": {
      "version": "2.3.1",
      "resolved": "https://registry.npmjs.org/tslib/-/tslib-2.3.1.tgz",
      "integrity": "sha512-77EbyPPpMz+FRFRuAFlWMtmgUWGe9UOG2Z25NqCwiIjRhOf5iKGuzSe5P2w1laq+FkRy4p+PCuVkJSGkzTEKVw=="
    },
    "node_modules/validator": {
      "version": "13.7.0",
      "resolved": "https://registry.npmjs.org/validator/-/validator-13.7.0.tgz",
      "integrity": "sha512-nYXQLCBkpJ8X6ltALua9dRrZDHVYxjJ1wgskNt1lH9fzGjs3tgojGSCBjmEPwkWS1y29+DrizMTW19Pr9uB2nw==",
      "dev": true,
      "engines": {
        "node": ">= 0.10"
      }
    },
    "node_modules/zone.js": {
      "version": "0.11.4",
      "resolved": "https://registry.npmjs.org/zone.js/-/zone.js-0.11.4.tgz",
      "integrity": "sha512-DDh2Ab+A/B+9mJyajPjHFPWfYU1H+pdun4wnnk0OcQTNjem1XQSZ2CDW+rfZEUDjv5M19SBqAkjZi0x5wuB5Qw==",
      "dev": true,
      "dependencies": {
        "tslib": "^2.0.0"
      }
    }
  },
  "dependencies": {
    "@angular/common": {
      "version": "13.2.2",
      "resolved": "https://registry.npmjs.org/@angular/common/-/common-13.2.2.tgz",
      "integrity": "sha512-56C/bheNLKtTCyQUZCiYtKbBIZN9jj6rjFILPtJCGls3cBCxp7t9tIdoLiQG/wVQRmaxdj1ioLT+sCWz7mLtQw==",
      "dev": true,
      "requires": {
        "tslib": "^2.3.0"
      }
    },
    "@angular/core": {
      "version": "13.2.2",
      "resolved": "https://registry.npmjs.org/@angular/core/-/core-13.2.2.tgz",
      "integrity": "sha512-zpctw0BxIVOsRFnckchK15SD1L8tzhf5GzwIDaM6+VylDQj1uYkm8mvAjJTQZyUuApomoFet2Rfj7XQPV+cNSQ==",
      "dev": true,
      "requires": {
        "tslib": "^2.3.0"
      }
    },
    "@angular/forms": {
      "version": "13.2.2",
      "resolved": "https://registry.npmjs.org/@angular/forms/-/forms-13.2.2.tgz",
      "integrity": "sha512-T61W4Ay9X9qhxjc6lLqpNFeHrGKwg2mqdsZ3zIm/c7oKo37mgl9TB5kkrtnS+205r3N2hF4ICnGFZ4a/egUP/g==",
      "dev": true,
      "requires": {
        "tslib": "^2.3.0"
      }
    },
    "@angular/platform-browser": {
      "version": "13.2.2",
      "resolved": "https://registry.npmjs.org/@angular/platform-browser/-/platform-browser-13.2.2.tgz",
      "integrity": "sha512-M7gWC8fFCPc/CRcHCzqe/j7WzwAUMeKt9vwlK633XnesHBoqZdYgbb3YHHc6WPVU0YI09Nb/Hm5sezEKmjUmPg==",
      "dev": true,
      "requires": {
        "tslib": "^2.3.0"
      }
    },
    "@angular/router": {
      "version": "13.2.2",
      "resolved": "https://registry.npmjs.org/@angular/router/-/router-13.2.2.tgz",
      "integrity": "sha512-dt2b9/kGJAkmOqUmUD3aKlp4pGpdqLwB0zmhUYF3ktNEcQaPf4ZjWT/4jhy09gFL+TKOHG5OQW9GxBbhWI4bSg==",
      "dev": true,
      "requires": {
        "tslib": "^2.3.0"
      }
    },
    "@capacitor-community/keep-awake": {
      "version": "2.1.1",
      "resolved": "https://registry.npmjs.org/@capacitor-community/keep-awake/-/keep-awake-2.1.1.tgz",
      "integrity": "sha512-rgx6z6o4uQbB1VWRiifBx+rmS8ab9cynlq3YY2/xWaMbxOWXENlL2s58hmlIrFHxBGLkOMPh5i73HLUzHmiesQ==",
      "dev": true,
      "requires": {}
    },
    "@capacitor/browser": {
      "version": "1.0.7",
      "resolved": "https://registry.npmjs.org/@capacitor/browser/-/browser-1.0.7.tgz",
      "integrity": "sha512-ni8IjsPyFUYqQ2JxBwzI7VpJUZHPr7QiRds5hQWM/1cpfH0+DWvjWHwzxQXuSbW0h+QGXGSJ/vwqjRns7NzLfQ==",
      "dev": true,
      "requires": {}
    },
    "@capacitor/core": {
      "version": "3.4.1",
      "resolved": "https://registry.npmjs.org/@capacitor/core/-/core-3.4.1.tgz",
      "integrity": "sha512-BwN925gwXGEVAhnnVAXH57cp+/YW5PhFZloGYaN3Sm8eKcYDNeti38lV9DQ8A/T5PYkJw/+TSu8SsuoEQD0vwQ==",
      "dev": true,
      "requires": {
        "tslib": "^2.1.0"
      }
    },
    "@capacitor/network": {
      "version": "1.0.7",
      "resolved": "https://registry.npmjs.org/@capacitor/network/-/network-1.0.7.tgz",
      "integrity": "sha512-Le1pcXlBB6Vsz+9Y5jkwcoFONq93Fm06T+EXfH52khrIH61k5rOYRM1HGR5Q0hu6pDKqA9jM/tU06h2kqsJteA==",
      "dev": true,
      "requires": {}
    },
    "@capacitor/push-notifications": {
      "version": "1.0.9",
      "resolved": "https://registry.npmjs.org/@capacitor/push-notifications/-/push-notifications-1.0.9.tgz",
      "integrity": "sha512-NaH+drTYjOGgFMHl/2Jn1/+2rlgomtwP2NfK20E0i7+QoRze1ArcSThJ4vSF0m7VkYBsH3MgbXkWfNSSPaYrtw==",
      "dev": true,
      "requires": {}
    },
    "@ionic/angular": {
      "version": "6.0.8",
      "resolved": "https://registry.npmjs.org/@ionic/angular/-/angular-6.0.8.tgz",
      "integrity": "sha512-sPXQ17SCym0Skx1vbFmhHyPCNH5NoKIyuHee8ROZcTvNizavJYajoU+YTcr6v3w37CecsTz/JgpCXbAUHxxrcQ==",
      "dev": true,
      "requires": {
        "@ionic/core": "^6.0.8",
        "jsonc-parser": "^3.0.0",
        "tslib": "^2.0.0"
      }
    },
    "@ionic/core": {
      "version": "6.0.8",
      "resolved": "https://registry.npmjs.org/@ionic/core/-/core-6.0.8.tgz",
      "integrity": "sha512-sfkms6Rj8MPuZOo+bdjL75ewTmr8oKsMepFL3MM7Nfu+GfNsAuauf1fRYwoD34f0jVgfUnJvhvT3V3NVVTQwHQ==",
      "dev": true,
      "requires": {
        "@stencil/core": "~2.13.0",
        "ionicons": "^6.0.0",
        "tslib": "^2.1.0"
      }
    },
    "@ionic/storage": {
      "version": "3.0.6",
      "resolved": "https://registry.npmjs.org/@ionic/storage/-/storage-3.0.6.tgz",
      "integrity": "sha512-sw+zSJINIpbQCGZR9mEtb9N0WmZLuhcMVqOZJBqLuDACAMdXqG39zmp5nSVqhGI1/9X3nd0K5gVn6icyVfUnUg==",
      "dev": true,
      "requires": {
        "localforage": "^1.9.0"
      }
    },
    "@ionic/storage-angular": {
      "version": "3.0.6",
      "resolved": "https://registry.npmjs.org/@ionic/storage-angular/-/storage-angular-3.0.6.tgz",
      "integrity": "sha512-ZXlIFWGU27aCxVFgZb0KFJFtWwnn6+HK6v0rMGzjN8f7oV2ewXaQ2dl1gTw/A8YoozTVPOFxwfFHCjhWLFR1Fw==",
      "dev": true,
      "requires": {
        "@ionic/storage": "^3.0.4",
        "tslib": "^1.10.0"
      },
      "dependencies": {
        "tslib": {
          "version": "1.14.1",
          "resolved": "https://registry.npmjs.org/tslib/-/tslib-1.14.1.tgz",
          "integrity": "sha512-Xni35NKzjgMrwevysHTCArtLDpPvye8zV/0E4EyYn43P7/7qvQwPh9BGkHewbMulVntbigmcT7rdX3BNo9wRJg==",
          "dev": true
        }
      }
    },
    "@stencil/core": {
      "version": "2.13.0",
      "resolved": "https://registry.npmjs.org/@stencil/core/-/core-2.13.0.tgz",
      "integrity": "sha512-EEKHOHgYpg3/iFUKMXTZJjUayRul7sXDwNw0OGgkEOe4t7JWiibDkzUHuruvpbqEydX+z1+ez5K2bMMY76c2wA==",
      "dev": true
    },
    "idea-toolbox": {
      "version": "6.5.13",
      "resolved": "https://registry.npmjs.org/idea-toolbox/-/idea-toolbox-6.5.13.tgz",
      "integrity": "sha512-4x8HQnAZZN7r3YtsGm3K93r8bnU4psfvrjyl4eR8BJfQC4Q6qAiw+uSjKmuZxc5FWF/g9OdVQlIlhNUZhtKLWA==",
      "dev": true,
      "requires": {
        "marked": "^4.0.10",
        "validator": "^13.7.0"
      }
    },
    "immediate": {
      "version": "3.0.6",
      "resolved": "https://registry.npmjs.org/immediate/-/immediate-3.0.6.tgz",
      "integrity": "sha1-nbHb0Pr43m++D13V5Wu2BigN5ps=",
      "dev": true
    },
    "ionicons": {
      "version": "6.0.1",
      "resolved": "https://registry.npmjs.org/ionicons/-/ionicons-6.0.1.tgz",
      "integrity": "sha512-xQekOJsxH82O7oB+3F60zeRggCdND9pJ/k0E6IJDVUGGlCj5mlyFqNgxUimytKgstPGv3S+3EmCxjefvtGgWUg==",
      "dev": true,
      "requires": {
        "@stencil/core": "~2.12.0"
      },
      "dependencies": {
        "@stencil/core": {
          "version": "2.12.1",
          "resolved": "https://registry.npmjs.org/@stencil/core/-/core-2.12.1.tgz",
          "integrity": "sha512-u24TZ+FEvjnZt5ZgIkLjLpUNsO6Ml3mUZqwmqk81w6RWWz75hgB5p4RFI5rvuErFeh2xvMIGo+pNdG24XUBz1A==",
          "dev": true
        }
      }
    },
    "jsonc-parser": {
      "version": "3.0.0",
      "resolved": "https://registry.npmjs.org/jsonc-parser/-/jsonc-parser-3.0.0.tgz",
      "integrity": "sha512-fQzRfAbIBnR0IQvftw9FJveWiHp72Fg20giDrHz6TdfB12UH/uue0D3hm57UB5KgAVuniLMCaS8P1IMj9NR7cA==",
      "dev": true
    },
    "lie": {
      "version": "3.1.1",
      "resolved": "https://registry.npmjs.org/lie/-/lie-3.1.1.tgz",
      "integrity": "sha1-mkNrLMd0bKWd56QfpGmz77dr2H4=",
      "dev": true,
      "requires": {
        "immediate": "~3.0.5"
      }
    },
    "localforage": {
      "version": "1.10.0",
      "resolved": "https://registry.npmjs.org/localforage/-/localforage-1.10.0.tgz",
      "integrity": "sha512-14/H1aX7hzBBmmh7sGPd+AOMkkIrHM3Z1PAyGgZigA1H1p5O5ANnMyWzvpAETtG68/dC4pC0ncy3+PPGzXZHPg==",
      "dev": true,
      "requires": {
        "lie": "3.1.1"
      }
    },
    "marked": {
      "version": "4.0.12",
      "resolved": "https://registry.npmjs.org/marked/-/marked-4.0.12.tgz",
      "integrity": "sha512-hgibXWrEDNBWgGiK18j/4lkS6ihTe9sxtV4Q1OQppb/0zzyPSzoFANBa5MfsG/zgsWklmNnhm0XACZOH/0HBiQ==",
      "dev": true
    },
    "rxjs": {
      "version": "7.5.4",
      "resolved": "https://registry.npmjs.org/rxjs/-/rxjs-7.5.4.tgz",
      "integrity": "sha512-h5M3Hk78r6wAheJF0a5YahB1yRQKCsZ4MsGdZ5O9ETbVtjPcScGfrMmoOq7EBsCRzd4BDkvDJ7ogP8Sz5tTFiQ==",
      "dev": true,
      "requires": {
        "tslib": "^2.1.0"
      }
    },
    "signature_pad": {
      "version": "4.0.2",
      "resolved": "https://registry.npmjs.org/signature_pad/-/signature_pad-4.0.2.tgz",
      "integrity": "sha512-4jHtgCVvihLLPr0H4F0hB4eE9YOMcr/V9rFWwhPqzJ5qsBYhj7sg/B0yvcyM4HB+eWTKVoIep8Xh7gM/gKq+sA=="
    },
    "tslib": {
      "version": "2.3.1",
      "resolved": "https://registry.npmjs.org/tslib/-/tslib-2.3.1.tgz",
      "integrity": "sha512-77EbyPPpMz+FRFRuAFlWMtmgUWGe9UOG2Z25NqCwiIjRhOf5iKGuzSe5P2w1laq+FkRy4p+PCuVkJSGkzTEKVw=="
    },
    "validator": {
      "version": "13.7.0",
      "resolved": "https://registry.npmjs.org/validator/-/validator-13.7.0.tgz",
      "integrity": "sha512-nYXQLCBkpJ8X6ltALua9dRrZDHVYxjJ1wgskNt1lH9fzGjs3tgojGSCBjmEPwkWS1y29+DrizMTW19Pr9uB2nw==",
      "dev": true
    },
    "zone.js": {
      "version": "0.11.4",
      "resolved": "https://registry.npmjs.org/zone.js/-/zone.js-0.11.4.tgz",
      "integrity": "sha512-DDh2Ab+A/B+9mJyajPjHFPWfYU1H+pdun4wnnk0OcQTNjem1XQSZ2CDW+rfZEUDjv5M19SBqAkjZi0x5wuB5Qw==",
      "dev": true,
      "requires": {
        "tslib": "^2.0.0"
      }
    }
  }
}
