{
  "name": "@idea-ionic/common",
  "version": "8.1.0",
  "lockfileVersion": 3,
  "requires": true,
  "packages": {
    "": {
      "name": "@idea-ionic/common",
      "version": "8.1.0",
      "license": "MPL-2.0",
      "dependencies": {
        "signature_pad": "^4.1.7",
        "tslib": "^2.3.0"
      },
      "peerDependencies": {
        "@angular/animations": "^18.1.0",
        "@angular/common": "^18.1.0",
        "@angular/core": "^18.1.0",
        "@angular/forms": "^18.1.0",
        "@angular/platform-browser": "^18.1.0",
        "@angular/platform-browser-dynamic": "^18.1.0",
        "@angular/router": "^18.1.0",
        "@capacitor/browser": "^6.0.1",
        "@capacitor/core": "6.1.1",
        "@capacitor/network": "^6.0.1",
        "@capacitor/push-notifications": "^6.0.1",
        "@ionic/angular": "^8.0.0",
        "@ionic/storage-angular": "^4.0.0",
        "idea-toolbox": "^7.x.x",
        "rxjs": "~7.8.0",
        "zone.js": "~0.14.3"
      }
    },
    "node_modules/@angular/animations": {
      "version": "18.1.2",
      "resolved": "https://registry.npmjs.org/@angular/animations/-/animations-18.1.2.tgz",
      "integrity": "sha512-Gbqp3TSrkDOQgxCMK7qm+IBFxw8+IgyA//S5ZgXt2qrrhQWVDF4uQJbzusqDSUcHpdtOD05X81NFgUc8f13UFA==",
      "peer": true,
      "dependencies": {
        "tslib": "^2.3.0"
      },
      "engines": {
        "node": "^18.19.1 || ^20.11.1 || >=22.0.0"
      },
      "peerDependencies": {
        "@angular/core": "18.1.2"
      }
    },
    "node_modules/@angular/common": {
      "version": "18.1.2",
      "resolved": "https://registry.npmjs.org/@angular/common/-/common-18.1.2.tgz",
      "integrity": "sha512-PXzRH5fCSmjGwNvopPfwAxcMqQPFLamyIjVJa5mwTyk5FLhKNrNecSo7m6ZpsfLPsW5Ipk/ups9RJD0Mep82Hw==",
      "peer": true,
      "dependencies": {
        "tslib": "^2.3.0"
      },
      "engines": {
        "node": "^18.19.1 || ^20.11.1 || >=22.0.0"
      },
      "peerDependencies": {
        "@angular/core": "18.1.2",
        "rxjs": "^6.5.3 || ^7.4.0"
      }
    },
    "node_modules/@angular/compiler": {
      "version": "18.1.2",
      "resolved": "https://registry.npmjs.org/@angular/compiler/-/compiler-18.1.2.tgz",
      "integrity": "sha512-ePoSW4S899bN+QKYFCDUHX8tSvycPxncduqsG403IHzawelG8cRMjtxNAN01tJvN1KcKwR6YUYdWt8PYgipBhw==",
      "peer": true,
      "dependencies": {
        "tslib": "^2.3.0"
      },
      "engines": {
        "node": "^18.19.1 || ^20.11.1 || >=22.0.0"
      },
      "peerDependencies": {
        "@angular/core": "18.1.2"
      },
      "peerDependenciesMeta": {
        "@angular/core": {
          "optional": true
        }
      }
    },
    "node_modules/@angular/core": {
      "version": "18.1.2",
      "resolved": "https://registry.npmjs.org/@angular/core/-/core-18.1.2.tgz",
      "integrity": "sha512-/wiewpA8KpEkXf3E/Q0+0H3Dgg5zCG/+vzAUVIOGP+0tYk8no0NUecHyXLjz0hRQOJ6a3zMKVtZO3wYl8WNGEg==",
      "peer": true,
      "dependencies": {
        "tslib": "^2.3.0"
      },
      "engines": {
        "node": "^18.19.1 || ^20.11.1 || >=22.0.0"
      },
      "peerDependencies": {
        "rxjs": "^6.5.3 || ^7.4.0",
        "zone.js": "~0.14.0"
      }
    },
    "node_modules/@angular/forms": {
      "version": "18.1.2",
      "resolved": "https://registry.npmjs.org/@angular/forms/-/forms-18.1.2.tgz",
      "integrity": "sha512-R0drnkmiU74XHMKUnrgxJNW3WHtKKsVMualyUANR26+SH07ZZFvuvXTx7u0pbh0d1JFK3hlWvZO7X52x1bH37w==",
      "peer": true,
      "dependencies": {
        "tslib": "^2.3.0"
      },
      "engines": {
        "node": "^18.19.1 || ^20.11.1 || >=22.0.0"
      },
      "peerDependencies": {
        "@angular/common": "18.1.2",
        "@angular/core": "18.1.2",
        "@angular/platform-browser": "18.1.2",
        "rxjs": "^6.5.3 || ^7.4.0"
      }
    },
    "node_modules/@angular/platform-browser": {
      "version": "18.1.2",
      "resolved": "https://registry.npmjs.org/@angular/platform-browser/-/platform-browser-18.1.2.tgz",
      "integrity": "sha512-G/9dU6J+RyJ4qfWcxgVdUsVEF/2lQKCpC24spongOwn7yCTrORkopFEmuuwftZXaFoduxE2Q1i4GCiQkqcHRwQ==",
      "peer": true,
      "dependencies": {
        "tslib": "^2.3.0"
      },
      "engines": {
        "node": "^18.19.1 || ^20.11.1 || >=22.0.0"
      },
      "peerDependencies": {
        "@angular/animations": "18.1.2",
        "@angular/common": "18.1.2",
        "@angular/core": "18.1.2"
      },
      "peerDependenciesMeta": {
        "@angular/animations": {
          "optional": true
        }
      }
    },
    "node_modules/@angular/platform-browser-dynamic": {
      "version": "18.1.2",
      "resolved": "https://registry.npmjs.org/@angular/platform-browser-dynamic/-/platform-browser-dynamic-18.1.2.tgz",
      "integrity": "sha512-97sQTZbkOOQONSgJ/WsEfkH7FEaLShqJUaHiWaT00W95h+qmOhM2M00JtxZoREUK2HmH+Hoq/Triu1DC4RrtnQ==",
      "peer": true,
      "dependencies": {
        "tslib": "^2.3.0"
      },
      "engines": {
        "node": "^18.19.1 || ^20.11.1 || >=22.0.0"
      },
      "peerDependencies": {
        "@angular/common": "18.1.2",
        "@angular/compiler": "18.1.2",
        "@angular/core": "18.1.2",
        "@angular/platform-browser": "18.1.2"
      }
    },
    "node_modules/@angular/router": {
      "version": "18.1.2",
      "resolved": "https://registry.npmjs.org/@angular/router/-/router-18.1.2.tgz",
      "integrity": "sha512-2+3IbCsnD+PukwrdD2oW7H69hPNs4raMzmiufD0HyTz8C75G1mYvRCzaf8qN41e9r/AsIGzwrczw30AgnCEmzw==",
      "peer": true,
      "dependencies": {
        "tslib": "^2.3.0"
      },
      "engines": {
        "node": "^18.19.1 || ^20.11.1 || >=22.0.0"
      },
      "peerDependencies": {
        "@angular/common": "18.1.2",
        "@angular/core": "18.1.2",
        "@angular/platform-browser": "18.1.2",
        "rxjs": "^6.5.3 || ^7.4.0"
      }
    },
    "node_modules/@capacitor/browser": {
      "version": "6.0.1",
      "resolved": "https://registry.npmjs.org/@capacitor/browser/-/browser-6.0.1.tgz",
      "integrity": "sha512-KBK0PKfmUj0if+gYWEh0+LG70l1gcLGbDCWJt2Ig3naXHGlrLoWBqVArCgbwBzwJZL+VlwW7iEhAzGOWpg2jhw==",
      "peer": true,
      "peerDependencies": {
        "@capacitor/core": "^6.0.0"
      }
    },
    "node_modules/@capacitor/core": {
      "version": "6.1.1",
      "resolved": "https://registry.npmjs.org/@capacitor/core/-/core-6.1.1.tgz",
      "integrity": "sha512-b1s4WDMy3Y1/owTG2/XNGCI6G5SDpF2NT1JMAgcShue13fiAuHA+Ans7Wfei6McvR0KdopAE6tMHmDAfL5PM8Q==",
      "peer": true,
      "dependencies": {
        "tslib": "^2.1.0"
      }
    },
    "node_modules/@capacitor/network": {
      "version": "6.0.1",
      "resolved": "https://registry.npmjs.org/@capacitor/network/-/network-6.0.1.tgz",
      "integrity": "sha512-j+C1khUchNVol3HQGOhHKRAQ3Sc4DumzF8YVJqbkAkfOMHLWr/9g2H/P61yzqEr5kcidpOgWbBwQugHRv7o+7g==",
      "peer": true,
      "peerDependencies": {
        "@capacitor/core": "^6.0.0"
      }
    },
    "node_modules/@capacitor/push-notifications": {
      "version": "6.0.1",
      "resolved": "https://registry.npmjs.org/@capacitor/push-notifications/-/push-notifications-6.0.1.tgz",
      "integrity": "sha512-NFVAnmBsyuTFScTMUrgOr3EKnCl9etGeXignC2Y5QsOoqjT+fhVhIUco9BR7Bi48JGdvK/evqzwt36LMF82bBw==",
      "peer": true,
      "peerDependencies": {
        "@capacitor/core": "^6.0.0"
      }
    },
    "node_modules/@ionic/angular": {
      "version": "8.2.6",
      "resolved": "https://registry.npmjs.org/@ionic/angular/-/angular-8.2.6.tgz",
      "integrity": "sha512-0P6QPn4slKIsAgNrnrQXdZXRyxRgc8+pGMFFGhd2zXh3K8pJpuKvK/FkrOSlNdJxiG/MNVfqrDS73ZjFe+M20w==",
      "peer": true,
      "dependencies": {
        "@ionic/core": "8.2.6",
        "ionicons": "^7.0.0",
        "jsonc-parser": "^3.0.0",
        "tslib": "^2.3.0"
      },
      "peerDependencies": {
        "@angular/core": ">=16.0.0",
        "@angular/forms": ">=16.0.0",
        "@angular/router": ">=16.0.0",
        "rxjs": ">=7.5.0",
        "zone.js": ">=0.13.0"
      }
    },
    "node_modules/@ionic/core": {
      "version": "8.2.6",
      "resolved": "https://registry.npmjs.org/@ionic/core/-/core-8.2.6.tgz",
      "integrity": "sha512-9vLxIR+QFzeim/C6LV62vOm5e6EIoVZsLb5RjlnQICDbDf14iqcBjA+MZpW628HbADX7p9/ulaq8WFgx5085ZA==",
      "peer": true,
      "dependencies": {
        "@stencil/core": "^4.19.2",
        "ionicons": "^7.2.2",
        "tslib": "^2.1.0"
      }
    },
    "node_modules/@ionic/storage": {
      "version": "4.0.0",
      "resolved": "https://registry.npmjs.org/@ionic/storage/-/storage-4.0.0.tgz",
      "integrity": "sha512-3N21P19Xk6cICLnSXZ3ilRqbSXAGSFeIF3HNqz+1kARcm0UFT/vwmZreaXtFyq437vvEWOfJ2enlj3JHLKS0FA==",
      "peer": true,
      "dependencies": {
        "localforage": "^1.9.0"
      }
    },
    "node_modules/@ionic/storage-angular": {
      "version": "4.0.0",
      "resolved": "https://registry.npmjs.org/@ionic/storage-angular/-/storage-angular-4.0.0.tgz",
      "integrity": "sha512-FeSmCMCm1bMRfu5TFSqLtjdfEo/dLLUhLIrPmbhSYomVZdV/dNn4mBZv9SabyxSqn4bF31hw40y+4buhG+durQ==",
      "peer": true,
      "dependencies": {
        "@ionic/storage": "^4.0.0",
        "tslib": "^2.3.0"
      },
      "peerDependencies": {
        "@angular/core": "*",
        "rxjs": "*"
      }
    },
    "node_modules/@stencil/core": {
      "version": "4.19.2",
      "resolved": "https://registry.npmjs.org/@stencil/core/-/core-4.19.2.tgz",
      "integrity": "sha512-ZdnbHmHEl8E5vN0GWDtONe5w6j3CrSqqxZM4hNLBPkV/aouWKug7D5/Mi6RazfYO5U4fmHQYLwMz60rHcx0G4g==",
      "peer": true,
      "bin": {
        "stencil": "bin/stencil"
      },
      "engines": {
        "node": ">=16.0.0",
        "npm": ">=7.10.0"
      }
    },
    "node_modules/idea-toolbox": {
      "version": "7.0.8",
      "resolved": "https://registry.npmjs.org/idea-toolbox/-/idea-toolbox-7.0.8.tgz",
      "integrity": "sha512-SLsK3KVM+OZ5y5dtJ6yBTXAOscMfbWAKfMLA7X/vbrhag3gG0uwlcwadEtn5utCHU2ZRSq4XOQ/UXTJtrsv3Lw==",
      "peer": true,
      "dependencies": {
        "marked": "^13.0.2",
        "validator": "^13.12.0"
      }
    },
    "node_modules/immediate": {
      "version": "3.0.6",
      "resolved": "https://registry.npmjs.org/immediate/-/immediate-3.0.6.tgz",
      "integrity": "sha512-XXOFtyqDjNDAQxVfYxuF7g9Il/IbWmmlQg2MYKOH8ExIT1qg6xc4zyS3HaEEATgs1btfzxq15ciUiY7gjSXRGQ==",
      "peer": true
    },
    "node_modules/ionicons": {
      "version": "7.4.0",
      "resolved": "https://registry.npmjs.org/ionicons/-/ionicons-7.4.0.tgz",
      "integrity": "sha512-ZK94MMqgzMCPPMhmk8Ouu6goyVHFIlw/ACP6oe3FrikcI0N7CX0xcwVaEbUc0G/v3W0shI93vo+9ve/KpvcNhQ==",
      "peer": true,
      "dependencies": {
        "@stencil/core": "^4.0.3"
      }
    },
    "node_modules/jsonc-parser": {
      "version": "3.3.1",
      "resolved": "https://registry.npmjs.org/jsonc-parser/-/jsonc-parser-3.3.1.tgz",
      "integrity": "sha512-HUgH65KyejrUFPvHFPbqOY0rsFip3Bo5wb4ngvdi1EpCYWUQDC5V+Y7mZws+DLkr4M//zQJoanu1SP+87Dv1oQ==",
      "peer": true
    },
    "node_modules/lie": {
      "version": "3.1.1",
      "resolved": "https://registry.npmjs.org/lie/-/lie-3.1.1.tgz",
      "integrity": "sha512-RiNhHysUjhrDQntfYSfY4MU24coXXdEOgw9WGcKHNeEwffDYbF//u87M1EWaMGzuFoSbqW0C9C6lEEhDOAswfw==",
      "peer": true,
      "dependencies": {
        "immediate": "~3.0.5"
      }
    },
    "node_modules/localforage": {
      "version": "1.10.0",
      "resolved": "https://registry.npmjs.org/localforage/-/localforage-1.10.0.tgz",
      "integrity": "sha512-14/H1aX7hzBBmmh7sGPd+AOMkkIrHM3Z1PAyGgZigA1H1p5O5ANnMyWzvpAETtG68/dC4pC0ncy3+PPGzXZHPg==",
      "peer": true,
      "dependencies": {
        "lie": "3.1.1"
      }
    },
    "node_modules/marked": {
      "version": "13.0.2",
      "resolved": "https://registry.npmjs.org/marked/-/marked-13.0.2.tgz",
      "integrity": "sha512-J6CPjP8pS5sgrRqxVRvkCIkZ6MFdRIjDkwUwgJ9nL2fbmM6qGQeB2C16hi8Cc9BOzj6xXzy0jyi0iPIfnMHYzA==",
      "peer": true,
      "bin": {
        "marked": "bin/marked.js"
      },
      "engines": {
        "node": ">= 18"
      }
    },
    "node_modules/rxjs": {
      "version": "7.8.1",
      "resolved": "https://registry.npmjs.org/rxjs/-/rxjs-7.8.1.tgz",
      "integrity": "sha512-AA3TVj+0A2iuIoQkWEK/tqFjBq2j+6PO6Y0zJcvzLAFhEFIO3HL0vls9hWLncZbAAbK0mar7oZ4V079I/qPMxg==",
      "peer": true,
      "dependencies": {
        "tslib": "^2.1.0"
      }
    },
    "node_modules/signature_pad": {
      "version": "4.2.0",
      "resolved": "https://registry.npmjs.org/signature_pad/-/signature_pad-4.2.0.tgz",
      "integrity": "sha512-YLWysmaUBaC5wosAKkgbX7XI+LBv2w5L0QUcI6Jc4moHYzv9BUBJtAyNLpWzHjtjKTeWOH6bfP4a4pzf0UinfQ=="
    },
    "node_modules/tslib": {
      "version": "2.6.3",
      "resolved": "https://registry.npmjs.org/tslib/-/tslib-2.6.3.tgz",
      "integrity": "sha512-xNvxJEOUiWPGhUuUdQgAJPKOOJfGnIyKySOc09XkKsgdUV/3E2zvwZYdejjmRgPCgcym1juLH3226yA7sEFJKQ=="
    },
    "node_modules/validator": {
      "version": "13.12.0",
      "resolved": "https://registry.npmjs.org/validator/-/validator-13.12.0.tgz",
      "integrity": "sha512-c1Q0mCiPlgdTVVVIJIrBuxNicYE+t/7oKeI9MWLj3fh/uq2Pxh/3eeWbVZ4OcGW1TUf53At0njHw5SMdA3tmMg==",
      "peer": true,
      "engines": {
        "node": ">= 0.10"
      }
    },
    "node_modules/zone.js": {
      "version": "0.14.8",
      "resolved": "https://registry.npmjs.org/zone.js/-/zone.js-0.14.8.tgz",
      "integrity": "sha512-48uh7MnVp4/OQDuCHeFdXw5d8xwPqFTvlHgPJ1LBFb5GaustLSZV+YUH0to5ygNyGpqTsjpbpt141U/j3pCfqQ==",
      "peer": true
    }
  }
}
