{
  "name": "@idea-ionic/barcode",
  "version": "8.2.4",
  "lockfileVersion": 3,
  "requires": true,
  "packages": {
    "": {
      "name": "@idea-ionic/barcode",
      "version": "8.2.4",
      "license": "MPL-2.0",
      "dependencies": {
        "tslib": "^2.4.1"
      },
      "peerDependencies": {
        "@angular/common": "^18.1.0",
        "@angular/core": "^18.1.0",
        "@angular/forms": "^18.1.0",
        "@capacitor-mlkit/barcode-scanning": "^6.1.0",
        "@capacitor/core": "6.1.1",
        "@ionic/angular": "^8.0.0",
        "com-darryncampbell-cordova-plugin-intent": "^2.2.0",
        "rxjs": "~7.8.0",
        "zone.js": "~0.14.3"
      }
    },
    "node_modules/@angular/common": {
      "version": "18.2.8",
      "resolved": "https://registry.npmjs.org/@angular/common/-/common-18.2.8.tgz",
      "integrity": "sha512-TYsKtE5nVaIScWSLGSO34Skc+s3hB/BujSddnfQHoNFvPT/WR0dfmdlpVCTeLj+f50htFoMhW11tW99PbK+whQ==",
      "peer": true,
      "dependencies": {
        "tslib": "^2.3.0"
      },
      "engines": {
        "node": "^18.19.1 || ^20.11.1 || >=22.0.0"
      },
      "peerDependencies": {
        "@angular/core": "18.2.8",
        "rxjs": "^6.5.3 || ^7.4.0"
      }
    },
    "node_modules/@angular/core": {
      "version": "18.2.8",
      "resolved": "https://registry.npmjs.org/@angular/core/-/core-18.2.8.tgz",
      "integrity": "sha512-NwIuX/Iby1jT6Iv1/s6S3wOFf8xfuQR3MPGvKhGgNtjXLbHG+TXceK9+QPZC0s9/Z8JR/hz+li34B79GrIKgUg==",
      "peer": true,
      "dependencies": {
        "tslib": "^2.3.0"
      },
      "engines": {
        "node": "^18.19.1 || ^20.11.1 || >=22.0.0"
      },
      "peerDependencies": {
        "rxjs": "^6.5.3 || ^7.4.0",
        "zone.js": "~0.14.10"
      }
    },
    "node_modules/@angular/forms": {
      "version": "18.2.8",
      "resolved": "https://registry.npmjs.org/@angular/forms/-/forms-18.2.8.tgz",
      "integrity": "sha512-JCLki7KC6D5vF6dE6yGlBmW33khIgpHs8N9SzuiJtkQqNDTIQA8cPsGV6qpLpxflxASynQOX5lDkWYdQyfm77Q==",
      "peer": true,
      "dependencies": {
        "tslib": "^2.3.0"
      },
      "engines": {
        "node": "^18.19.1 || ^20.11.1 || >=22.0.0"
      },
      "peerDependencies": {
        "@angular/common": "18.2.8",
        "@angular/core": "18.2.8",
        "@angular/platform-browser": "18.2.8",
        "rxjs": "^6.5.3 || ^7.4.0"
      }
    },
    "node_modules/@angular/platform-browser": {
      "version": "18.2.8",
      "resolved": "https://registry.npmjs.org/@angular/platform-browser/-/platform-browser-18.2.8.tgz",
      "integrity": "sha512-EPai4ZPqSq3ilLJUC85kPi9wo5j5suQovwtgRyjM/75D9Qy4TV19g8hkVM5Co/zrltO8a2G6vDscCNI5BeGw2A==",
      "peer": true,
      "dependencies": {
        "tslib": "^2.3.0"
      },
      "engines": {
        "node": "^18.19.1 || ^20.11.1 || >=22.0.0"
      },
      "peerDependencies": {
        "@angular/animations": "18.2.8",
        "@angular/common": "18.2.8",
        "@angular/core": "18.2.8"
      },
      "peerDependenciesMeta": {
        "@angular/animations": {
          "optional": true
        }
      }
    },
    "node_modules/@angular/router": {
      "version": "18.2.8",
      "resolved": "https://registry.npmjs.org/@angular/router/-/router-18.2.8.tgz",
      "integrity": "sha512-L+olYgxIiBq+tbfayVI0cv1yOuymsw33msnGC2l/vpc9sSVfqGzESFnB4yMVU3vHtE9v6v2Y6O+iV44/b79W/g==",
      "peer": true,
      "dependencies": {
        "tslib": "^2.3.0"
      },
      "engines": {
        "node": "^18.19.1 || ^20.11.1 || >=22.0.0"
      },
      "peerDependencies": {
        "@angular/common": "18.2.8",
        "@angular/core": "18.2.8",
        "@angular/platform-browser": "18.2.8",
        "rxjs": "^6.5.3 || ^7.4.0"
      }
    },
    "node_modules/@capacitor-mlkit/barcode-scanning": {
      "version": "6.2.0",
      "resolved": "https://registry.npmjs.org/@capacitor-mlkit/barcode-scanning/-/barcode-scanning-6.2.0.tgz",
      "integrity": "sha512-XnnErDabpCUty9flugqB646ERejCxrtKcKOJrdoh9ZVLTQXUnyjxUDWOlqHVxrBHy+e86ZgpZX7D5zcaNvS0lQ==",
      "funding": [
        {
          "type": "github",
          "url": "https://github.com/sponsors/capawesome-team/"
        },
        {
          "type": "opencollective",
          "url": "https://opencollective.com/capawesome"
        }
      ],
      "peer": true,
      "peerDependencies": {
        "@capacitor/core": "^6.0.0"
      }
    },
    "node_modules/@capacitor/core": {
      "version": "6.1.1",
      "resolved": "https://registry.npmjs.org/@capacitor/core/-/core-6.1.1.tgz",
      "integrity": "sha512-b1s4WDMy3Y1/owTG2/XNGCI6G5SDpF2NT1JMAgcShue13fiAuHA+Ans7Wfei6McvR0KdopAE6tMHmDAfL5PM8Q==",
      "peer": true,
      "dependencies": {
        "tslib": "^2.1.0"
      }
    },
    "node_modules/@ionic/angular": {
      "version": "8.3.3",
      "resolved": "https://registry.npmjs.org/@ionic/angular/-/angular-8.3.3.tgz",
      "integrity": "sha512-m1RLa7WjFFVpIjUKIFi6BRkl0ZCOmz59aJdxtGDPgDj6ISc59vH5uBVA3yRlt8v7XI3EL8ewDC052IYmZKKr2A==",
      "peer": true,
      "dependencies": {
        "@ionic/core": "8.3.3",
        "ionicons": "^7.0.0",
        "jsonc-parser": "^3.0.0",
        "tslib": "^2.3.0"
      },
      "peerDependencies": {
        "@angular/core": ">=16.0.0",
        "@angular/forms": ">=16.0.0",
        "@angular/router": ">=16.0.0",
        "rxjs": ">=7.5.0",
        "zone.js": ">=0.13.0"
      }
    },
    "node_modules/@ionic/core": {
      "version": "8.3.3",
      "resolved": "https://registry.npmjs.org/@ionic/core/-/core-8.3.3.tgz",
      "integrity": "sha512-f2PXV0jFIFPdjP+NbmQ1mXqRQ4KWi0U0jdQd3wDYsJFWQLmWXhW7Yp/4lCDdl0ouMeZRB2phddqFct1c7H6PyA==",
      "peer": true,
      "dependencies": {
        "@stencil/core": "4.20.0",
        "ionicons": "^7.2.2",
        "tslib": "^2.1.0"
      }
    },
    "node_modules/@stencil/core": {
      "version": "4.20.0",
      "resolved": "https://registry.npmjs.org/@stencil/core/-/core-4.20.0.tgz",
      "integrity": "sha512-WPrTHFngvN081RY+dJPneKQLwnOFD60OMCOQGmmSHfCW0f4ujPMzzhwWU1gcSwXPWXz5O+8cBiiCaxAbJU7kAg==",
      "peer": true,
      "bin": {
        "stencil": "bin/stencil"
      },
      "engines": {
        "node": ">=16.0.0",
        "npm": ">=7.10.0"
      }
    },
    "node_modules/com-darryncampbell-cordova-plugin-intent": {
      "version": "2.2.0",
      "resolved": "https://registry.npmjs.org/com-darryncampbell-cordova-plugin-intent/-/com-darryncampbell-cordova-plugin-intent-2.2.0.tgz",
      "integrity": "sha512-4ESoeYghE9GGuxKi4pnG+6CUJyYjS2j1tOmvlXXEM/9d5aBU47EpWbKKU1gjcfZFM4KCUbyba1NX6xNcH/L/wA==",
      "peer": true
    },
    "node_modules/ionicons": {
      "version": "7.4.0",
      "resolved": "https://registry.npmjs.org/ionicons/-/ionicons-7.4.0.tgz",
      "integrity": "sha512-ZK94MMqgzMCPPMhmk8Ouu6goyVHFIlw/ACP6oe3FrikcI0N7CX0xcwVaEbUc0G/v3W0shI93vo+9ve/KpvcNhQ==",
      "peer": true,
      "dependencies": {
        "@stencil/core": "^4.0.3"
      }
    },
    "node_modules/jsonc-parser": {
      "version": "3.3.1",
      "resolved": "https://registry.npmjs.org/jsonc-parser/-/jsonc-parser-3.3.1.tgz",
      "integrity": "sha512-HUgH65KyejrUFPvHFPbqOY0rsFip3Bo5wb4ngvdi1EpCYWUQDC5V+Y7mZws+DLkr4M//zQJoanu1SP+87Dv1oQ==",
      "peer": true
    },
    "node_modules/rxjs": {
      "version": "7.8.1",
      "resolved": "https://registry.npmjs.org/rxjs/-/rxjs-7.8.1.tgz",
      "integrity": "sha512-AA3TVj+0A2iuIoQkWEK/tqFjBq2j+6PO6Y0zJcvzLAFhEFIO3HL0vls9hWLncZbAAbK0mar7oZ4V079I/qPMxg==",
      "peer": true,
      "dependencies": {
        "tslib": "^2.1.0"
      }
    },
    "node_modules/tslib": {
      "version": "2.8.0",
      "resolved": "https://registry.npmjs.org/tslib/-/tslib-2.8.0.tgz",
      "integrity": "sha512-jWVzBLplnCmoaTr13V9dYbiQ99wvZRd0vNWaDRg+aVYRcjDF3nDksxFDE/+fkXnKhpnUUkmx5pK/v8mCtLVqZA=="
    },
    "node_modules/zone.js": {
      "version": "0.14.10",
      "resolved": "https://registry.npmjs.org/zone.js/-/zone.js-0.14.10.tgz",
      "integrity": "sha512-YGAhaO7J5ywOXW6InXNlLmfU194F8lVgu7bRntUF3TiG8Y3nBK0x1UJJuHUP/e8IyihkjCYqhCScpSwnlaSRkQ==",
      "peer": true
    }
  }
}
