{
  "name": "@idea-ionic/barcode",
  "version": "7.0.8",
  "lockfileVersion": 3,
  "requires": true,
  "packages": {
    "": {
      "name": "@idea-ionic/barcode",
      "version": "7.0.8",
      "license": "ISC",
      "dependencies": {
        "tslib": "^2.4.1"
      },
      "devDependencies": {
        "@angular/common": "^16.1.8",
        "@angular/core": "^16.1.8",
        "@angular/forms": "^16.1.8",
        "@capacitor-community/barcode-scanner": "^4.0.1",
        "@ionic/angular": "^7.0.0",
        "com-darryncampbell-cordova-plugin-intent": "~2.2.0",
        "rxjs": "^7.8.0",
        "zone.js": "^0.13.0"
      },
      "peerDependencies": {
        "@angular/common": "^16.1.8",
        "@angular/core": "^16.1.8",
        "@angular/forms": "^16.1.8",
        "@capacitor-community/barcode-scanner": "^4.0.1",
        "@ionic/angular": "^7.0.0",
        "com-darryncampbell-cordova-plugin-intent": "~2.2.0",
        "rxjs": "^7.8.0",
        "zone.js": "^0.13.0"
      }
    },
    "node_modules/@angular/common": {
      "version": "16.2.0",
      "resolved": "https://registry.npmjs.org/@angular/common/-/common-16.2.0.tgz",
      "integrity": "sha512-ByrDLsTBarzqRmq4GS841Ku0lvB4L2wfOCfGEIw2ZuiNbZlDA5O/qohQgJnHR5d9meVJnu9NgdbeyMzk90xZNg==",
      "dev": true,
      "dependencies": {
        "tslib": "^2.3.0"
      },
      "engines": {
        "node": "^16.14.0 || >=18.10.0"
      },
      "peerDependencies": {
        "@angular/core": "16.2.0",
        "rxjs": "^6.5.3 || ^7.4.0"
      }
    },
    "node_modules/@angular/core": {
      "version": "16.2.0",
      "resolved": "https://registry.npmjs.org/@angular/core/-/core-16.2.0.tgz",
      "integrity": "sha512-iwUWFw+JmRxw0chcNoqhXVR8XUTE+Rszhy22iSCkK0Jo8IJqEad1d2dQoFu1QfqOVdPMZtpJDmC/ppQ/f5c5aA==",
      "dev": true,
      "dependencies": {
        "tslib": "^2.3.0"
      },
      "engines": {
        "node": "^16.14.0 || >=18.10.0"
      },
      "peerDependencies": {
        "rxjs": "^6.5.3 || ^7.4.0",
        "zone.js": "~0.13.0"
      }
    },
    "node_modules/@angular/forms": {
      "version": "16.2.0",
      "resolved": "https://registry.npmjs.org/@angular/forms/-/forms-16.2.0.tgz",
      "integrity": "sha512-Z/IFw319ZSgGbJFkR5Ba0sRIIqDxQDVH4I+vnVoOYqq2NxuHYfLJDHAB9uHln9GWj86b1SrJBZe8qiS7Sxb7yQ==",
      "dev": true,
      "dependencies": {
        "tslib": "^2.3.0"
      },
      "engines": {
        "node": "^16.14.0 || >=18.10.0"
      },
      "peerDependencies": {
        "@angular/common": "16.2.0",
        "@angular/core": "16.2.0",
        "@angular/platform-browser": "16.2.0",
        "rxjs": "^6.5.3 || ^7.4.0"
      }
    },
    "node_modules/@angular/platform-browser": {
      "version": "16.2.0",
      "resolved": "https://registry.npmjs.org/@angular/platform-browser/-/platform-browser-16.2.0.tgz",
      "integrity": "sha512-6xjZFnSD0C8ylDbzKpsxCJ4pLJDRvippr9Wj9RCeDQvAzMibsqIjpbesyOccw3hO+jheJQRhM/rZeO1ubZU94w==",
      "dev": true,
      "peer": true,
      "dependencies": {
        "tslib": "^2.3.0"
      },
      "engines": {
        "node": "^16.14.0 || >=18.10.0"
      },
      "peerDependencies": {
        "@angular/animations": "16.2.0",
        "@angular/common": "16.2.0",
        "@angular/core": "16.2.0"
      },
      "peerDependenciesMeta": {
        "@angular/animations": {
          "optional": true
        }
      }
    },
    "node_modules/@angular/router": {
      "version": "16.2.0",
      "resolved": "https://registry.npmjs.org/@angular/router/-/router-16.2.0.tgz",
      "integrity": "sha512-bFOaE7PNF0UHgVhl8BvyHiZHizTRZO7w3V29VqsdXUMMugBR4kr1/FXGzXTaz+9/eK7LokUwN9pjKKENNmhdyg==",
      "dev": true,
      "peer": true,
      "dependencies": {
        "tslib": "^2.3.0"
      },
      "engines": {
        "node": "^16.14.0 || >=18.10.0"
      },
      "peerDependencies": {
        "@angular/common": "16.2.0",
        "@angular/core": "16.2.0",
        "@angular/platform-browser": "16.2.0",
        "rxjs": "^6.5.3 || ^7.4.0"
      }
    },
    "node_modules/@capacitor-community/barcode-scanner": {
      "version": "4.0.1",
      "resolved": "https://registry.npmjs.org/@capacitor-community/barcode-scanner/-/barcode-scanner-4.0.1.tgz",
      "integrity": "sha512-acuhDU2mqskSeCIQMc5TGNnDszXXs4IqEES+3C2JDiq+MkJMTr+B2Dhq4k55hlkRFMOumMhlnbr2R9G6qyFPhw==",
      "dev": true,
      "dependencies": {
        "@zxing/browser": "^0.1.3",
        "@zxing/library": "^0.20.0"
      },
      "peerDependencies": {
        "@capacitor/core": "^5.0.0"
      }
    },
    "node_modules/@capacitor/core": {
      "version": "5.2.3",
      "resolved": "https://registry.npmjs.org/@capacitor/core/-/core-5.2.3.tgz",
      "integrity": "sha512-Q1zbgt3Mvldy7six2/GX54kTL0ozgnR37jeDUAXL/fOJBF4Iorr/8A0OjGEAnwEjpR1la7uFZUunESMFyMLhEQ==",
      "dev": true,
      "peer": true,
      "dependencies": {
        "tslib": "^2.1.0"
      }
    },
    "node_modules/@ionic/angular": {
      "version": "7.2.3",
      "resolved": "https://registry.npmjs.org/@ionic/angular/-/angular-7.2.3.tgz",
      "integrity": "sha512-e3gcZbwX5Hp2heSH0n807yRT3txeWcKZtcSKy9q/JV35mXaaBcHF3RrT5wNwQaEPe4ScPYVgPi1/PtkP9HJN6w==",
      "dev": true,
      "dependencies": {
        "@ionic/core": "7.2.3",
        "ionicons": "^7.0.0",
        "jsonc-parser": "^3.0.0",
        "tslib": "^2.3.0"
      },
      "peerDependencies": {
        "@angular/core": ">=14.0.0",
        "@angular/forms": ">=14.0.0",
        "@angular/router": ">=14.0.0",
        "rxjs": ">=7.5.0",
        "zone.js": ">=0.11.0"
      }
    },
    "node_modules/@ionic/core": {
      "version": "7.2.3",
      "resolved": "https://registry.npmjs.org/@ionic/core/-/core-7.2.3.tgz",
      "integrity": "sha512-9ms4JTozhoFzOlgVRozuRcXiyW5YDNlPqJYZx6xVPYPfcRUTIANQ9PZbU/Xqb9RA1xucTSgbKy91nt/hzJIalg==",
      "dev": true,
      "dependencies": {
        "@stencil/core": "^3.4.0",
        "ionicons": "7.1.0",
        "tslib": "^2.1.0"
      }
    },
    "node_modules/@ionic/core/node_modules/ionicons": {
      "version": "7.1.0",
      "resolved": "https://registry.npmjs.org/ionicons/-/ionicons-7.1.0.tgz",
      "integrity": "sha512-iE4GuEdEHARJpp0sWL7WJZCzNCf5VxpNRhAjW0fLnZPnNL5qZOJUcfup2Z2Ty7Jk8Q5hacrHfGEB1lCwOdXqGg==",
      "dev": true,
      "dependencies": {
        "@stencil/core": "^2.18.0"
      }
    },
    "node_modules/@ionic/core/node_modules/ionicons/node_modules/@stencil/core": {
      "version": "2.22.3",
      "resolved": "https://registry.npmjs.org/@stencil/core/-/core-2.22.3.tgz",
      "integrity": "sha512-kmVA0M/HojwsfkeHsifvHVIYe4l5tin7J5+DLgtl8h6WWfiMClND5K3ifCXXI2ETDNKiEk21p6jql3Fx9o2rng==",
      "dev": true,
      "bin": {
        "stencil": "bin/stencil"
      },
      "engines": {
        "node": ">=12.10.0",
        "npm": ">=6.0.0"
      }
    },
    "node_modules/@stencil/core": {
      "version": "3.4.2",
      "resolved": "https://registry.npmjs.org/@stencil/core/-/core-3.4.2.tgz",
      "integrity": "sha512-FAUhUVaakCy29nU2GwO/HQBRV1ihPRvncz3PUc8oR+UJLAxGabTmP8PLY7wvHfbw+Cvi4VXfJFTBvdfDu6iKPQ==",
      "dev": true,
      "bin": {
        "stencil": "bin/stencil"
      },
      "engines": {
        "node": ">=14.10.0",
        "npm": ">=6.0.0"
      }
    },
    "node_modules/@zxing/browser": {
      "version": "0.1.4",
      "resolved": "https://registry.npmjs.org/@zxing/browser/-/browser-0.1.4.tgz",
      "integrity": "sha512-WYjaav7St4sj/u/Km2llE4NU2Pq3JFIWnczr0tmyCC1KUlp08rV3qpu7iiEB4kOx/CgcCzrSebNnSmFt5B3IFg==",
      "dev": true,
      "optionalDependencies": {
        "@zxing/text-encoding": "^0.9.0"
      },
      "peerDependencies": {
        "@zxing/library": "^0.20.0"
      }
    },
    "node_modules/@zxing/library": {
      "version": "0.20.0",
      "resolved": "https://registry.npmjs.org/@zxing/library/-/library-0.20.0.tgz",
      "integrity": "sha512-6Ev6rcqVjMakZFIDvbUf0dtpPGeZMTfyxYg4HkVWioWeN7cRcnUWT3bU6sdohc82O1nPXcjq6WiGfXX2Pnit6A==",
      "dev": true,
      "dependencies": {
        "ts-custom-error": "^3.2.1"
      },
      "engines": {
        "node": ">= 10.4.0"
      },
      "optionalDependencies": {
        "@zxing/text-encoding": "~0.9.0"
      }
    },
    "node_modules/@zxing/text-encoding": {
      "version": "0.9.0",
      "resolved": "https://registry.npmjs.org/@zxing/text-encoding/-/text-encoding-0.9.0.tgz",
      "integrity": "sha512-U/4aVJ2mxI0aDNI8Uq0wEhMgY+u4CNtEb0om3+y3+niDAsoTCOB33UF0sxpzqzdqXLqmvc+vZyAt4O8pPdfkwA==",
      "dev": true,
      "optional": true
    },
    "node_modules/com-darryncampbell-cordova-plugin-intent": {
      "version": "2.2.0",
      "resolved": "https://registry.npmjs.org/com-darryncampbell-cordova-plugin-intent/-/com-darryncampbell-cordova-plugin-intent-2.2.0.tgz",
      "integrity": "sha512-4ESoeYghE9GGuxKi4pnG+6CUJyYjS2j1tOmvlXXEM/9d5aBU47EpWbKKU1gjcfZFM4KCUbyba1NX6xNcH/L/wA==",
      "dev": true
    },
    "node_modules/ionicons": {
      "version": "7.1.2",
      "resolved": "https://registry.npmjs.org/ionicons/-/ionicons-7.1.2.tgz",
      "integrity": "sha512-zZ4njAqSP39H8RRvZhJvkHsv7cBjYE/VfInH218Osf2UVxJITSOutTTd25MW+tAXKN5fheYzclUXUsF55JHUDg==",
      "dev": true,
      "dependencies": {
        "@stencil/core": "^2.18.0"
      }
    },
    "node_modules/ionicons/node_modules/@stencil/core": {
      "version": "2.22.3",
      "resolved": "https://registry.npmjs.org/@stencil/core/-/core-2.22.3.tgz",
      "integrity": "sha512-kmVA0M/HojwsfkeHsifvHVIYe4l5tin7J5+DLgtl8h6WWfiMClND5K3ifCXXI2ETDNKiEk21p6jql3Fx9o2rng==",
      "dev": true,
      "bin": {
        "stencil": "bin/stencil"
      },
      "engines": {
        "node": ">=12.10.0",
        "npm": ">=6.0.0"
      }
    },
    "node_modules/jsonc-parser": {
      "version": "3.2.0",
      "resolved": "https://registry.npmjs.org/jsonc-parser/-/jsonc-parser-3.2.0.tgz",
      "integrity": "sha512-gfFQZrcTc8CnKXp6Y4/CBT3fTc0OVuDofpre4aEeEpSBPV5X5v4+Vmx+8snU7RLPrNHPKSgLxGo9YuQzz20o+w==",
      "dev": true
    },
    "node_modules/rxjs": {
      "version": "7.8.1",
      "resolved": "https://registry.npmjs.org/rxjs/-/rxjs-7.8.1.tgz",
      "integrity": "sha512-AA3TVj+0A2iuIoQkWEK/tqFjBq2j+6PO6Y0zJcvzLAFhEFIO3HL0vls9hWLncZbAAbK0mar7oZ4V079I/qPMxg==",
      "dev": true,
      "dependencies": {
        "tslib": "^2.1.0"
      }
    },
    "node_modules/ts-custom-error": {
      "version": "3.3.1",
      "resolved": "https://registry.npmjs.org/ts-custom-error/-/ts-custom-error-3.3.1.tgz",
      "integrity": "sha512-5OX1tzOjxWEgsr/YEUWSuPrQ00deKLh6D7OTWcvNHm12/7QPyRh8SYpyWvA4IZv8H/+GQWQEh/kwo95Q9OVW1A==",
      "dev": true,
      "engines": {
        "node": ">=14.0.0"
      }
    },
    "node_modules/tslib": {
      "version": "2.6.1",
      "resolved": "https://registry.npmjs.org/tslib/-/tslib-2.6.1.tgz",
      "integrity": "sha512-t0hLfiEKfMUoqhG+U1oid7Pva4bbDPHYfJNiB7BiIjRkj1pyC++4N3huJfqY6aRH6VTB0rvtzQwjM4K6qpfOig=="
    },
    "node_modules/zone.js": {
      "version": "0.13.1",
      "resolved": "https://registry.npmjs.org/zone.js/-/zone.js-0.13.1.tgz",
      "integrity": "sha512-+bIeDAFEBYuXRuU3qGQvzdPap+N1zjM4KkBAiiQuVVCrHrhjDuY6VkUhNa5+U27+9w0q3fbKiMCbpJ0XzMmSWA==",
      "dev": true,
      "dependencies": {
        "tslib": "^2.3.0"
      }
    }
  }
}
