{
  "name": "@idea-ionic/uncommon",
  "version": "8.6.3",
  "lockfileVersion": 3,
  "requires": true,
  "packages": {
    "": {
      "name": "@idea-ionic/uncommon",
      "version": "8.6.3",
      "license": "MPL-2.0",
      "dependencies": {
        "tslib": "^2.4.1"
      },
      "peerDependencies": {
        "@angular/common": "^20.1.3",
        "@angular/core": "^20.1.3",
        "@angular/forms": "^20.1.3",
        "@angular/router": "^20.1.3",
        "@capacitor/core": "^7.4.2",
        "@capacitor/network": "^7.0.1",
        "@capacitor/push-notifications": "^7.0.1",
        "@idea-ionic/common": "^8.x.x",
        "@ionic/angular": "^8.6.5",
        "@ionic/storage-angular": "^4.0.0",
        "idea-toolbox": "^7.x.x",
        "rxjs": "~7.8.0",
        "zone.js": "~0.15.1"
      }
    },
    "node_modules/@angular/common": {
      "version": "20.1.3",
      "resolved": "https://registry.npmjs.org/@angular/common/-/common-20.1.3.tgz",
      "integrity": "sha512-h2eQfbx6kYw69xpEHtwZ3XbtWinGa6f8sXj7k9di1/xVAxqtbf+9OcBhYYY++oR1QqDeRghNYNblNNt0H9zKzQ==",
      "license": "MIT",
      "peer": true,
      "dependencies": {
        "tslib": "^2.3.0"
      },
      "engines": {
        "node": "^20.19.0 || ^22.12.0 || >=24.0.0"
      },
      "peerDependencies": {
        "@angular/core": "20.1.3",
        "rxjs": "^6.5.3 || ^7.4.0"
      }
    },
    "node_modules/@angular/core": {
      "version": "20.1.3",
      "resolved": "https://registry.npmjs.org/@angular/core/-/core-20.1.3.tgz",
      "integrity": "sha512-haQypZGbKKsClDbR0I4eK+PmKGaZ8b/9QDwNYzInaEqHrTX/rkFXu0L0ejTTznElutQuMM6OPh6aVfnJ9nRr2g==",
      "license": "MIT",
      "peer": true,
      "dependencies": {
        "tslib": "^2.3.0"
      },
      "engines": {
        "node": "^20.19.0 || ^22.12.0 || >=24.0.0"
      },
      "peerDependencies": {
        "@angular/compiler": "20.1.3",
        "rxjs": "^6.5.3 || ^7.4.0",
        "zone.js": "~0.15.0"
      },
      "peerDependenciesMeta": {
        "@angular/compiler": {
          "optional": true
        },
        "zone.js": {
          "optional": true
        }
      }
    },
    "node_modules/@angular/forms": {
      "version": "20.1.3",
      "resolved": "https://registry.npmjs.org/@angular/forms/-/forms-20.1.3.tgz",
      "integrity": "sha512-q2Lbz65mqk/Xmp3qvFSZyUJRKeah3jtfSRxJlHC63utG5WdGl7gN7xRy2dydarRKToWyXqMsjoSlh1YIrUIAng==",
      "license": "MIT",
      "peer": true,
      "dependencies": {
        "tslib": "^2.3.0"
      },
      "engines": {
        "node": "^20.19.0 || ^22.12.0 || >=24.0.0"
      },
      "peerDependencies": {
        "@angular/common": "20.1.3",
        "@angular/core": "20.1.3",
        "@angular/platform-browser": "20.1.3",
        "rxjs": "^6.5.3 || ^7.4.0"
      }
    },
    "node_modules/@angular/platform-browser": {
      "version": "20.1.3",
      "resolved": "https://registry.npmjs.org/@angular/platform-browser/-/platform-browser-20.1.3.tgz",
      "integrity": "sha512-58iwj2LXdvwr4DG5tAiA2vj9bm/fhBWaR5JWvn3fJEAdW8fnT2gpjpfdBJTMcqg7Qfpx0ZhFsRxH2EUGEV6mvw==",
      "license": "MIT",
      "peer": true,
      "dependencies": {
        "tslib": "^2.3.0"
      },
      "engines": {
        "node": "^20.19.0 || ^22.12.0 || >=24.0.0"
      },
      "peerDependencies": {
        "@angular/animations": "20.1.3",
        "@angular/common": "20.1.3",
        "@angular/core": "20.1.3"
      },
      "peerDependenciesMeta": {
        "@angular/animations": {
          "optional": true
        }
      }
    },
    "node_modules/@angular/router": {
      "version": "20.1.3",
      "resolved": "https://registry.npmjs.org/@angular/router/-/router-20.1.3.tgz",
      "integrity": "sha512-ELJyzFJ2JeJkuVpv3kte4AwGBd/zuB5H/wv4+9gcmf6exxO5xH2/PbbLDGs+rWwHkCUcoRHFVyUPqk9yuRq/XA==",
      "license": "MIT",
      "peer": true,
      "dependencies": {
        "tslib": "^2.3.0"
      },
      "engines": {
        "node": "^20.19.0 || ^22.12.0 || >=24.0.0"
      },
      "peerDependencies": {
        "@angular/common": "20.1.3",
        "@angular/core": "20.1.3",
        "@angular/platform-browser": "20.1.3",
        "rxjs": "^6.5.3 || ^7.4.0"
      }
    },
    "node_modules/@capacitor/browser": {
      "version": "7.0.1",
      "resolved": "https://registry.npmjs.org/@capacitor/browser/-/browser-7.0.1.tgz",
      "integrity": "sha512-N6KEVLw2enTnourQzYJLvAkSds2Ed21zqsvHnSImrVDenzX8fUj032kMt4EdewmxfxiEwRa911BT1VOPBi0fEA==",
      "license": "MIT",
      "peer": true,
      "peerDependencies": {
        "@capacitor/core": ">=7.0.0"
      }
    },
    "node_modules/@capacitor/core": {
      "version": "7.4.2",
      "resolved": "https://registry.npmjs.org/@capacitor/core/-/core-7.4.2.tgz",
      "integrity": "sha512-akCf9A1FUR8AWTtmgGjHEq6LmGsjA2U7igaJ9PxiCBfyxKqlDbuGHrlNdpvHEjV5tUPH3KYtkze6gtFcNKPU9A==",
      "license": "MIT",
      "peer": true,
      "dependencies": {
        "tslib": "^2.1.0"
      }
    },
    "node_modules/@capacitor/network": {
      "version": "7.0.1",
      "resolved": "https://registry.npmjs.org/@capacitor/network/-/network-7.0.1.tgz",
      "integrity": "sha512-jKyhTUqegKHjHKkK8e3t0TgwAYpKb3ocYpZkJrB3uXL5figkG06UEhQE4Cp25Dfb4LIjDxTSDLLsDEteKarmyg==",
      "license": "MIT",
      "peer": true,
      "peerDependencies": {
        "@capacitor/core": ">=7.0.0"
      }
    },
    "node_modules/@capacitor/push-notifications": {
      "version": "7.0.1",
      "resolved": "https://registry.npmjs.org/@capacitor/push-notifications/-/push-notifications-7.0.1.tgz",
      "integrity": "sha512-nSHsMSrTHX5pOkX1Khse75/uvSx/JTcXG+9aT6a66CvzalH6MCs0ha8Jv+xu0k9xW8caO+qSUMjfj5Oy82Uxmw==",
      "license": "MIT",
      "peer": true,
      "peerDependencies": {
        "@capacitor/core": ">=7.0.0"
      }
    },
    "node_modules/@idea-ionic/common": {
      "version": "8.6.0",
      "resolved": "https://registry.npmjs.org/@idea-ionic/common/-/common-8.6.0.tgz",
      "integrity": "sha512-nE4OsBf37udDBWQKQHhkTnYWM7bCEAQvqqCbbnM/lVhFzuGmeCzsI+rAvNQmSoaNZV7dkGkDtGK3vOPsPZb5fQ==",
      "license": "MPL-2.0",
      "peer": true,
      "dependencies": {
        "signature_pad": "^5.0.10",
        "tslib": "^2.4.1"
      },
      "peerDependencies": {
        "@angular/common": "^20.1.3",
        "@angular/core": "^20.1.3",
        "@angular/forms": "^20.1.3",
        "@angular/router": "^20.1.3",
        "@capacitor/browser": "^7.0.1",
        "@capacitor/core": "^7.4.2",
        "@ionic/angular": "^8.6.5",
        "@ionic/storage-angular": "^4.0.0",
        "idea-toolbox": "^7.x.x",
        "rxjs": "~7.8.0",
        "zone.js": "~0.15.1"
      }
    },
    "node_modules/@ionic/angular": {
      "version": "8.6.5",
      "resolved": "https://registry.npmjs.org/@ionic/angular/-/angular-8.6.5.tgz",
      "integrity": "sha512-ETOcUpOyfIAmrEJxww7d+PRScBYRJGsbjjD3/OUCthjyKpt73U3ga0Fri/tGl5xfzfveVIBL0apfFr0R0I69mg==",
      "license": "MIT",
      "peer": true,
      "dependencies": {
        "@ionic/core": "8.6.5",
        "ionicons": "^7.0.0",
        "jsonc-parser": "^3.0.0",
        "tslib": "^2.3.0"
      },
      "peerDependencies": {
        "@angular/core": ">=16.0.0",
        "@angular/forms": ">=16.0.0",
        "@angular/router": ">=16.0.0",
        "rxjs": ">=7.5.0",
        "zone.js": ">=0.13.0"
      }
    },
    "node_modules/@ionic/core": {
      "version": "8.6.5",
      "resolved": "https://registry.npmjs.org/@ionic/core/-/core-8.6.5.tgz",
      "integrity": "sha512-HN+6/Q67fEEpRA86QzXSrCahuHwaTPBsa910RuvY0pIYuoY4rpzGPU9ZOQ5q2wBsrln921rroEPU1xdpPKIH8Q==",
      "license": "MIT",
      "peer": true,
      "dependencies": {
        "@stencil/core": "4.33.1",
        "ionicons": "^7.2.2",
        "tslib": "^2.1.0"
      }
    },
    "node_modules/@ionic/storage": {
      "version": "4.0.0",
      "resolved": "https://registry.npmjs.org/@ionic/storage/-/storage-4.0.0.tgz",
      "integrity": "sha512-3N21P19Xk6cICLnSXZ3ilRqbSXAGSFeIF3HNqz+1kARcm0UFT/vwmZreaXtFyq437vvEWOfJ2enlj3JHLKS0FA==",
      "license": "MIT",
      "peer": true,
      "dependencies": {
        "localforage": "^1.9.0"
      }
    },
    "node_modules/@ionic/storage-angular": {
      "version": "4.0.0",
      "resolved": "https://registry.npmjs.org/@ionic/storage-angular/-/storage-angular-4.0.0.tgz",
      "integrity": "sha512-FeSmCMCm1bMRfu5TFSqLtjdfEo/dLLUhLIrPmbhSYomVZdV/dNn4mBZv9SabyxSqn4bF31hw40y+4buhG+durQ==",
      "license": "MIT",
      "peer": true,
      "dependencies": {
        "@ionic/storage": "^4.0.0",
        "tslib": "^2.3.0"
      },
      "peerDependencies": {
        "@angular/core": "*",
        "rxjs": "*"
      }
    },
    "node_modules/@rollup/rollup-darwin-arm64": {
      "version": "4.34.9",
      "resolved": "https://registry.npmjs.org/@rollup/rollup-darwin-arm64/-/rollup-darwin-arm64-4.34.9.tgz",
      "integrity": "sha512-0CY3/K54slrzLDjOA7TOjN1NuLKERBgk9nY5V34mhmuu673YNb+7ghaDUs6N0ujXR7fz5XaS5Aa6d2TNxZd0OQ==",
      "cpu": [
        "arm64"
      ],
      "license": "MIT",
      "optional": true,
      "os": [
        "darwin"
      ],
      "peer": true
    },
    "node_modules/@rollup/rollup-darwin-x64": {
      "version": "4.34.9",
      "resolved": "https://registry.npmjs.org/@rollup/rollup-darwin-x64/-/rollup-darwin-x64-4.34.9.tgz",
      "integrity": "sha512-eOojSEAi/acnsJVYRxnMkPFqcxSMFfrw7r2iD9Q32SGkb/Q9FpUY1UlAu1DH9T7j++gZ0lHjnm4OyH2vCI7l7Q==",
      "cpu": [
        "x64"
      ],
      "license": "MIT",
      "optional": true,
      "os": [
        "darwin"
      ],
      "peer": true
    },
    "node_modules/@rollup/rollup-linux-arm64-gnu": {
      "version": "4.34.9",
      "resolved": "https://registry.npmjs.org/@rollup/rollup-linux-arm64-gnu/-/rollup-linux-arm64-gnu-4.34.9.tgz",
      "integrity": "sha512-6TZjPHjKZUQKmVKMUowF3ewHxctrRR09eYyvT5eFv8w/fXarEra83A2mHTVJLA5xU91aCNOUnM+DWFMSbQ0Nxw==",
      "cpu": [
        "arm64"
      ],
      "license": "MIT",
      "optional": true,
      "os": [
        "linux"
      ],
      "peer": true
    },
    "node_modules/@rollup/rollup-linux-arm64-musl": {
      "version": "4.34.9",
      "resolved": "https://registry.npmjs.org/@rollup/rollup-linux-arm64-musl/-/rollup-linux-arm64-musl-4.34.9.tgz",
      "integrity": "sha512-LD2fytxZJZ6xzOKnMbIpgzFOuIKlxVOpiMAXawsAZ2mHBPEYOnLRK5TTEsID6z4eM23DuO88X0Tq1mErHMVq0A==",
      "cpu": [
        "arm64"
      ],
      "license": "MIT",
      "optional": true,
      "os": [
        "linux"
      ],
      "peer": true
    },
    "node_modules/@rollup/rollup-linux-x64-gnu": {
      "version": "4.34.9",
      "resolved": "https://registry.npmjs.org/@rollup/rollup-linux-x64-gnu/-/rollup-linux-x64-gnu-4.34.9.tgz",
      "integrity": "sha512-FwBHNSOjUTQLP4MG7y6rR6qbGw4MFeQnIBrMe161QGaQoBQLqSUEKlHIiVgF3g/mb3lxlxzJOpIBhaP+C+KP2A==",
      "cpu": [
        "x64"
      ],
      "license": "MIT",
      "optional": true,
      "os": [
        "linux"
      ],
      "peer": true
    },
    "node_modules/@rollup/rollup-linux-x64-musl": {
      "version": "4.34.9",
      "resolved": "https://registry.npmjs.org/@rollup/rollup-linux-x64-musl/-/rollup-linux-x64-musl-4.34.9.tgz",
      "integrity": "sha512-cYRpV4650z2I3/s6+5/LONkjIz8MBeqrk+vPXV10ORBnshpn8S32bPqQ2Utv39jCiDcO2eJTuSlPXpnvmaIgRA==",
      "cpu": [
        "x64"
      ],
      "license": "MIT",
      "optional": true,
      "os": [
        "linux"
      ],
      "peer": true
    },
    "node_modules/@rollup/rollup-win32-arm64-msvc": {
      "version": "4.34.9",
      "resolved": "https://registry.npmjs.org/@rollup/rollup-win32-arm64-msvc/-/rollup-win32-arm64-msvc-4.34.9.tgz",
      "integrity": "sha512-z4mQK9dAN6byRA/vsSgQiPeuO63wdiDxZ9yg9iyX2QTzKuQM7T4xlBoeUP/J8uiFkqxkcWndWi+W7bXdPbt27Q==",
      "cpu": [
        "arm64"
      ],
      "license": "MIT",
      "optional": true,
      "os": [
        "win32"
      ],
      "peer": true
    },
    "node_modules/@rollup/rollup-win32-x64-msvc": {
      "version": "4.34.9",
      "resolved": "https://registry.npmjs.org/@rollup/rollup-win32-x64-msvc/-/rollup-win32-x64-msvc-4.34.9.tgz",
      "integrity": "sha512-AyleYRPU7+rgkMWbEh71fQlrzRfeP6SyMnRf9XX4fCdDPAJumdSBqYEcWPMzVQ4ScAl7E4oFfK0GUVn77xSwbw==",
      "cpu": [
        "x64"
      ],
      "license": "MIT",
      "optional": true,
      "os": [
        "win32"
      ],
      "peer": true
    },
    "node_modules/@stencil/core": {
      "version": "4.33.1",
      "resolved": "https://registry.npmjs.org/@stencil/core/-/core-4.33.1.tgz",
      "integrity": "sha512-12k9xhAJBkpg598it+NRmaYIdEe6TSnsL/v6/KRXDcUyTK11VYwZQej2eHnMWtqot+znJ+GNTqb5YbiXi+5Low==",
      "license": "MIT",
      "peer": true,
      "bin": {
        "stencil": "bin/stencil"
      },
      "engines": {
        "node": ">=16.0.0",
        "npm": ">=7.10.0"
      },
      "optionalDependencies": {
        "@rollup/rollup-darwin-arm64": "4.34.9",
        "@rollup/rollup-darwin-x64": "4.34.9",
        "@rollup/rollup-linux-arm64-gnu": "4.34.9",
        "@rollup/rollup-linux-arm64-musl": "4.34.9",
        "@rollup/rollup-linux-x64-gnu": "4.34.9",
        "@rollup/rollup-linux-x64-musl": "4.34.9",
        "@rollup/rollup-win32-arm64-msvc": "4.34.9",
        "@rollup/rollup-win32-x64-msvc": "4.34.9"
      }
    },
    "node_modules/idea-toolbox": {
      "version": "7.1.10",
      "resolved": "https://registry.npmjs.org/idea-toolbox/-/idea-toolbox-7.1.10.tgz",
      "integrity": "sha512-wi01YWsQ82WN8gNcS6rAgZ90mQmJ7wBJeK7mWuXb4id8IhoSMD8B7HC3igwova6EazyNtT5bTxYrxEp5C4hLew==",
      "license": "MPL-2.0",
      "peer": true,
      "dependencies": {
        "marked": "^16.1.1",
        "validator": "^13.15.15"
      }
    },
    "node_modules/immediate": {
      "version": "3.0.6",
      "resolved": "https://registry.npmjs.org/immediate/-/immediate-3.0.6.tgz",
      "integrity": "sha512-XXOFtyqDjNDAQxVfYxuF7g9Il/IbWmmlQg2MYKOH8ExIT1qg6xc4zyS3HaEEATgs1btfzxq15ciUiY7gjSXRGQ==",
      "license": "MIT",
      "peer": true
    },
    "node_modules/ionicons": {
      "version": "7.4.0",
      "resolved": "https://registry.npmjs.org/ionicons/-/ionicons-7.4.0.tgz",
      "integrity": "sha512-ZK94MMqgzMCPPMhmk8Ouu6goyVHFIlw/ACP6oe3FrikcI0N7CX0xcwVaEbUc0G/v3W0shI93vo+9ve/KpvcNhQ==",
      "license": "MIT",
      "peer": true,
      "dependencies": {
        "@stencil/core": "^4.0.3"
      }
    },
    "node_modules/jsonc-parser": {
      "version": "3.3.1",
      "resolved": "https://registry.npmjs.org/jsonc-parser/-/jsonc-parser-3.3.1.tgz",
      "integrity": "sha512-HUgH65KyejrUFPvHFPbqOY0rsFip3Bo5wb4ngvdi1EpCYWUQDC5V+Y7mZws+DLkr4M//zQJoanu1SP+87Dv1oQ==",
      "license": "MIT",
      "peer": true
    },
    "node_modules/lie": {
      "version": "3.1.1",
      "resolved": "https://registry.npmjs.org/lie/-/lie-3.1.1.tgz",
      "integrity": "sha512-RiNhHysUjhrDQntfYSfY4MU24coXXdEOgw9WGcKHNeEwffDYbF//u87M1EWaMGzuFoSbqW0C9C6lEEhDOAswfw==",
      "license": "MIT",
      "peer": true,
      "dependencies": {
        "immediate": "~3.0.5"
      }
    },
    "node_modules/localforage": {
      "version": "1.10.0",
      "resolved": "https://registry.npmjs.org/localforage/-/localforage-1.10.0.tgz",
      "integrity": "sha512-14/H1aX7hzBBmmh7sGPd+AOMkkIrHM3Z1PAyGgZigA1H1p5O5ANnMyWzvpAETtG68/dC4pC0ncy3+PPGzXZHPg==",
      "license": "Apache-2.0",
      "peer": true,
      "dependencies": {
        "lie": "3.1.1"
      }
    },
    "node_modules/marked": {
      "version": "16.1.1",
      "resolved": "https://registry.npmjs.org/marked/-/marked-16.1.1.tgz",
      "integrity": "sha512-ij/2lXfCRT71L6u0M29tJPhP0bM5shLL3u5BePhFwPELj2blMJ6GDtD7PfJhRLhJ/c2UwrK17ySVcDzy2YHjHQ==",
      "license": "MIT",
      "peer": true,
      "bin": {
        "marked": "bin/marked.js"
      },
      "engines": {
        "node": ">= 20"
      }
    },
    "node_modules/rxjs": {
      "version": "7.8.2",
      "resolved": "https://registry.npmjs.org/rxjs/-/rxjs-7.8.2.tgz",
      "integrity": "sha512-dhKf903U/PQZY6boNNtAGdWbG85WAbjT/1xYoZIC7FAY0yWapOBQVsVrDl58W86//e1VpMNBtRV4MaXfdMySFA==",
      "license": "Apache-2.0",
      "peer": true,
      "dependencies": {
        "tslib": "^2.1.0"
      }
    },
    "node_modules/signature_pad": {
      "version": "5.0.10",
      "resolved": "https://registry.npmjs.org/signature_pad/-/signature_pad-5.0.10.tgz",
      "integrity": "sha512-t7rLjpAtxYAIrTHr7EKfY8ulTWF+G/LFMto502a61KZvZNWZSwhTPeLE6171YMDd2sSYRBwQ17ENK5huAi9Rsg==",
      "license": "MIT",
      "peer": true
    },
    "node_modules/tslib": {
      "version": "2.8.1",
      "resolved": "https://registry.npmjs.org/tslib/-/tslib-2.8.1.tgz",
      "integrity": "sha512-oJFu94HQb+KVduSUQL7wnpmqnfmLsOA/nAh6b6EH0wCEoK0/mPeXU6c3wKDV83MkOuHPRHtSXKKU99IBazS/2w==",
      "license": "0BSD"
    },
    "node_modules/validator": {
      "version": "13.15.15",
      "resolved": "https://registry.npmjs.org/validator/-/validator-13.15.15.tgz",
      "integrity": "sha512-BgWVbCI72aIQy937xbawcs+hrVaN/CZ2UwutgaJ36hGqRrLNM+f5LUT/YPRbo8IV/ASeFzXszezV+y2+rq3l8A==",
      "license": "MIT",
      "peer": true,
      "engines": {
        "node": ">= 0.10"
      }
    },
    "node_modules/zone.js": {
      "version": "0.15.1",
      "resolved": "https://registry.npmjs.org/zone.js/-/zone.js-0.15.1.tgz",
      "integrity": "sha512-XE96n56IQpJM7NAoXswY3XRLcWFW83xe0BiAOeMD7K5k5xecOeul3Qcpx6GqEeeHNkW5DWL5zOyTbEfB4eti8w==",
      "license": "MIT",
      "peer": true
    }
  }
}
