{
  "name": "@idea-ionic/auth0",
  "version": "6.6.2",
  "lockfileVersion": 2,
  "requires": true,
  "packages": {
    "": {
      "name": "@idea-ionic/auth0",
      "version": "6.6.2",
      "license": "ISC",
      "dependencies": {
        "tslib": ">=2.0.0"
      },
      "devDependencies": {
        "@angular/common": ">=13.1.0",
        "@angular/core": ">=13.1.0",
        "@angular/forms": ">=13.1.0",
        "@angular/platform-browser": ">=13.1.0",
        "@angular/router": ">=13.1.0",
        "@auth0/auth0-angular": "^1.10.x",
        "@capacitor/browser": "^1.x.x",
        "@capacitor/core": "^3.x.x",
        "@idea-ionic/common": "^6.x.x",
        "@ionic/angular": ">=6.0.1",
        "idea-toolbox": ">=6.6.2",
        "rxjs": ">=7.4.0",
        "zone.js": ">=0.11.4"
      },
      "peerDependencies": {
        "@angular/common": ">=13.1.0",
        "@angular/core": ">=13.1.0",
        "@angular/forms": ">=13.1.0",
        "@angular/platform-browser": ">=13.1.0",
        "@angular/router": ">=13.1.0",
        "@auth0/auth0-angular": "^1.10.x",
        "@capacitor/browser": "^1.x.x",
        "@capacitor/core": "^3.x.x",
        "@ionic/angular": ">=6.0.1",
        "idea-toolbox": ">=6.6.2",
        "rxjs": ">=7.4.0",
        "zone.js": ">=0.11.4"
      }
    },
    "node_modules/@angular/common": {
      "version": "14.2.2",
      "resolved": "https://registry.npmjs.org/@angular/common/-/common-14.2.2.tgz",
      "integrity": "sha512-9h8MwFLvIJ5kB5L03cd3Cyl4ySKVzL/E/YYugfLvcAzYZ8Rief63gJnkcKNjoS1A5DTxHhOBQL7pLZpj+YxDOw==",
      "dev": true,
      "dependencies": {
        "tslib": "^2.3.0"
      },
      "engines": {
        "node": "^14.15.0 || >=16.10.0"
      },
      "peerDependencies": {
        "@angular/core": "14.2.2",
        "rxjs": "^6.5.3 || ^7.4.0"
      }
    },
    "node_modules/@angular/core": {
      "version": "14.2.2",
      "resolved": "https://registry.npmjs.org/@angular/core/-/core-14.2.2.tgz",
      "integrity": "sha512-kG30b4RqjgWvaH9y4g95JRCzoROV+9/xgFH4hSRejFa/IcapMfvCmONJtJzwTjdsEUQAbiFohF/z9bx3QA/Yvw==",
      "dev": true,
      "dependencies": {
        "tslib": "^2.3.0"
      },
      "engines": {
        "node": "^14.15.0 || >=16.10.0"
      },
      "peerDependencies": {
        "rxjs": "^6.5.3 || ^7.4.0",
        "zone.js": "~0.11.4"
      }
    },
    "node_modules/@angular/forms": {
      "version": "14.2.2",
      "resolved": "https://registry.npmjs.org/@angular/forms/-/forms-14.2.2.tgz",
      "integrity": "sha512-lq6PpLMNfs0KcIhkQrUVfKuP4hZSeUQyKOErvoLrPhDiakvOWYoQZKh6XHsbQRcuhWKHy6IITldz6sg8pWVrTw==",
      "dev": true,
      "dependencies": {
        "tslib": "^2.3.0"
      },
      "engines": {
        "node": "^14.15.0 || >=16.10.0"
      },
      "peerDependencies": {
        "@angular/common": "14.2.2",
        "@angular/core": "14.2.2",
        "@angular/platform-browser": "14.2.2",
        "rxjs": "^6.5.3 || ^7.4.0"
      }
    },
    "node_modules/@angular/platform-browser": {
      "version": "14.2.2",
      "resolved": "https://registry.npmjs.org/@angular/platform-browser/-/platform-browser-14.2.2.tgz",
      "integrity": "sha512-1NrtOIvevoDDT6DU+Fsm5TsNN/XJhIV/UhfInmU/rz97RERl8etcOQRsxWnjGwZjk9rjt+0lBbW5oVDFKOJa+w==",
      "dev": true,
      "dependencies": {
        "tslib": "^2.3.0"
      },
      "engines": {
        "node": "^14.15.0 || >=16.10.0"
      },
      "peerDependencies": {
        "@angular/animations": "14.2.2",
        "@angular/common": "14.2.2",
        "@angular/core": "14.2.2"
      },
      "peerDependenciesMeta": {
        "@angular/animations": {
          "optional": true
        }
      }
    },
    "node_modules/@angular/router": {
      "version": "14.2.2",
      "resolved": "https://registry.npmjs.org/@angular/router/-/router-14.2.2.tgz",
      "integrity": "sha512-BRkXdAVK0rE/x6im91a/fdIcWhPILO6ZmwCVTEdvsRyI9arQSlXAnupPUeumdbSc6mG/FCXPcyJq/dU0Jl70Og==",
      "dev": true,
      "dependencies": {
        "tslib": "^2.3.0"
      },
      "engines": {
        "node": "^14.15.0 || >=16.10.0"
      },
      "peerDependencies": {
        "@angular/common": "14.2.2",
        "@angular/core": "14.2.2",
        "@angular/platform-browser": "14.2.2",
        "rxjs": "^6.5.3 || ^7.4.0"
      }
    },
    "node_modules/@auth0/auth0-angular": {
      "version": "1.10.1",
      "resolved": "https://registry.npmjs.org/@auth0/auth0-angular/-/auth0-angular-1.10.1.tgz",
      "integrity": "sha512-lbWmzaBSisBH7EGQEY+eDRCQL8PkZF2Nq1zbrHkO1pwkxh1QNqr+jVjrDTTBvQGelTijR3wFUq1ykxxphXWcQA==",
      "dev": true,
      "dependencies": {
        "@auth0/auth0-spa-js": "^1.22.0",
        "tslib": "^2.0.0"
      },
      "peerDependencies": {
        "@angular/common": ">=9 <=14",
        "@angular/core": ">=9 <=14",
        "@angular/router": ">=9 <=14"
      }
    },
    "node_modules/@auth0/auth0-spa-js": {
      "version": "1.22.4",
      "resolved": "https://registry.npmjs.org/@auth0/auth0-spa-js/-/auth0-spa-js-1.22.4.tgz",
      "integrity": "sha512-iOboSV+aUsExV1onKvGKEqi626sjJt+61c3EvA4mkn9RM7RV9RMjPI+cInNFHWjwAd2Sdi3LqBj6/MfcHh69dg==",
      "dev": true,
      "dependencies": {
        "abortcontroller-polyfill": "^1.7.3",
        "browser-tabs-lock": "^1.2.15",
        "core-js": "^3.24.0",
        "es-cookie": "~1.3.2",
        "fast-text-encoding": "^1.0.4",
        "promise-polyfill": "^8.2.3",
        "unfetch": "^4.2.0"
      }
    },
    "node_modules/@capacitor-community/keep-awake": {
      "version": "2.1.1",
      "resolved": "https://registry.npmjs.org/@capacitor-community/keep-awake/-/keep-awake-2.1.1.tgz",
      "integrity": "sha512-rgx6z6o4uQbB1VWRiifBx+rmS8ab9cynlq3YY2/xWaMbxOWXENlL2s58hmlIrFHxBGLkOMPh5i73HLUzHmiesQ==",
      "dev": true,
      "peer": true,
      "peerDependencies": {
        "@capacitor/core": "^3.0.0"
      }
    },
    "node_modules/@capacitor/browser": {
      "version": "1.0.7",
      "resolved": "https://registry.npmjs.org/@capacitor/browser/-/browser-1.0.7.tgz",
      "integrity": "sha512-ni8IjsPyFUYqQ2JxBwzI7VpJUZHPr7QiRds5hQWM/1cpfH0+DWvjWHwzxQXuSbW0h+QGXGSJ/vwqjRns7NzLfQ==",
      "dev": true,
      "peerDependencies": {
        "@capacitor/core": "^3.0.0"
      }
    },
    "node_modules/@capacitor/core": {
      "version": "3.8.0",
      "resolved": "https://registry.npmjs.org/@capacitor/core/-/core-3.8.0.tgz",
      "integrity": "sha512-Z7iHM+1CBbuIK+74bS4ZjpPUOdcKb7Gf7j8xK9WegcrUeHZQl4O6hAAn6nT60kDoeAyutsr3PP25542Ur0wLBg==",
      "dev": true,
      "dependencies": {
        "tslib": "^2.1.0"
      }
    },
    "node_modules/@capacitor/network": {
      "version": "1.0.7",
      "resolved": "https://registry.npmjs.org/@capacitor/network/-/network-1.0.7.tgz",
      "integrity": "sha512-Le1pcXlBB6Vsz+9Y5jkwcoFONq93Fm06T+EXfH52khrIH61k5rOYRM1HGR5Q0hu6pDKqA9jM/tU06h2kqsJteA==",
      "dev": true,
      "peer": true,
      "peerDependencies": {
        "@capacitor/core": "^3.0.0"
      }
    },
    "node_modules/@capacitor/push-notifications": {
      "version": "1.0.9",
      "resolved": "https://registry.npmjs.org/@capacitor/push-notifications/-/push-notifications-1.0.9.tgz",
      "integrity": "sha512-NaH+drTYjOGgFMHl/2Jn1/+2rlgomtwP2NfK20E0i7+QoRze1ArcSThJ4vSF0m7VkYBsH3MgbXkWfNSSPaYrtw==",
      "dev": true,
      "peer": true,
      "peerDependencies": {
        "@capacitor/core": "^3.0.0"
      }
    },
    "node_modules/@idea-ionic/common": {
      "version": "6.5.0",
      "resolved": "https://registry.npmjs.org/@idea-ionic/common/-/common-6.5.0.tgz",
      "integrity": "sha512-Z7gW3zSEEPiJa8Hr9fD7Wcc5X8SYFNi6NFSk0R5+DBrmPGsbQliyQPgg3jibzzQvWOINR58QsvAhGiFg/oFGGw==",
      "dev": true,
      "dependencies": {
        "signature_pad": ">=3.0.0-beta.4",
        "tslib": ">=2.0.0"
      },
      "peerDependencies": {
        "@angular/common": ">=13.1.0",
        "@angular/core": ">=13.1.0",
        "@angular/forms": ">=13.1.0",
        "@angular/platform-browser": ">=13.1.0",
        "@angular/router": ">=13.1.0",
        "@capacitor-community/keep-awake": "^2.x.x",
        "@capacitor/browser": "^1.x.x",
        "@capacitor/core": "^3.x.x",
        "@capacitor/network": "^1.x.x",
        "@capacitor/push-notifications": "^1.x.x",
        "@ionic/angular": ">=6.0.1",
        "@ionic/storage-angular": ">=3.0.6",
        "idea-toolbox": ">=6.5.20",
        "rxjs": ">=7.4.0",
        "zone.js": ">=0.11.4"
      }
    },
    "node_modules/@ionic/angular": {
      "version": "6.2.8",
      "resolved": "https://registry.npmjs.org/@ionic/angular/-/angular-6.2.8.tgz",
      "integrity": "sha512-ilO/IH5a4vSoZkL8u/GknYwJU5w1gbqunxd3rbXJ70o4dFXY7VP6Ieyin6mdjYMdAmrV7zw2UxBXBJ3qWId1EQ==",
      "dev": true,
      "dependencies": {
        "@ionic/core": "^6.2.8",
        "jsonc-parser": "^3.0.0",
        "tslib": "^2.0.0"
      },
      "peerDependencies": {
        "@angular/core": ">=12.0.0",
        "@angular/forms": ">=12.0.0",
        "@angular/router": ">=12.0.0",
        "rxjs": ">=6.6.0",
        "zone.js": ">=0.11.0"
      }
    },
    "node_modules/@ionic/core": {
      "version": "6.2.8",
      "resolved": "https://registry.npmjs.org/@ionic/core/-/core-6.2.8.tgz",
      "integrity": "sha512-tUUdvCPo9Z4RQXjvxNXBXQsVTFDAH2ju/HAhzZiAvdfwpHfpA39DWkXwAQeoV9gfFFblaOmCmeSq/8JP/FRn4A==",
      "dev": true,
      "dependencies": {
        "@stencil/core": "^2.17.4",
        "ionicons": "^6.0.3",
        "tslib": "^2.1.0"
      }
    },
    "node_modules/@ionic/storage": {
      "version": "3.0.6",
      "resolved": "https://registry.npmjs.org/@ionic/storage/-/storage-3.0.6.tgz",
      "integrity": "sha512-sw+zSJINIpbQCGZR9mEtb9N0WmZLuhcMVqOZJBqLuDACAMdXqG39zmp5nSVqhGI1/9X3nd0K5gVn6icyVfUnUg==",
      "dev": true,
      "peer": true,
      "dependencies": {
        "localforage": "^1.9.0"
      }
    },
    "node_modules/@ionic/storage-angular": {
      "version": "3.0.6",
      "resolved": "https://registry.npmjs.org/@ionic/storage-angular/-/storage-angular-3.0.6.tgz",
      "integrity": "sha512-ZXlIFWGU27aCxVFgZb0KFJFtWwnn6+HK6v0rMGzjN8f7oV2ewXaQ2dl1gTw/A8YoozTVPOFxwfFHCjhWLFR1Fw==",
      "dev": true,
      "peer": true,
      "dependencies": {
        "@ionic/storage": "^3.0.4",
        "tslib": "^1.10.0"
      },
      "peerDependencies": {
        "@angular/core": "*",
        "rxjs": "*"
      }
    },
    "node_modules/@ionic/storage-angular/node_modules/tslib": {
      "version": "1.14.1",
      "resolved": "https://registry.npmjs.org/tslib/-/tslib-1.14.1.tgz",
      "integrity": "sha512-Xni35NKzjgMrwevysHTCArtLDpPvye8zV/0E4EyYn43P7/7qvQwPh9BGkHewbMulVntbigmcT7rdX3BNo9wRJg==",
      "dev": true,
      "peer": true
    },
    "node_modules/@stencil/core": {
      "version": "2.18.0",
      "resolved": "https://registry.npmjs.org/@stencil/core/-/core-2.18.0.tgz",
      "integrity": "sha512-NLEY8Jq59smyiivBAxHKipsp9YkkW/K/Vm90zAyXQqukb12i2SFucWHJ1Ik7ropVlhmMVvigyxXgRfQ9quIqtg==",
      "dev": true,
      "bin": {
        "stencil": "bin/stencil"
      },
      "engines": {
        "node": ">=12.10.0",
        "npm": ">=6.0.0"
      }
    },
    "node_modules/abortcontroller-polyfill": {
      "version": "1.7.3",
      "resolved": "https://registry.npmjs.org/abortcontroller-polyfill/-/abortcontroller-polyfill-1.7.3.tgz",
      "integrity": "sha512-zetDJxd89y3X99Kvo4qFx8GKlt6GsvN3UcRZHwU6iFA/0KiOmhkTVhe8oRoTBiTVPZu09x3vCra47+w8Yz1+2Q==",
      "dev": true
    },
    "node_modules/browser-tabs-lock": {
      "version": "1.2.15",
      "resolved": "https://registry.npmjs.org/browser-tabs-lock/-/browser-tabs-lock-1.2.15.tgz",
      "integrity": "sha512-J8K9vdivK0Di+b8SBdE7EZxDr88TnATing7XoLw6+nFkXMQ6sVBh92K3NQvZlZU91AIkFRi0w3sztk5Z+vsswA==",
      "dev": true,
      "hasInstallScript": true,
      "dependencies": {
        "lodash": ">=4.17.21"
      }
    },
    "node_modules/core-js": {
      "version": "3.25.2",
      "resolved": "https://registry.npmjs.org/core-js/-/core-js-3.25.2.tgz",
      "integrity": "sha512-YB4IAT1bjEfxTJ1XYy11hJAKskO+qmhuDBM8/guIfMz4JvdsAQAqvyb97zXX7JgSrfPLG5mRGFWJwJD39ruq2A==",
      "dev": true,
      "hasInstallScript": true,
      "funding": {
        "type": "opencollective",
        "url": "https://opencollective.com/core-js"
      }
    },
    "node_modules/es-cookie": {
      "version": "1.3.2",
      "resolved": "https://registry.npmjs.org/es-cookie/-/es-cookie-1.3.2.tgz",
      "integrity": "sha512-UTlYYhXGLOy05P/vKVT2Ui7WtC7NiRzGtJyAKKn32g5Gvcjn7KAClLPWlipCtxIus934dFg9o9jXiBL0nP+t9Q==",
      "dev": true
    },
    "node_modules/fast-text-encoding": {
      "version": "1.0.6",
      "resolved": "https://registry.npmjs.org/fast-text-encoding/-/fast-text-encoding-1.0.6.tgz",
      "integrity": "sha512-VhXlQgj9ioXCqGstD37E/HBeqEGV/qOD/kmbVG8h5xKBYvM1L3lR1Zn4555cQ8GkYbJa8aJSipLPndE1k6zK2w==",
      "dev": true
    },
    "node_modules/idea-toolbox": {
      "version": "6.6.2",
      "resolved": "https://registry.npmjs.org/idea-toolbox/-/idea-toolbox-6.6.2.tgz",
      "integrity": "sha512-EOqLMqS72qFK2c/ZjXjzw+zfGjphKs+MoJQpFfQBmOxMuKZAbZgmAWCNqkut7uIeV/kCfpQf4QH+7Gwr1yjfAQ==",
      "dev": true,
      "dependencies": {
        "marked": "^4.0.18",
        "validator": "^13.7.0"
      }
    },
    "node_modules/immediate": {
      "version": "3.0.6",
      "resolved": "https://registry.npmjs.org/immediate/-/immediate-3.0.6.tgz",
      "integrity": "sha512-XXOFtyqDjNDAQxVfYxuF7g9Il/IbWmmlQg2MYKOH8ExIT1qg6xc4zyS3HaEEATgs1btfzxq15ciUiY7gjSXRGQ==",
      "dev": true,
      "peer": true
    },
    "node_modules/ionicons": {
      "version": "6.0.3",
      "resolved": "https://registry.npmjs.org/ionicons/-/ionicons-6.0.3.tgz",
      "integrity": "sha512-kVOWER991EMqLiVShrCSWKMHkgHZP7XfVdyN6YPMuoO33W7pc5CPNVNfR8OMe/I8rYEbaunyBs6dXNYpR6gGZw==",
      "dev": true,
      "dependencies": {
        "@stencil/core": "~2.16.0"
      }
    },
    "node_modules/ionicons/node_modules/@stencil/core": {
      "version": "2.16.1",
      "resolved": "https://registry.npmjs.org/@stencil/core/-/core-2.16.1.tgz",
      "integrity": "sha512-s/UJp9qxExL3DyQPT70kiuWeb3AdjbUZM+5lEIXn30I2DLcLYPOPXfsoWJODieQywq+3vPiLZeIdkoqjf6jcSw==",
      "dev": true,
      "bin": {
        "stencil": "bin/stencil"
      },
      "engines": {
        "node": ">=12.10.0",
        "npm": ">=6.0.0"
      }
    },
    "node_modules/jsonc-parser": {
      "version": "3.2.0",
      "resolved": "https://registry.npmjs.org/jsonc-parser/-/jsonc-parser-3.2.0.tgz",
      "integrity": "sha512-gfFQZrcTc8CnKXp6Y4/CBT3fTc0OVuDofpre4aEeEpSBPV5X5v4+Vmx+8snU7RLPrNHPKSgLxGo9YuQzz20o+w==",
      "dev": true
    },
    "node_modules/lie": {
      "version": "3.1.1",
      "resolved": "https://registry.npmjs.org/lie/-/lie-3.1.1.tgz",
      "integrity": "sha512-RiNhHysUjhrDQntfYSfY4MU24coXXdEOgw9WGcKHNeEwffDYbF//u87M1EWaMGzuFoSbqW0C9C6lEEhDOAswfw==",
      "dev": true,
      "peer": true,
      "dependencies": {
        "immediate": "~3.0.5"
      }
    },
    "node_modules/localforage": {
      "version": "1.10.0",
      "resolved": "https://registry.npmjs.org/localforage/-/localforage-1.10.0.tgz",
      "integrity": "sha512-14/H1aX7hzBBmmh7sGPd+AOMkkIrHM3Z1PAyGgZigA1H1p5O5ANnMyWzvpAETtG68/dC4pC0ncy3+PPGzXZHPg==",
      "dev": true,
      "peer": true,
      "dependencies": {
        "lie": "3.1.1"
      }
    },
    "node_modules/lodash": {
      "version": "4.17.21",
      "resolved": "https://registry.npmjs.org/lodash/-/lodash-4.17.21.tgz",
      "integrity": "sha512-v2kDEe57lecTulaDIuNTPy3Ry4gLGJ6Z1O3vE1krgXZNrsQ+LFTGHVxVjcXPs17LhbZVGedAJv8XZ1tvj5FvSg==",
      "dev": true
    },
    "node_modules/marked": {
      "version": "4.1.0",
      "resolved": "https://registry.npmjs.org/marked/-/marked-4.1.0.tgz",
      "integrity": "sha512-+Z6KDjSPa6/723PQYyc1axYZpYYpDnECDaU6hkaf5gqBieBkMKYReL5hteF2QizhlMbgbo8umXl/clZ67+GlsA==",
      "dev": true,
      "bin": {
        "marked": "bin/marked.js"
      },
      "engines": {
        "node": ">= 12"
      }
    },
    "node_modules/promise-polyfill": {
      "version": "8.2.3",
      "resolved": "https://registry.npmjs.org/promise-polyfill/-/promise-polyfill-8.2.3.tgz",
      "integrity": "sha512-Og0+jCRQetV84U8wVjMNccfGCnMQ9mGs9Hv78QFe+pSDD3gWTpz0y+1QCuxy5d/vBFuZ3iwP2eycAkvqIMPmWg==",
      "dev": true
    },
    "node_modules/rxjs": {
      "version": "7.5.6",
      "resolved": "https://registry.npmjs.org/rxjs/-/rxjs-7.5.6.tgz",
      "integrity": "sha512-dnyv2/YsXhnm461G+R/Pe5bWP41Nm6LBXEYWI6eiFP4fiwx6WRI/CD0zbdVAudd9xwLEF2IDcKXLHit0FYjUzw==",
      "dev": true,
      "dependencies": {
        "tslib": "^2.1.0"
      }
    },
    "node_modules/signature_pad": {
      "version": "4.0.8",
      "resolved": "https://registry.npmjs.org/signature_pad/-/signature_pad-4.0.8.tgz",
      "integrity": "sha512-WJ2biIAa+v2EzgNEDfNrPpmbgsarZeLebks2ZxTZs7X228CAtBsRnlp2tbMshf0o4OoXGTZ80g9NBRwMtj0odA==",
      "dev": true
    },
    "node_modules/tslib": {
      "version": "2.4.0",
      "resolved": "https://registry.npmjs.org/tslib/-/tslib-2.4.0.tgz",
      "integrity": "sha512-d6xOpEDfsi2CZVlPQzGeux8XMwLT9hssAsaPYExaQMuYskwb+x1x7J371tWlbBdWHroy99KnVB6qIkUbs5X3UQ=="
    },
    "node_modules/unfetch": {
      "version": "4.2.0",
      "resolved": "https://registry.npmjs.org/unfetch/-/unfetch-4.2.0.tgz",
      "integrity": "sha512-F9p7yYCn6cIW9El1zi0HI6vqpeIvBsr3dSuRO6Xuppb1u5rXpCPmMvLSyECLhybr9isec8Ohl0hPekMVrEinDA==",
      "dev": true
    },
    "node_modules/validator": {
      "version": "13.7.0",
      "resolved": "https://registry.npmjs.org/validator/-/validator-13.7.0.tgz",
      "integrity": "sha512-nYXQLCBkpJ8X6ltALua9dRrZDHVYxjJ1wgskNt1lH9fzGjs3tgojGSCBjmEPwkWS1y29+DrizMTW19Pr9uB2nw==",
      "dev": true,
      "engines": {
        "node": ">= 0.10"
      }
    },
    "node_modules/zone.js": {
      "version": "0.11.8",
      "resolved": "https://registry.npmjs.org/zone.js/-/zone.js-0.11.8.tgz",
      "integrity": "sha512-82bctBg2hKcEJ21humWIkXRlLBBmrc3nN7DFh5LGGhcyycO2S7FN8NmdvlcKaGFDNVL4/9kFLmwmInTavdJERA==",
      "dev": true,
      "dependencies": {
        "tslib": "^2.3.0"
      }
    }
  },
  "dependencies": {
    "@angular/common": {
      "version": "14.2.2",
      "resolved": "https://registry.npmjs.org/@angular/common/-/common-14.2.2.tgz",
      "integrity": "sha512-9h8MwFLvIJ5kB5L03cd3Cyl4ySKVzL/E/YYugfLvcAzYZ8Rief63gJnkcKNjoS1A5DTxHhOBQL7pLZpj+YxDOw==",
      "dev": true,
      "requires": {
        "tslib": "^2.3.0"
      }
    },
    "@angular/core": {
      "version": "14.2.2",
      "resolved": "https://registry.npmjs.org/@angular/core/-/core-14.2.2.tgz",
      "integrity": "sha512-kG30b4RqjgWvaH9y4g95JRCzoROV+9/xgFH4hSRejFa/IcapMfvCmONJtJzwTjdsEUQAbiFohF/z9bx3QA/Yvw==",
      "dev": true,
      "requires": {
        "tslib": "^2.3.0"
      }
    },
    "@angular/forms": {
      "version": "14.2.2",
      "resolved": "https://registry.npmjs.org/@angular/forms/-/forms-14.2.2.tgz",
      "integrity": "sha512-lq6PpLMNfs0KcIhkQrUVfKuP4hZSeUQyKOErvoLrPhDiakvOWYoQZKh6XHsbQRcuhWKHy6IITldz6sg8pWVrTw==",
      "dev": true,
      "requires": {
        "tslib": "^2.3.0"
      }
    },
    "@angular/platform-browser": {
      "version": "14.2.2",
      "resolved": "https://registry.npmjs.org/@angular/platform-browser/-/platform-browser-14.2.2.tgz",
      "integrity": "sha512-1NrtOIvevoDDT6DU+Fsm5TsNN/XJhIV/UhfInmU/rz97RERl8etcOQRsxWnjGwZjk9rjt+0lBbW5oVDFKOJa+w==",
      "dev": true,
      "requires": {
        "tslib": "^2.3.0"
      }
    },
    "@angular/router": {
      "version": "14.2.2",
      "resolved": "https://registry.npmjs.org/@angular/router/-/router-14.2.2.tgz",
      "integrity": "sha512-BRkXdAVK0rE/x6im91a/fdIcWhPILO6ZmwCVTEdvsRyI9arQSlXAnupPUeumdbSc6mG/FCXPcyJq/dU0Jl70Og==",
      "dev": true,
      "requires": {
        "tslib": "^2.3.0"
      }
    },
    "@auth0/auth0-angular": {
      "version": "1.10.1",
      "resolved": "https://registry.npmjs.org/@auth0/auth0-angular/-/auth0-angular-1.10.1.tgz",
      "integrity": "sha512-lbWmzaBSisBH7EGQEY+eDRCQL8PkZF2Nq1zbrHkO1pwkxh1QNqr+jVjrDTTBvQGelTijR3wFUq1ykxxphXWcQA==",
      "dev": true,
      "requires": {
        "@auth0/auth0-spa-js": "^1.22.0",
        "tslib": "^2.0.0"
      }
    },
    "@auth0/auth0-spa-js": {
      "version": "1.22.4",
      "resolved": "https://registry.npmjs.org/@auth0/auth0-spa-js/-/auth0-spa-js-1.22.4.tgz",
      "integrity": "sha512-iOboSV+aUsExV1onKvGKEqi626sjJt+61c3EvA4mkn9RM7RV9RMjPI+cInNFHWjwAd2Sdi3LqBj6/MfcHh69dg==",
      "dev": true,
      "requires": {
        "abortcontroller-polyfill": "^1.7.3",
        "browser-tabs-lock": "^1.2.15",
        "core-js": "^3.24.0",
        "es-cookie": "~1.3.2",
        "fast-text-encoding": "^1.0.4",
        "promise-polyfill": "^8.2.3",
        "unfetch": "^4.2.0"
      }
    },
    "@capacitor-community/keep-awake": {
      "version": "2.1.1",
      "resolved": "https://registry.npmjs.org/@capacitor-community/keep-awake/-/keep-awake-2.1.1.tgz",
      "integrity": "sha512-rgx6z6o4uQbB1VWRiifBx+rmS8ab9cynlq3YY2/xWaMbxOWXENlL2s58hmlIrFHxBGLkOMPh5i73HLUzHmiesQ==",
      "dev": true,
      "peer": true,
      "requires": {}
    },
    "@capacitor/browser": {
      "version": "1.0.7",
      "resolved": "https://registry.npmjs.org/@capacitor/browser/-/browser-1.0.7.tgz",
      "integrity": "sha512-ni8IjsPyFUYqQ2JxBwzI7VpJUZHPr7QiRds5hQWM/1cpfH0+DWvjWHwzxQXuSbW0h+QGXGSJ/vwqjRns7NzLfQ==",
      "dev": true,
      "requires": {}
    },
    "@capacitor/core": {
      "version": "3.8.0",
      "resolved": "https://registry.npmjs.org/@capacitor/core/-/core-3.8.0.tgz",
      "integrity": "sha512-Z7iHM+1CBbuIK+74bS4ZjpPUOdcKb7Gf7j8xK9WegcrUeHZQl4O6hAAn6nT60kDoeAyutsr3PP25542Ur0wLBg==",
      "dev": true,
      "requires": {
        "tslib": "^2.1.0"
      }
    },
    "@capacitor/network": {
      "version": "1.0.7",
      "resolved": "https://registry.npmjs.org/@capacitor/network/-/network-1.0.7.tgz",
      "integrity": "sha512-Le1pcXlBB6Vsz+9Y5jkwcoFONq93Fm06T+EXfH52khrIH61k5rOYRM1HGR5Q0hu6pDKqA9jM/tU06h2kqsJteA==",
      "dev": true,
      "peer": true,
      "requires": {}
    },
    "@capacitor/push-notifications": {
      "version": "1.0.9",
      "resolved": "https://registry.npmjs.org/@capacitor/push-notifications/-/push-notifications-1.0.9.tgz",
      "integrity": "sha512-NaH+drTYjOGgFMHl/2Jn1/+2rlgomtwP2NfK20E0i7+QoRze1ArcSThJ4vSF0m7VkYBsH3MgbXkWfNSSPaYrtw==",
      "dev": true,
      "peer": true,
      "requires": {}
    },
    "@idea-ionic/common": {
      "version": "6.5.0",
      "resolved": "https://registry.npmjs.org/@idea-ionic/common/-/common-6.5.0.tgz",
      "integrity": "sha512-Z7gW3zSEEPiJa8Hr9fD7Wcc5X8SYFNi6NFSk0R5+DBrmPGsbQliyQPgg3jibzzQvWOINR58QsvAhGiFg/oFGGw==",
      "dev": true,
      "requires": {
        "signature_pad": ">=3.0.0-beta.4",
        "tslib": ">=2.0.0"
      }
    },
    "@ionic/angular": {
      "version": "6.2.8",
      "resolved": "https://registry.npmjs.org/@ionic/angular/-/angular-6.2.8.tgz",
      "integrity": "sha512-ilO/IH5a4vSoZkL8u/GknYwJU5w1gbqunxd3rbXJ70o4dFXY7VP6Ieyin6mdjYMdAmrV7zw2UxBXBJ3qWId1EQ==",
      "dev": true,
      "requires": {
        "@ionic/core": "^6.2.8",
        "jsonc-parser": "^3.0.0",
        "tslib": "^2.0.0"
      }
    },
    "@ionic/core": {
      "version": "6.2.8",
      "resolved": "https://registry.npmjs.org/@ionic/core/-/core-6.2.8.tgz",
      "integrity": "sha512-tUUdvCPo9Z4RQXjvxNXBXQsVTFDAH2ju/HAhzZiAvdfwpHfpA39DWkXwAQeoV9gfFFblaOmCmeSq/8JP/FRn4A==",
      "dev": true,
      "requires": {
        "@stencil/core": "^2.17.4",
        "ionicons": "^6.0.3",
        "tslib": "^2.1.0"
      }
    },
    "@ionic/storage": {
      "version": "3.0.6",
      "resolved": "https://registry.npmjs.org/@ionic/storage/-/storage-3.0.6.tgz",
      "integrity": "sha512-sw+zSJINIpbQCGZR9mEtb9N0WmZLuhcMVqOZJBqLuDACAMdXqG39zmp5nSVqhGI1/9X3nd0K5gVn6icyVfUnUg==",
      "dev": true,
      "peer": true,
      "requires": {
        "localforage": "^1.9.0"
      }
    },
    "@ionic/storage-angular": {
      "version": "3.0.6",
      "resolved": "https://registry.npmjs.org/@ionic/storage-angular/-/storage-angular-3.0.6.tgz",
      "integrity": "sha512-ZXlIFWGU27aCxVFgZb0KFJFtWwnn6+HK6v0rMGzjN8f7oV2ewXaQ2dl1gTw/A8YoozTVPOFxwfFHCjhWLFR1Fw==",
      "dev": true,
      "peer": true,
      "requires": {
        "@ionic/storage": "^3.0.4",
        "tslib": "^1.10.0"
      },
      "dependencies": {
        "tslib": {
          "version": "1.14.1",
          "resolved": "https://registry.npmjs.org/tslib/-/tslib-1.14.1.tgz",
          "integrity": "sha512-Xni35NKzjgMrwevysHTCArtLDpPvye8zV/0E4EyYn43P7/7qvQwPh9BGkHewbMulVntbigmcT7rdX3BNo9wRJg==",
          "dev": true,
          "peer": true
        }
      }
    },
    "@stencil/core": {
      "version": "2.18.0",
      "resolved": "https://registry.npmjs.org/@stencil/core/-/core-2.18.0.tgz",
      "integrity": "sha512-NLEY8Jq59smyiivBAxHKipsp9YkkW/K/Vm90zAyXQqukb12i2SFucWHJ1Ik7ropVlhmMVvigyxXgRfQ9quIqtg==",
      "dev": true
    },
    "abortcontroller-polyfill": {
      "version": "1.7.3",
      "resolved": "https://registry.npmjs.org/abortcontroller-polyfill/-/abortcontroller-polyfill-1.7.3.tgz",
      "integrity": "sha512-zetDJxd89y3X99Kvo4qFx8GKlt6GsvN3UcRZHwU6iFA/0KiOmhkTVhe8oRoTBiTVPZu09x3vCra47+w8Yz1+2Q==",
      "dev": true
    },
    "browser-tabs-lock": {
      "version": "1.2.15",
      "resolved": "https://registry.npmjs.org/browser-tabs-lock/-/browser-tabs-lock-1.2.15.tgz",
      "integrity": "sha512-J8K9vdivK0Di+b8SBdE7EZxDr88TnATing7XoLw6+nFkXMQ6sVBh92K3NQvZlZU91AIkFRi0w3sztk5Z+vsswA==",
      "dev": true,
      "requires": {
        "lodash": ">=4.17.21"
      }
    },
    "core-js": {
      "version": "3.25.2",
      "resolved": "https://registry.npmjs.org/core-js/-/core-js-3.25.2.tgz",
      "integrity": "sha512-YB4IAT1bjEfxTJ1XYy11hJAKskO+qmhuDBM8/guIfMz4JvdsAQAqvyb97zXX7JgSrfPLG5mRGFWJwJD39ruq2A==",
      "dev": true
    },
    "es-cookie": {
      "version": "1.3.2",
      "resolved": "https://registry.npmjs.org/es-cookie/-/es-cookie-1.3.2.tgz",
      "integrity": "sha512-UTlYYhXGLOy05P/vKVT2Ui7WtC7NiRzGtJyAKKn32g5Gvcjn7KAClLPWlipCtxIus934dFg9o9jXiBL0nP+t9Q==",
      "dev": true
    },
    "fast-text-encoding": {
      "version": "1.0.6",
      "resolved": "https://registry.npmjs.org/fast-text-encoding/-/fast-text-encoding-1.0.6.tgz",
      "integrity": "sha512-VhXlQgj9ioXCqGstD37E/HBeqEGV/qOD/kmbVG8h5xKBYvM1L3lR1Zn4555cQ8GkYbJa8aJSipLPndE1k6zK2w==",
      "dev": true
    },
    "idea-toolbox": {
      "version": "6.6.2",
      "resolved": "https://registry.npmjs.org/idea-toolbox/-/idea-toolbox-6.6.2.tgz",
      "integrity": "sha512-EOqLMqS72qFK2c/ZjXjzw+zfGjphKs+MoJQpFfQBmOxMuKZAbZgmAWCNqkut7uIeV/kCfpQf4QH+7Gwr1yjfAQ==",
      "dev": true,
      "requires": {
        "marked": "^4.0.18",
        "validator": "^13.7.0"
      }
    },
    "immediate": {
      "version": "3.0.6",
      "resolved": "https://registry.npmjs.org/immediate/-/immediate-3.0.6.tgz",
      "integrity": "sha512-XXOFtyqDjNDAQxVfYxuF7g9Il/IbWmmlQg2MYKOH8ExIT1qg6xc4zyS3HaEEATgs1btfzxq15ciUiY7gjSXRGQ==",
      "dev": true,
      "peer": true
    },
    "ionicons": {
      "version": "6.0.3",
      "resolved": "https://registry.npmjs.org/ionicons/-/ionicons-6.0.3.tgz",
      "integrity": "sha512-kVOWER991EMqLiVShrCSWKMHkgHZP7XfVdyN6YPMuoO33W7pc5CPNVNfR8OMe/I8rYEbaunyBs6dXNYpR6gGZw==",
      "dev": true,
      "requires": {
        "@stencil/core": "~2.16.0"
      },
      "dependencies": {
        "@stencil/core": {
          "version": "2.16.1",
          "resolved": "https://registry.npmjs.org/@stencil/core/-/core-2.16.1.tgz",
          "integrity": "sha512-s/UJp9qxExL3DyQPT70kiuWeb3AdjbUZM+5lEIXn30I2DLcLYPOPXfsoWJODieQywq+3vPiLZeIdkoqjf6jcSw==",
          "dev": true
        }
      }
    },
    "jsonc-parser": {
      "version": "3.2.0",
      "resolved": "https://registry.npmjs.org/jsonc-parser/-/jsonc-parser-3.2.0.tgz",
      "integrity": "sha512-gfFQZrcTc8CnKXp6Y4/CBT3fTc0OVuDofpre4aEeEpSBPV5X5v4+Vmx+8snU7RLPrNHPKSgLxGo9YuQzz20o+w==",
      "dev": true
    },
    "lie": {
      "version": "3.1.1",
      "resolved": "https://registry.npmjs.org/lie/-/lie-3.1.1.tgz",
      "integrity": "sha512-RiNhHysUjhrDQntfYSfY4MU24coXXdEOgw9WGcKHNeEwffDYbF//u87M1EWaMGzuFoSbqW0C9C6lEEhDOAswfw==",
      "dev": true,
      "peer": true,
      "requires": {
        "immediate": "~3.0.5"
      }
    },
    "localforage": {
      "version": "1.10.0",
      "resolved": "https://registry.npmjs.org/localforage/-/localforage-1.10.0.tgz",
      "integrity": "sha512-14/H1aX7hzBBmmh7sGPd+AOMkkIrHM3Z1PAyGgZigA1H1p5O5ANnMyWzvpAETtG68/dC4pC0ncy3+PPGzXZHPg==",
      "dev": true,
      "peer": true,
      "requires": {
        "lie": "3.1.1"
      }
    },
    "lodash": {
      "version": "4.17.21",
      "resolved": "https://registry.npmjs.org/lodash/-/lodash-4.17.21.tgz",
      "integrity": "sha512-v2kDEe57lecTulaDIuNTPy3Ry4gLGJ6Z1O3vE1krgXZNrsQ+LFTGHVxVjcXPs17LhbZVGedAJv8XZ1tvj5FvSg==",
      "dev": true
    },
    "marked": {
      "version": "4.1.0",
      "resolved": "https://registry.npmjs.org/marked/-/marked-4.1.0.tgz",
      "integrity": "sha512-+Z6KDjSPa6/723PQYyc1axYZpYYpDnECDaU6hkaf5gqBieBkMKYReL5hteF2QizhlMbgbo8umXl/clZ67+GlsA==",
      "dev": true
    },
    "promise-polyfill": {
      "version": "8.2.3",
      "resolved": "https://registry.npmjs.org/promise-polyfill/-/promise-polyfill-8.2.3.tgz",
      "integrity": "sha512-Og0+jCRQetV84U8wVjMNccfGCnMQ9mGs9Hv78QFe+pSDD3gWTpz0y+1QCuxy5d/vBFuZ3iwP2eycAkvqIMPmWg==",
      "dev": true
    },
    "rxjs": {
      "version": "7.5.6",
      "resolved": "https://registry.npmjs.org/rxjs/-/rxjs-7.5.6.tgz",
      "integrity": "sha512-dnyv2/YsXhnm461G+R/Pe5bWP41Nm6LBXEYWI6eiFP4fiwx6WRI/CD0zbdVAudd9xwLEF2IDcKXLHit0FYjUzw==",
      "dev": true,
      "requires": {
        "tslib": "^2.1.0"
      }
    },
    "signature_pad": {
      "version": "4.0.8",
      "resolved": "https://registry.npmjs.org/signature_pad/-/signature_pad-4.0.8.tgz",
      "integrity": "sha512-WJ2biIAa+v2EzgNEDfNrPpmbgsarZeLebks2ZxTZs7X228CAtBsRnlp2tbMshf0o4OoXGTZ80g9NBRwMtj0odA==",
      "dev": true
    },
    "tslib": {
      "version": "2.4.0",
      "resolved": "https://registry.npmjs.org/tslib/-/tslib-2.4.0.tgz",
      "integrity": "sha512-d6xOpEDfsi2CZVlPQzGeux8XMwLT9hssAsaPYExaQMuYskwb+x1x7J371tWlbBdWHroy99KnVB6qIkUbs5X3UQ=="
    },
    "unfetch": {
      "version": "4.2.0",
      "resolved": "https://registry.npmjs.org/unfetch/-/unfetch-4.2.0.tgz",
      "integrity": "sha512-F9p7yYCn6cIW9El1zi0HI6vqpeIvBsr3dSuRO6Xuppb1u5rXpCPmMvLSyECLhybr9isec8Ohl0hPekMVrEinDA==",
      "dev": true
    },
    "validator": {
      "version": "13.7.0",
      "resolved": "https://registry.npmjs.org/validator/-/validator-13.7.0.tgz",
      "integrity": "sha512-nYXQLCBkpJ8X6ltALua9dRrZDHVYxjJ1wgskNt1lH9fzGjs3tgojGSCBjmEPwkWS1y29+DrizMTW19Pr9uB2nw==",
      "dev": true
    },
    "zone.js": {
      "version": "0.11.8",
      "resolved": "https://registry.npmjs.org/zone.js/-/zone.js-0.11.8.tgz",
      "integrity": "sha512-82bctBg2hKcEJ21humWIkXRlLBBmrc3nN7DFh5LGGhcyycO2S7FN8NmdvlcKaGFDNVL4/9kFLmwmInTavdJERA==",
      "dev": true,
      "requires": {
        "tslib": "^2.3.0"
      }
    }
  }
}
