{
  "name": "@idea-ionic/teams",
  "version": "5.29.4",
  "lockfileVersion": 2,
  "requires": true,
  "packages": {
    "": {
      "name": "@idea-ionic/teams",
      "version": "5.29.4",
      "license": "ISC",
      "dependencies": {
        "tslib": ">=2.0.0"
      },
      "devDependencies": {
        "@angular/common": ">=13.1.0",
        "@angular/core": ">=13.1.0",
        "@angular/forms": ">=13.1.0",
        "@angular/platform-browser": ">=13.1.0",
        "@angular/router": ">=13.1.0",
        "@capacitor/core": ">=2.5.0",
        "@idea-ionic/common": ">=5.x.x",
        "@ionic/angular": ">=6.0.1",
        "@ionic/storage-angular": ">=3.0.6",
        "idea-toolbox": ">=6.5.7",
        "rxjs": ">=7.4.0",
        "zone.js": ">=0.11.4"
      },
      "peerDependencies": {
        "@angular/common": ">=13.1.0",
        "@angular/core": ">=13.1.0",
        "@angular/forms": ">=13.1.0",
        "@angular/platform-browser": ">=13.1.0",
        "@angular/router": ">=13.1.0",
        "@capacitor/core": ">=2.5.0",
        "@ionic/angular": ">=6.0.1",
        "@ionic/storage-angular": ">=3.0.6",
        "idea-toolbox": ">=6.5.7",
        "rxjs": ">=7.4.0",
        "zone.js": ">=0.11.4"
      }
    },
    "node_modules/@angular/common": {
      "version": "13.1.1",
      "dev": true,
      "license": "MIT",
      "dependencies": {
        "tslib": "^2.3.0"
      },
      "engines": {
        "node": "^12.20.0 || ^14.15.0 || >=16.10.0"
      },
      "peerDependencies": {
        "@angular/core": "13.1.1",
        "rxjs": "^6.5.3 || ^7.4.0"
      }
    },
    "node_modules/@angular/core": {
      "version": "13.1.1",
      "dev": true,
      "license": "MIT",
      "dependencies": {
        "tslib": "^2.3.0"
      },
      "engines": {
        "node": "^12.20.0 || ^14.15.0 || >=16.10.0"
      },
      "peerDependencies": {
        "rxjs": "^6.5.3 || ^7.4.0",
        "zone.js": "~0.11.4"
      }
    },
    "node_modules/@angular/forms": {
      "version": "13.1.1",
      "dev": true,
      "license": "MIT",
      "dependencies": {
        "tslib": "^2.3.0"
      },
      "engines": {
        "node": "^12.20.0 || ^14.15.0 || >=16.10.0"
      },
      "peerDependencies": {
        "@angular/common": "13.1.1",
        "@angular/core": "13.1.1",
        "@angular/platform-browser": "13.1.1",
        "rxjs": "^6.5.3 || ^7.4.0"
      }
    },
    "node_modules/@angular/platform-browser": {
      "version": "13.1.1",
      "dev": true,
      "license": "MIT",
      "dependencies": {
        "tslib": "^2.3.0"
      },
      "engines": {
        "node": "^12.20.0 || ^14.15.0 || >=16.10.0"
      },
      "peerDependencies": {
        "@angular/animations": "13.1.1",
        "@angular/common": "13.1.1",
        "@angular/core": "13.1.1"
      },
      "peerDependenciesMeta": {
        "@angular/animations": {
          "optional": true
        }
      }
    },
    "node_modules/@angular/router": {
      "version": "13.1.1",
      "dev": true,
      "license": "MIT",
      "dependencies": {
        "tslib": "^2.3.0"
      },
      "engines": {
        "node": "^12.20.0 || ^14.15.0 || >=16.10.0"
      },
      "peerDependencies": {
        "@angular/common": "13.1.1",
        "@angular/core": "13.1.1",
        "@angular/platform-browser": "13.1.1",
        "rxjs": "^6.5.3 || ^7.4.0"
      }
    },
    "node_modules/@capacitor/core": {
      "version": "3.3.4",
      "dev": true,
      "license": "MIT",
      "dependencies": {
        "tslib": "^2.1.0"
      }
    },
    "node_modules/@idea-ionic/common": {
      "version": "5.29.4",
      "dev": true,
      "license": "ISC",
      "dependencies": {
        "signature_pad": ">=3.0.0-beta.4",
        "tslib": ">=2.0.0"
      },
      "peerDependencies": {
        "@angular/common": ">=11.0.0",
        "@angular/core": ">=11.0.0",
        "@angular/forms": ">=11.0.0",
        "@angular/platform-browser": ">=11.0.0",
        "@angular/router": ">=11.0.0",
        "@capacitor/core": ">=2.4.5",
        "@ionic/angular": ">=5.0.0",
        "@ionic/storage-angular": ">=3.0.6",
        "idea-toolbox": ">=6.5.7",
        "rxjs": ">=6.5.5",
        "zone.js": ">=0.10.3"
      }
    },
    "node_modules/@ionic/angular": {
      "version": "6.0.1",
      "dev": true,
      "license": "MIT",
      "dependencies": {
        "@ionic/core": "6.0.1",
        "jsonc-parser": "^3.0.0",
        "tslib": "^2.0.0"
      },
      "peerDependencies": {
        "@angular/core": ">=12.0.0",
        "@angular/forms": ">=12.0.0",
        "@angular/router": ">=12.0.0",
        "rxjs": ">=6.6.0",
        "zone.js": ">=0.11.0"
      }
    },
    "node_modules/@ionic/core": {
      "version": "6.0.1",
      "dev": true,
      "license": "MIT",
      "dependencies": {
        "@stencil/core": "~2.11.0-0",
        "ionicons": "^6.0.0",
        "tslib": "^2.1.0"
      }
    },
    "node_modules/@ionic/storage": {
      "version": "3.0.6",
      "dev": true,
      "license": "MIT",
      "dependencies": {
        "localforage": "^1.9.0"
      }
    },
    "node_modules/@ionic/storage-angular": {
      "version": "3.0.6",
      "dev": true,
      "license": "MIT",
      "dependencies": {
        "@ionic/storage": "^3.0.4",
        "tslib": "^1.10.0"
      },
      "peerDependencies": {
        "@angular/core": "*",
        "rxjs": "*"
      }
    },
    "node_modules/@ionic/storage-angular/node_modules/tslib": {
      "version": "1.14.1",
      "dev": true,
      "license": "0BSD"
    },
    "node_modules/@stencil/core": {
      "version": "2.11.0",
      "dev": true,
      "license": "MIT",
      "bin": {
        "stencil": "bin/stencil"
      },
      "engines": {
        "node": ">=12.10.0",
        "npm": ">=6.0.0"
      }
    },
    "node_modules/idea-toolbox": {
      "version": "6.5.7",
      "dev": true,
      "license": "ISC",
      "dependencies": {
        "marked": "^2.1.3",
        "validator": "^13.7.0"
      }
    },
    "node_modules/immediate": {
      "version": "3.0.6",
      "dev": true,
      "license": "MIT"
    },
    "node_modules/ionicons": {
      "version": "6.0.0",
      "dev": true,
      "license": "MIT",
      "dependencies": {
        "@stencil/core": "~2.10.0"
      }
    },
    "node_modules/ionicons/node_modules/@stencil/core": {
      "version": "2.10.0",
      "dev": true,
      "license": "MIT",
      "bin": {
        "stencil": "bin/stencil"
      },
      "engines": {
        "node": ">=12.10.0",
        "npm": ">=6.0.0"
      }
    },
    "node_modules/jsonc-parser": {
      "version": "3.0.0",
      "dev": true,
      "license": "MIT"
    },
    "node_modules/lie": {
      "version": "3.1.1",
      "dev": true,
      "license": "MIT",
      "dependencies": {
        "immediate": "~3.0.5"
      }
    },
    "node_modules/localforage": {
      "version": "1.10.0",
      "dev": true,
      "license": "Apache-2.0",
      "dependencies": {
        "lie": "3.1.1"
      }
    },
    "node_modules/marked": {
      "version": "2.1.3",
      "dev": true,
      "license": "MIT",
      "bin": {
        "marked": "bin/marked"
      },
      "engines": {
        "node": ">= 10"
      }
    },
    "node_modules/rxjs": {
      "version": "7.5.2",
      "dev": true,
      "license": "Apache-2.0",
      "dependencies": {
        "tslib": "^2.1.0"
      }
    },
    "node_modules/signature_pad": {
      "version": "4.0.1",
      "dev": true,
      "license": "MIT"
    },
    "node_modules/tslib": {
      "version": "2.3.1",
      "license": "0BSD"
    },
    "node_modules/validator": {
      "version": "13.7.0",
      "dev": true,
      "license": "MIT",
      "engines": {
        "node": ">= 0.10"
      }
    },
    "node_modules/zone.js": {
      "version": "0.11.4",
      "dev": true,
      "license": "MIT",
      "dependencies": {
        "tslib": "^2.0.0"
      }
    }
  },
  "dependencies": {
    "@angular/common": {
      "version": "13.1.1",
      "dev": true,
      "requires": {
        "tslib": "^2.3.0"
      }
    },
    "@angular/core": {
      "version": "13.1.1",
      "dev": true,
      "requires": {
        "tslib": "^2.3.0"
      }
    },
    "@angular/forms": {
      "version": "13.1.1",
      "dev": true,
      "requires": {
        "tslib": "^2.3.0"
      }
    },
    "@angular/platform-browser": {
      "version": "13.1.1",
      "dev": true,
      "requires": {
        "tslib": "^2.3.0"
      }
    },
    "@angular/router": {
      "version": "13.1.1",
      "dev": true,
      "requires": {
        "tslib": "^2.3.0"
      }
    },
    "@capacitor/core": {
      "version": "3.3.4",
      "dev": true,
      "requires": {
        "tslib": "^2.1.0"
      }
    },
    "@idea-ionic/common": {
      "version": "5.29.4",
      "dev": true,
      "requires": {
        "signature_pad": ">=3.0.0-beta.4",
        "tslib": ">=2.0.0"
      }
    },
    "@ionic/angular": {
      "version": "6.0.1",
      "dev": true,
      "requires": {
        "@ionic/core": "6.0.1",
        "jsonc-parser": "^3.0.0",
        "tslib": "^2.0.0"
      }
    },
    "@ionic/core": {
      "version": "6.0.1",
      "dev": true,
      "requires": {
        "@stencil/core": "~2.11.0-0",
        "ionicons": "^6.0.0",
        "tslib": "^2.1.0"
      }
    },
    "@ionic/storage": {
      "version": "3.0.6",
      "dev": true,
      "requires": {
        "localforage": "^1.9.0"
      }
    },
    "@ionic/storage-angular": {
      "version": "3.0.6",
      "dev": true,
      "requires": {
        "@ionic/storage": "^3.0.4",
        "tslib": "^1.10.0"
      },
      "dependencies": {
        "tslib": {
          "version": "1.14.1",
          "dev": true
        }
      }
    },
    "@stencil/core": {
      "version": "2.11.0",
      "dev": true
    },
    "idea-toolbox": {
      "version": "6.5.7",
      "dev": true,
      "requires": {
        "marked": "^2.1.3",
        "validator": "^13.7.0"
      }
    },
    "immediate": {
      "version": "3.0.6",
      "dev": true
    },
    "ionicons": {
      "version": "6.0.0",
      "dev": true,
      "requires": {
        "@stencil/core": "~2.10.0"
      },
      "dependencies": {
        "@stencil/core": {
          "version": "2.10.0",
          "dev": true
        }
      }
    },
    "jsonc-parser": {
      "version": "3.0.0",
      "dev": true
    },
    "lie": {
      "version": "3.1.1",
      "dev": true,
      "requires": {
        "immediate": "~3.0.5"
      }
    },
    "localforage": {
      "version": "1.10.0",
      "dev": true,
      "requires": {
        "lie": "3.1.1"
      }
    },
    "marked": {
      "version": "2.1.3",
      "dev": true
    },
    "rxjs": {
      "version": "7.5.2",
      "dev": true,
      "requires": {
        "tslib": "^2.1.0"
      }
    },
    "signature_pad": {
      "version": "4.0.1",
      "dev": true
    },
    "tslib": {
      "version": "2.3.1"
    },
    "validator": {
      "version": "13.7.0",
      "dev": true
    },
    "zone.js": {
      "version": "0.11.4",
      "dev": true,
      "requires": {
        "tslib": "^2.0.0"
      }
    }
  }
}
