{
  "name": "@idea-ionic/agenda",
  "version": "8.1.4",
  "lockfileVersion": 3,
  "requires": true,
  "packages": {
    "": {
      "name": "@idea-ionic/agenda",
      "version": "8.1.4",
      "license": "MPL-2.0",
      "dependencies": {
        "color-parse": "^2.0.0",
        "tslib": "^2.4.1"
      },
      "peerDependencies": {
        "@angular/animations": "^18.1.0",
        "@angular/common": "^18.1.0",
        "@angular/core": "^18.1.0",
        "@angular/forms": "^18.1.0",
        "@angular/platform-browser": "^18.1.0",
        "@angular/platform-browser-dynamic": "^18.1.0",
        "@angular/router": "^18.1.0",
        "@capacitor/browser": "^6.0.1",
        "@capacitor/core": "6.1.1",
        "@idea-ionic/common": "8.1.x",
        "@ionic/angular": "^8.0.0",
        "@ionic/storage-angular": "^4.0.0",
        "angular-calendar": "^0.31.1",
        "date-fns": "^3.6.0",
        "idea-toolbox": "^7.x.x",
        "rxjs": "~7.8.0",
        "zone.js": "~0.14.3"
      }
    },
    "node_modules/@angular/animations": {
      "version": "18.2.9",
      "resolved": "https://registry.npmjs.org/@angular/animations/-/animations-18.2.9.tgz",
      "integrity": "sha512-GAsTKENoTRVKgXX4ACBMMTp8SW4rW8u637uLag+ttJV2XBzC3YJlw5m6b/W4cdrmqZjztoEwUjR6CUTjBqMujQ==",
      "peer": true,
      "dependencies": {
        "tslib": "^2.3.0"
      },
      "engines": {
        "node": "^18.19.1 || ^20.11.1 || >=22.0.0"
      },
      "peerDependencies": {
        "@angular/core": "18.2.9"
      }
    },
    "node_modules/@angular/common": {
      "version": "18.2.9",
      "resolved": "https://registry.npmjs.org/@angular/common/-/common-18.2.9.tgz",
      "integrity": "sha512-Opi6DVaU0aGyJqLk5jPmeYx559fp3afj4wuxM5aDzV4KEVGDVbNCpO0hMuwHZ6rtCjHhv1fQthgS48qoiQ6LKw==",
      "peer": true,
      "dependencies": {
        "tslib": "^2.3.0"
      },
      "engines": {
        "node": "^18.19.1 || ^20.11.1 || >=22.0.0"
      },
      "peerDependencies": {
        "@angular/core": "18.2.9",
        "rxjs": "^6.5.3 || ^7.4.0"
      }
    },
    "node_modules/@angular/compiler": {
      "version": "18.2.9",
      "resolved": "https://registry.npmjs.org/@angular/compiler/-/compiler-18.2.9.tgz",
      "integrity": "sha512-fchbcbsyTOd/qHGy+yPEmE1p10OTNEjGrWHQzUbf3xdlm23EvxHTitHh8i6EBdwYnM5zz0IIBhltP8tt89oeYw==",
      "peer": true,
      "dependencies": {
        "tslib": "^2.3.0"
      },
      "engines": {
        "node": "^18.19.1 || ^20.11.1 || >=22.0.0"
      },
      "peerDependencies": {
        "@angular/core": "18.2.9"
      },
      "peerDependenciesMeta": {
        "@angular/core": {
          "optional": true
        }
      }
    },
    "node_modules/@angular/core": {
      "version": "18.2.9",
      "resolved": "https://registry.npmjs.org/@angular/core/-/core-18.2.9.tgz",
      "integrity": "sha512-h9/Bzo/7LTPzzh9I/1Gk8TWOXPGeHt3jLlnYrCh2KbrWbTErNtW0V3ad5I3Zv+K2Z7RSl9Z3D3Y6ILH796N4ZA==",
      "peer": true,
      "dependencies": {
        "tslib": "^2.3.0"
      },
      "engines": {
        "node": "^18.19.1 || ^20.11.1 || >=22.0.0"
      },
      "peerDependencies": {
        "rxjs": "^6.5.3 || ^7.4.0",
        "zone.js": "~0.14.10"
      }
    },
    "node_modules/@angular/forms": {
      "version": "18.2.9",
      "resolved": "https://registry.npmjs.org/@angular/forms/-/forms-18.2.9.tgz",
      "integrity": "sha512-yyN5dG60CXH6MRte8rv4aGUTeNOMz/pUV7rVxittpjN7tPHfGEL9Xz89Or90Aa1QiHuBmHFk+9A39s03aO1rDQ==",
      "peer": true,
      "dependencies": {
        "tslib": "^2.3.0"
      },
      "engines": {
        "node": "^18.19.1 || ^20.11.1 || >=22.0.0"
      },
      "peerDependencies": {
        "@angular/common": "18.2.9",
        "@angular/core": "18.2.9",
        "@angular/platform-browser": "18.2.9",
        "rxjs": "^6.5.3 || ^7.4.0"
      }
    },
    "node_modules/@angular/platform-browser": {
      "version": "18.2.9",
      "resolved": "https://registry.npmjs.org/@angular/platform-browser/-/platform-browser-18.2.9.tgz",
      "integrity": "sha512-UNu6XjK0SV35FFe55yd1yefZI8tzflVKzev/RzC31XngrczhlH0+WCbae4rG1XJULzJwJ1R1p7gqq4+ktEczRQ==",
      "peer": true,
      "dependencies": {
        "tslib": "^2.3.0"
      },
      "engines": {
        "node": "^18.19.1 || ^20.11.1 || >=22.0.0"
      },
      "peerDependencies": {
        "@angular/animations": "18.2.9",
        "@angular/common": "18.2.9",
        "@angular/core": "18.2.9"
      },
      "peerDependenciesMeta": {
        "@angular/animations": {
          "optional": true
        }
      }
    },
    "node_modules/@angular/platform-browser-dynamic": {
      "version": "18.2.9",
      "resolved": "https://registry.npmjs.org/@angular/platform-browser-dynamic/-/platform-browser-dynamic-18.2.9.tgz",
      "integrity": "sha512-cUTB8Jc3I/fu2UKv/PJmNGQGvKyyTo8ln4GUX3EJ4wUHzgkrU0s4x7DNok0Ql8FZKs5dLR8C0xVbG7Dv/ViPdw==",
      "peer": true,
      "dependencies": {
        "tslib": "^2.3.0"
      },
      "engines": {
        "node": "^18.19.1 || ^20.11.1 || >=22.0.0"
      },
      "peerDependencies": {
        "@angular/common": "18.2.9",
        "@angular/compiler": "18.2.9",
        "@angular/core": "18.2.9",
        "@angular/platform-browser": "18.2.9"
      }
    },
    "node_modules/@angular/router": {
      "version": "18.2.9",
      "resolved": "https://registry.npmjs.org/@angular/router/-/router-18.2.9.tgz",
      "integrity": "sha512-D0rSrMf/sbhr5yQgz+LNBxdv1BR3S4pYDj1Exq6yVRKX8HSbjc5hxe/44VaOEKBh8StJ6GRiNOMoIcDt73Jang==",
      "peer": true,
      "dependencies": {
        "tslib": "^2.3.0"
      },
      "engines": {
        "node": "^18.19.1 || ^20.11.1 || >=22.0.0"
      },
      "peerDependencies": {
        "@angular/common": "18.2.9",
        "@angular/core": "18.2.9",
        "@angular/platform-browser": "18.2.9",
        "rxjs": "^6.5.3 || ^7.4.0"
      }
    },
    "node_modules/@capacitor/browser": {
      "version": "6.0.3",
      "resolved": "https://registry.npmjs.org/@capacitor/browser/-/browser-6.0.3.tgz",
      "integrity": "sha512-V5/ViE+fy3rW+6w0L2du4747/hivBcI/5OGOKi01U9YdFvOWbiiGL+qetq1QdkANEqvYd4yoCeXZL2GyGySn5g==",
      "peer": true,
      "peerDependencies": {
        "@capacitor/core": "^6.0.0"
      }
    },
    "node_modules/@capacitor/core": {
      "version": "6.1.1",
      "resolved": "https://registry.npmjs.org/@capacitor/core/-/core-6.1.1.tgz",
      "integrity": "sha512-b1s4WDMy3Y1/owTG2/XNGCI6G5SDpF2NT1JMAgcShue13fiAuHA+Ans7Wfei6McvR0KdopAE6tMHmDAfL5PM8Q==",
      "peer": true,
      "dependencies": {
        "tslib": "^2.1.0"
      }
    },
    "node_modules/@capacitor/network": {
      "version": "6.0.2",
      "resolved": "https://registry.npmjs.org/@capacitor/network/-/network-6.0.2.tgz",
      "integrity": "sha512-c0aZb0vRodvUO7ugZdQfMXr7LHUgZSKaJcOfu53gwuxGuvrIUvqPvaog+GlNLp7SB4Iw74Js7cemnIqsR5yxzw==",
      "peer": true,
      "peerDependencies": {
        "@capacitor/core": "^6.0.0"
      }
    },
    "node_modules/@capacitor/push-notifications": {
      "version": "6.0.2",
      "resolved": "https://registry.npmjs.org/@capacitor/push-notifications/-/push-notifications-6.0.2.tgz",
      "integrity": "sha512-VYo8h+Dfw7B/JtsQCCnSKi34jr3oN9LacwmgCqwi3KPIE/sKID75lTEACZBQQ6c4rPct0yRQ0ihHdK/OPXl3Tw==",
      "peer": true,
      "peerDependencies": {
        "@capacitor/core": "^6.0.0"
      }
    },
    "node_modules/@idea-ionic/common": {
      "version": "8.1.3",
      "resolved": "https://registry.npmjs.org/@idea-ionic/common/-/common-8.1.3.tgz",
      "integrity": "sha512-TCB/nMgN5kFY/J/lXL+/syvDmOad6LIdiZ0HSev4EIsH2l7amh9CXRAMhJdehoh07boyS0Kt35DFioRBkcBi2w==",
      "peer": true,
      "dependencies": {
        "signature_pad": "^4.1.7",
        "tslib": "^2.3.0"
      },
      "peerDependencies": {
        "@angular/animations": "^18.1.0",
        "@angular/common": "^18.1.0",
        "@angular/core": "^18.1.0",
        "@angular/forms": "^18.1.0",
        "@angular/platform-browser": "^18.1.0",
        "@angular/platform-browser-dynamic": "^18.1.0",
        "@angular/router": "^18.1.0",
        "@capacitor/browser": "^6.0.1",
        "@capacitor/core": "6.1.1",
        "@capacitor/network": "^6.0.1",
        "@capacitor/push-notifications": "^6.0.1",
        "@ionic/angular": "^8.0.0",
        "@ionic/storage-angular": "^4.0.0",
        "idea-toolbox": "^7.x.x",
        "rxjs": "~7.8.0",
        "zone.js": "~0.14.3"
      }
    },
    "node_modules/@ionic/angular": {
      "version": "8.3.3",
      "resolved": "https://registry.npmjs.org/@ionic/angular/-/angular-8.3.3.tgz",
      "integrity": "sha512-m1RLa7WjFFVpIjUKIFi6BRkl0ZCOmz59aJdxtGDPgDj6ISc59vH5uBVA3yRlt8v7XI3EL8ewDC052IYmZKKr2A==",
      "peer": true,
      "dependencies": {
        "@ionic/core": "8.3.3",
        "ionicons": "^7.0.0",
        "jsonc-parser": "^3.0.0",
        "tslib": "^2.3.0"
      },
      "peerDependencies": {
        "@angular/core": ">=16.0.0",
        "@angular/forms": ">=16.0.0",
        "@angular/router": ">=16.0.0",
        "rxjs": ">=7.5.0",
        "zone.js": ">=0.13.0"
      }
    },
    "node_modules/@ionic/core": {
      "version": "8.3.3",
      "resolved": "https://registry.npmjs.org/@ionic/core/-/core-8.3.3.tgz",
      "integrity": "sha512-f2PXV0jFIFPdjP+NbmQ1mXqRQ4KWi0U0jdQd3wDYsJFWQLmWXhW7Yp/4lCDdl0ouMeZRB2phddqFct1c7H6PyA==",
      "peer": true,
      "dependencies": {
        "@stencil/core": "4.20.0",
        "ionicons": "^7.2.2",
        "tslib": "^2.1.0"
      }
    },
    "node_modules/@ionic/storage": {
      "version": "4.0.0",
      "resolved": "https://registry.npmjs.org/@ionic/storage/-/storage-4.0.0.tgz",
      "integrity": "sha512-3N21P19Xk6cICLnSXZ3ilRqbSXAGSFeIF3HNqz+1kARcm0UFT/vwmZreaXtFyq437vvEWOfJ2enlj3JHLKS0FA==",
      "peer": true,
      "dependencies": {
        "localforage": "^1.9.0"
      }
    },
    "node_modules/@ionic/storage-angular": {
      "version": "4.0.0",
      "resolved": "https://registry.npmjs.org/@ionic/storage-angular/-/storage-angular-4.0.0.tgz",
      "integrity": "sha512-FeSmCMCm1bMRfu5TFSqLtjdfEo/dLLUhLIrPmbhSYomVZdV/dNn4mBZv9SabyxSqn4bF31hw40y+4buhG+durQ==",
      "peer": true,
      "dependencies": {
        "@ionic/storage": "^4.0.0",
        "tslib": "^2.3.0"
      },
      "peerDependencies": {
        "@angular/core": "*",
        "rxjs": "*"
      }
    },
    "node_modules/@mattlewis92/dom-autoscroller": {
      "version": "2.4.2",
      "resolved": "https://registry.npmjs.org/@mattlewis92/dom-autoscroller/-/dom-autoscroller-2.4.2.tgz",
      "integrity": "sha512-YbrUWREPGEjE/FU6foXcAT1YbVwqD/jkYnY1dFb0o4AxtP3s4xKBthlELjndZih8uwsDWgQZx1eNskRNe2BgZQ==",
      "peer": true
    },
    "node_modules/@scarf/scarf": {
      "version": "1.3.0",
      "resolved": "https://registry.npmjs.org/@scarf/scarf/-/scarf-1.3.0.tgz",
      "integrity": "sha512-lHKK8M5CTcpFj2hZDB3wIjb0KAbEOgDmiJGDv1WBRfQgRm/a8/XMEkG/N1iM01xgbUDsPQwi42D+dFo1XPAKew==",
      "hasInstallScript": true,
      "peer": true
    },
    "node_modules/@stencil/core": {
      "version": "4.20.0",
      "resolved": "https://registry.npmjs.org/@stencil/core/-/core-4.20.0.tgz",
      "integrity": "sha512-WPrTHFngvN081RY+dJPneKQLwnOFD60OMCOQGmmSHfCW0f4ujPMzzhwWU1gcSwXPWXz5O+8cBiiCaxAbJU7kAg==",
      "peer": true,
      "bin": {
        "stencil": "bin/stencil"
      },
      "engines": {
        "node": ">=16.0.0",
        "npm": ">=7.10.0"
      }
    },
    "node_modules/angular-calendar": {
      "version": "0.31.1",
      "resolved": "https://registry.npmjs.org/angular-calendar/-/angular-calendar-0.31.1.tgz",
      "integrity": "sha512-pjSIpoAaUzS/gx+14eOr4hPZhlQ8HxpiZypCSGqJNptq5PD+vOdVQ3h/Aaqnk86GraVcAQPXqfu64MtdKwTVNw==",
      "peer": true,
      "dependencies": {
        "@scarf/scarf": "^1.1.1",
        "angular-draggable-droppable": "^8.0.0",
        "angular-resizable-element": "^7.0.0",
        "calendar-utils": "^0.10.4",
        "positioning": "^2.0.1",
        "tslib": "^2.4.1"
      },
      "funding": {
        "url": "https://github.com/sponsors/mattlewis92"
      },
      "peerDependencies": {
        "@angular/core": ">=15.0.0"
      }
    },
    "node_modules/angular-draggable-droppable": {
      "version": "8.0.0",
      "resolved": "https://registry.npmjs.org/angular-draggable-droppable/-/angular-draggable-droppable-8.0.0.tgz",
      "integrity": "sha512-+gpSNBbygjV1pxTxsM3UPJKcXHXJabYoTtKcgQe74rGnb1umKc07XCBD1qDzvlG/kocthvhQ12qfYOYzHnE3ZA==",
      "peer": true,
      "dependencies": {
        "@mattlewis92/dom-autoscroller": "^2.4.2",
        "tslib": "^2.4.1"
      },
      "peerDependencies": {
        "@angular/core": ">=15.0.0"
      }
    },
    "node_modules/angular-resizable-element": {
      "version": "7.0.2",
      "resolved": "https://registry.npmjs.org/angular-resizable-element/-/angular-resizable-element-7.0.2.tgz",
      "integrity": "sha512-/BGuNiA38n9klexHO1xgnsA3VYigj9v+jUGjKtBRgfB26bCxZKsNWParSu2k3EqbATrfAJC4Nl8f7cORpJFf4w==",
      "peer": true,
      "dependencies": {
        "tslib": "^2.3.0"
      },
      "peerDependencies": {
        "@angular/core": ">=15.0.0"
      }
    },
    "node_modules/calendar-utils": {
      "version": "0.10.4",
      "resolved": "https://registry.npmjs.org/calendar-utils/-/calendar-utils-0.10.4.tgz",
      "integrity": "sha512-gBK4xCJ42yjaUKwuUha6cZOfxAmGzvSgbdAaX3xLRioeKbYoOK1x1qeD6dch72rsMZlTgATPbBBx42bnkStqgQ==",
      "peer": true
    },
    "node_modules/color-name": {
      "version": "2.0.0",
      "resolved": "https://registry.npmjs.org/color-name/-/color-name-2.0.0.tgz",
      "integrity": "sha512-SbtvAMWvASO5TE2QP07jHBMXKafgdZz8Vrsrn96fiL+O92/FN/PLARzUW5sKt013fjAprK2d2iCn2hk2Xb5oow==",
      "engines": {
        "node": ">=12.20"
      }
    },
    "node_modules/color-parse": {
      "version": "2.0.2",
      "resolved": "https://registry.npmjs.org/color-parse/-/color-parse-2.0.2.tgz",
      "integrity": "sha512-eCtOz5w5ttWIUcaKLiktF+DxZO1R9KLNY/xhbV6CkhM7sR3GhVghmt6X6yOnzeaM24po+Z9/S1apbXMwA3Iepw==",
      "dependencies": {
        "color-name": "^2.0.0"
      }
    },
    "node_modules/date-fns": {
      "version": "3.6.0",
      "resolved": "https://registry.npmjs.org/date-fns/-/date-fns-3.6.0.tgz",
      "integrity": "sha512-fRHTG8g/Gif+kSh50gaGEdToemgfj74aRX3swtiouboip5JDLAyDE9F11nHMIcvOaXeOC6D7SpNhi7uFyB7Uww==",
      "peer": true,
      "funding": {
        "type": "github",
        "url": "https://github.com/sponsors/kossnocorp"
      }
    },
    "node_modules/idea-toolbox": {
      "version": "7.0.9",
      "resolved": "https://registry.npmjs.org/idea-toolbox/-/idea-toolbox-7.0.9.tgz",
      "integrity": "sha512-NhAZFJxe01ptP1TiiBDbvGAkJe6wq4koPYSV4xO0x5mp1ZHYe1LnSXLHSQ8FyZYTlc/+SwPyI4mvwtBNmCf+RA==",
      "peer": true,
      "dependencies": {
        "marked": "^13.0.2",
        "validator": "^13.12.0"
      }
    },
    "node_modules/immediate": {
      "version": "3.0.6",
      "resolved": "https://registry.npmjs.org/immediate/-/immediate-3.0.6.tgz",
      "integrity": "sha512-XXOFtyqDjNDAQxVfYxuF7g9Il/IbWmmlQg2MYKOH8ExIT1qg6xc4zyS3HaEEATgs1btfzxq15ciUiY7gjSXRGQ==",
      "peer": true
    },
    "node_modules/ionicons": {
      "version": "7.4.0",
      "resolved": "https://registry.npmjs.org/ionicons/-/ionicons-7.4.0.tgz",
      "integrity": "sha512-ZK94MMqgzMCPPMhmk8Ouu6goyVHFIlw/ACP6oe3FrikcI0N7CX0xcwVaEbUc0G/v3W0shI93vo+9ve/KpvcNhQ==",
      "peer": true,
      "dependencies": {
        "@stencil/core": "^4.0.3"
      }
    },
    "node_modules/jsonc-parser": {
      "version": "3.3.1",
      "resolved": "https://registry.npmjs.org/jsonc-parser/-/jsonc-parser-3.3.1.tgz",
      "integrity": "sha512-HUgH65KyejrUFPvHFPbqOY0rsFip3Bo5wb4ngvdi1EpCYWUQDC5V+Y7mZws+DLkr4M//zQJoanu1SP+87Dv1oQ==",
      "peer": true
    },
    "node_modules/lie": {
      "version": "3.1.1",
      "resolved": "https://registry.npmjs.org/lie/-/lie-3.1.1.tgz",
      "integrity": "sha512-RiNhHysUjhrDQntfYSfY4MU24coXXdEOgw9WGcKHNeEwffDYbF//u87M1EWaMGzuFoSbqW0C9C6lEEhDOAswfw==",
      "peer": true,
      "dependencies": {
        "immediate": "~3.0.5"
      }
    },
    "node_modules/localforage": {
      "version": "1.10.0",
      "resolved": "https://registry.npmjs.org/localforage/-/localforage-1.10.0.tgz",
      "integrity": "sha512-14/H1aX7hzBBmmh7sGPd+AOMkkIrHM3Z1PAyGgZigA1H1p5O5ANnMyWzvpAETtG68/dC4pC0ncy3+PPGzXZHPg==",
      "peer": true,
      "dependencies": {
        "lie": "3.1.1"
      }
    },
    "node_modules/marked": {
      "version": "13.0.3",
      "resolved": "https://registry.npmjs.org/marked/-/marked-13.0.3.tgz",
      "integrity": "sha512-rqRix3/TWzE9rIoFGIn8JmsVfhiuC8VIQ8IdX5TfzmeBucdY05/0UlzKaw0eVtpcN/OdVFpBk7CjKGo9iHJ/zA==",
      "peer": true,
      "bin": {
        "marked": "bin/marked.js"
      },
      "engines": {
        "node": ">= 18"
      }
    },
    "node_modules/positioning": {
      "version": "2.0.1",
      "resolved": "https://registry.npmjs.org/positioning/-/positioning-2.0.1.tgz",
      "integrity": "sha512-DsAgM42kV/ObuwlRpAzDTjH9E8fGKkMDJHWFX+kfNXSxh7UCCQxEmdjv/Ws5Ft1XDnt3JT8fIDYeKNSE2TbttA==",
      "peer": true
    },
    "node_modules/rxjs": {
      "version": "7.8.1",
      "resolved": "https://registry.npmjs.org/rxjs/-/rxjs-7.8.1.tgz",
      "integrity": "sha512-AA3TVj+0A2iuIoQkWEK/tqFjBq2j+6PO6Y0zJcvzLAFhEFIO3HL0vls9hWLncZbAAbK0mar7oZ4V079I/qPMxg==",
      "peer": true,
      "dependencies": {
        "tslib": "^2.1.0"
      }
    },
    "node_modules/signature_pad": {
      "version": "4.2.0",
      "resolved": "https://registry.npmjs.org/signature_pad/-/signature_pad-4.2.0.tgz",
      "integrity": "sha512-YLWysmaUBaC5wosAKkgbX7XI+LBv2w5L0QUcI6Jc4moHYzv9BUBJtAyNLpWzHjtjKTeWOH6bfP4a4pzf0UinfQ==",
      "peer": true
    },
    "node_modules/tslib": {
      "version": "2.8.0",
      "resolved": "https://registry.npmjs.org/tslib/-/tslib-2.8.0.tgz",
      "integrity": "sha512-jWVzBLplnCmoaTr13V9dYbiQ99wvZRd0vNWaDRg+aVYRcjDF3nDksxFDE/+fkXnKhpnUUkmx5pK/v8mCtLVqZA=="
    },
    "node_modules/validator": {
      "version": "13.12.0",
      "resolved": "https://registry.npmjs.org/validator/-/validator-13.12.0.tgz",
      "integrity": "sha512-c1Q0mCiPlgdTVVVIJIrBuxNicYE+t/7oKeI9MWLj3fh/uq2Pxh/3eeWbVZ4OcGW1TUf53At0njHw5SMdA3tmMg==",
      "peer": true,
      "engines": {
        "node": ">= 0.10"
      }
    },
    "node_modules/zone.js": {
      "version": "0.14.10",
      "resolved": "https://registry.npmjs.org/zone.js/-/zone.js-0.14.10.tgz",
      "integrity": "sha512-YGAhaO7J5ywOXW6InXNlLmfU194F8lVgu7bRntUF3TiG8Y3nBK0x1UJJuHUP/e8IyihkjCYqhCScpSwnlaSRkQ==",
      "peer": true
    }
  }
}
