{
  "name": "@idea-ionic/agenda",
  "version": "6.6.3",
  "lockfileVersion": 2,
  "requires": true,
  "packages": {
    "": {
      "name": "@idea-ionic/agenda",
      "version": "6.6.3",
      "license": "ISC",
      "dependencies": {
        "color-parse": "^1.4.2",
        "tslib": "^2.0.0"
      },
      "devDependencies": {
        "@angular/animations": ">=13.1.0",
        "@angular/common": ">=13.1.0",
        "@angular/core": ">=13.1.0",
        "@angular/forms": ">=13.1.0",
        "@angular/platform-browser": ">=13.1.0",
        "@angular/router": ">=13.1.0",
        "@capacitor/browser": "^1.x.x",
        "@capacitor/core": "^3.x.x",
        "@idea-ionic/common": "^6.x.x",
        "@ionic/angular": ">=6.0.1",
        "@ionic/storage-angular": ">=3.0.6",
        "angular-calendar": ">=0.28.20",
        "date-fns": ">=2.16.1",
        "idea-toolbox": ">=6.6.2",
        "rxjs": ">=7.4.0",
        "zone.js": ">=0.11.4"
      },
      "peerDependencies": {
        "@angular/animations": ">=13.1.0",
        "@angular/common": ">=13.1.0",
        "@angular/core": ">=13.1.0",
        "@angular/forms": ">=13.1.0",
        "@angular/platform-browser": ">=13.1.0",
        "@angular/router": ">=13.1.0",
        "@capacitor/browser": "^1.x.x",
        "@capacitor/core": "^3.x.x",
        "@ionic/angular": ">=6.0.1",
        "@ionic/storage-angular": ">=3.0.6",
        "angular-calendar": ">=0.28.20",
        "date-fns": ">=2.16.1",
        "idea-toolbox": ">=6.6.2",
        "rxjs": ">=7.4.0",
        "zone.js": ">=0.11.4"
      }
    },
    "node_modules/@angular/animations": {
      "version": "13.2.2",
      "resolved": "https://registry.npmjs.org/@angular/animations/-/animations-13.2.2.tgz",
      "integrity": "sha512-qX8LAMuCJaueHBVyuwKtqunx96G0Dr26k7y5Z03VTcscYst4Ib4V2d4i5dwn3HS82DehFdO86cm3Hi2PqE/qww==",
      "dev": true,
      "dependencies": {
        "tslib": "^2.3.0"
      },
      "engines": {
        "node": "^12.20.0 || ^14.15.0 || >=16.10.0"
      },
      "peerDependencies": {
        "@angular/core": "13.2.2"
      }
    },
    "node_modules/@angular/common": {
      "version": "13.2.2",
      "resolved": "https://registry.npmjs.org/@angular/common/-/common-13.2.2.tgz",
      "integrity": "sha512-56C/bheNLKtTCyQUZCiYtKbBIZN9jj6rjFILPtJCGls3cBCxp7t9tIdoLiQG/wVQRmaxdj1ioLT+sCWz7mLtQw==",
      "dev": true,
      "dependencies": {
        "tslib": "^2.3.0"
      },
      "engines": {
        "node": "^12.20.0 || ^14.15.0 || >=16.10.0"
      },
      "peerDependencies": {
        "@angular/core": "13.2.2",
        "rxjs": "^6.5.3 || ^7.4.0"
      }
    },
    "node_modules/@angular/core": {
      "version": "13.2.2",
      "resolved": "https://registry.npmjs.org/@angular/core/-/core-13.2.2.tgz",
      "integrity": "sha512-zpctw0BxIVOsRFnckchK15SD1L8tzhf5GzwIDaM6+VylDQj1uYkm8mvAjJTQZyUuApomoFet2Rfj7XQPV+cNSQ==",
      "dev": true,
      "dependencies": {
        "tslib": "^2.3.0"
      },
      "engines": {
        "node": "^12.20.0 || ^14.15.0 || >=16.10.0"
      },
      "peerDependencies": {
        "rxjs": "^6.5.3 || ^7.4.0",
        "zone.js": "~0.11.4"
      }
    },
    "node_modules/@angular/forms": {
      "version": "13.2.2",
      "resolved": "https://registry.npmjs.org/@angular/forms/-/forms-13.2.2.tgz",
      "integrity": "sha512-T61W4Ay9X9qhxjc6lLqpNFeHrGKwg2mqdsZ3zIm/c7oKo37mgl9TB5kkrtnS+205r3N2hF4ICnGFZ4a/egUP/g==",
      "dev": true,
      "dependencies": {
        "tslib": "^2.3.0"
      },
      "engines": {
        "node": "^12.20.0 || ^14.15.0 || >=16.10.0"
      },
      "peerDependencies": {
        "@angular/common": "13.2.2",
        "@angular/core": "13.2.2",
        "@angular/platform-browser": "13.2.2",
        "rxjs": "^6.5.3 || ^7.4.0"
      }
    },
    "node_modules/@angular/platform-browser": {
      "version": "13.2.2",
      "resolved": "https://registry.npmjs.org/@angular/platform-browser/-/platform-browser-13.2.2.tgz",
      "integrity": "sha512-M7gWC8fFCPc/CRcHCzqe/j7WzwAUMeKt9vwlK633XnesHBoqZdYgbb3YHHc6WPVU0YI09Nb/Hm5sezEKmjUmPg==",
      "dev": true,
      "dependencies": {
        "tslib": "^2.3.0"
      },
      "engines": {
        "node": "^12.20.0 || ^14.15.0 || >=16.10.0"
      },
      "peerDependencies": {
        "@angular/animations": "13.2.2",
        "@angular/common": "13.2.2",
        "@angular/core": "13.2.2"
      },
      "peerDependenciesMeta": {
        "@angular/animations": {
          "optional": true
        }
      }
    },
    "node_modules/@angular/router": {
      "version": "13.2.2",
      "resolved": "https://registry.npmjs.org/@angular/router/-/router-13.2.2.tgz",
      "integrity": "sha512-dt2b9/kGJAkmOqUmUD3aKlp4pGpdqLwB0zmhUYF3ktNEcQaPf4ZjWT/4jhy09gFL+TKOHG5OQW9GxBbhWI4bSg==",
      "dev": true,
      "dependencies": {
        "tslib": "^2.3.0"
      },
      "engines": {
        "node": "^12.20.0 || ^14.15.0 || >=16.10.0"
      },
      "peerDependencies": {
        "@angular/common": "13.2.2",
        "@angular/core": "13.2.2",
        "@angular/platform-browser": "13.2.2",
        "rxjs": "^6.5.3 || ^7.4.0"
      }
    },
    "node_modules/@capacitor-community/keep-awake": {
      "version": "2.1.1",
      "resolved": "https://registry.npmjs.org/@capacitor-community/keep-awake/-/keep-awake-2.1.1.tgz",
      "integrity": "sha512-rgx6z6o4uQbB1VWRiifBx+rmS8ab9cynlq3YY2/xWaMbxOWXENlL2s58hmlIrFHxBGLkOMPh5i73HLUzHmiesQ==",
      "dev": true,
      "peer": true,
      "peerDependencies": {
        "@capacitor/core": "^3.0.0"
      }
    },
    "node_modules/@capacitor/browser": {
      "version": "1.0.7",
      "resolved": "https://registry.npmjs.org/@capacitor/browser/-/browser-1.0.7.tgz",
      "integrity": "sha512-ni8IjsPyFUYqQ2JxBwzI7VpJUZHPr7QiRds5hQWM/1cpfH0+DWvjWHwzxQXuSbW0h+QGXGSJ/vwqjRns7NzLfQ==",
      "dev": true,
      "peerDependencies": {
        "@capacitor/core": "^3.0.0"
      }
    },
    "node_modules/@capacitor/core": {
      "version": "3.4.1",
      "resolved": "https://registry.npmjs.org/@capacitor/core/-/core-3.4.1.tgz",
      "integrity": "sha512-BwN925gwXGEVAhnnVAXH57cp+/YW5PhFZloGYaN3Sm8eKcYDNeti38lV9DQ8A/T5PYkJw/+TSu8SsuoEQD0vwQ==",
      "dev": true,
      "dependencies": {
        "tslib": "^2.1.0"
      }
    },
    "node_modules/@capacitor/network": {
      "version": "1.0.7",
      "resolved": "https://registry.npmjs.org/@capacitor/network/-/network-1.0.7.tgz",
      "integrity": "sha512-Le1pcXlBB6Vsz+9Y5jkwcoFONq93Fm06T+EXfH52khrIH61k5rOYRM1HGR5Q0hu6pDKqA9jM/tU06h2kqsJteA==",
      "dev": true,
      "peer": true,
      "peerDependencies": {
        "@capacitor/core": "^3.0.0"
      }
    },
    "node_modules/@capacitor/push-notifications": {
      "version": "1.0.9",
      "resolved": "https://registry.npmjs.org/@capacitor/push-notifications/-/push-notifications-1.0.9.tgz",
      "integrity": "sha512-NaH+drTYjOGgFMHl/2Jn1/+2rlgomtwP2NfK20E0i7+QoRze1ArcSThJ4vSF0m7VkYBsH3MgbXkWfNSSPaYrtw==",
      "dev": true,
      "peer": true,
      "peerDependencies": {
        "@capacitor/core": "^3.0.0"
      }
    },
    "node_modules/@idea-ionic/common": {
      "version": "6.3.0",
      "resolved": "https://registry.npmjs.org/@idea-ionic/common/-/common-6.3.0.tgz",
      "integrity": "sha512-TtE3mFVs1AyoYXrYtdDh12DZxgBGr5H7W6yZYQwtIzJCaYaL6mFU3Ol7JzO+L5knTLfEF9GjwbAp6EFaRdkA9w==",
      "dev": true,
      "dependencies": {
        "signature_pad": ">=3.0.0-beta.4",
        "tslib": ">=2.0.0"
      },
      "peerDependencies": {
        "@angular/common": ">=13.1.0",
        "@angular/core": ">=13.1.0",
        "@angular/forms": ">=13.1.0",
        "@angular/platform-browser": ">=13.1.0",
        "@angular/router": ">=13.1.0",
        "@capacitor-community/keep-awake": "^2.x.x",
        "@capacitor/browser": "^1.x.x",
        "@capacitor/core": "^3.x.x",
        "@capacitor/network": "^1.x.x",
        "@capacitor/push-notifications": "^1.x.x",
        "@ionic/angular": ">=6.0.1",
        "@ionic/storage-angular": ">=3.0.6",
        "idea-toolbox": ">=6.5.13",
        "rxjs": ">=7.4.0",
        "zone.js": ">=0.11.4"
      }
    },
    "node_modules/@ionic/angular": {
      "version": "6.0.8",
      "resolved": "https://registry.npmjs.org/@ionic/angular/-/angular-6.0.8.tgz",
      "integrity": "sha512-sPXQ17SCym0Skx1vbFmhHyPCNH5NoKIyuHee8ROZcTvNizavJYajoU+YTcr6v3w37CecsTz/JgpCXbAUHxxrcQ==",
      "dev": true,
      "dependencies": {
        "@ionic/core": "^6.0.8",
        "jsonc-parser": "^3.0.0",
        "tslib": "^2.0.0"
      },
      "peerDependencies": {
        "@angular/core": ">=12.0.0",
        "@angular/forms": ">=12.0.0",
        "@angular/router": ">=12.0.0",
        "rxjs": ">=6.6.0",
        "zone.js": ">=0.11.0"
      }
    },
    "node_modules/@ionic/core": {
      "version": "6.0.8",
      "resolved": "https://registry.npmjs.org/@ionic/core/-/core-6.0.8.tgz",
      "integrity": "sha512-sfkms6Rj8MPuZOo+bdjL75ewTmr8oKsMepFL3MM7Nfu+GfNsAuauf1fRYwoD34f0jVgfUnJvhvT3V3NVVTQwHQ==",
      "dev": true,
      "dependencies": {
        "@stencil/core": "~2.13.0",
        "ionicons": "^6.0.0",
        "tslib": "^2.1.0"
      }
    },
    "node_modules/@ionic/storage": {
      "version": "3.0.6",
      "resolved": "https://registry.npmjs.org/@ionic/storage/-/storage-3.0.6.tgz",
      "integrity": "sha512-sw+zSJINIpbQCGZR9mEtb9N0WmZLuhcMVqOZJBqLuDACAMdXqG39zmp5nSVqhGI1/9X3nd0K5gVn6icyVfUnUg==",
      "dev": true,
      "dependencies": {
        "localforage": "^1.9.0"
      }
    },
    "node_modules/@ionic/storage-angular": {
      "version": "3.0.6",
      "resolved": "https://registry.npmjs.org/@ionic/storage-angular/-/storage-angular-3.0.6.tgz",
      "integrity": "sha512-ZXlIFWGU27aCxVFgZb0KFJFtWwnn6+HK6v0rMGzjN8f7oV2ewXaQ2dl1gTw/A8YoozTVPOFxwfFHCjhWLFR1Fw==",
      "dev": true,
      "dependencies": {
        "@ionic/storage": "^3.0.4",
        "tslib": "^1.10.0"
      },
      "peerDependencies": {
        "@angular/core": "*",
        "rxjs": "*"
      }
    },
    "node_modules/@ionic/storage-angular/node_modules/tslib": {
      "version": "1.14.1",
      "resolved": "https://registry.npmjs.org/tslib/-/tslib-1.14.1.tgz",
      "integrity": "sha512-Xni35NKzjgMrwevysHTCArtLDpPvye8zV/0E4EyYn43P7/7qvQwPh9BGkHewbMulVntbigmcT7rdX3BNo9wRJg==",
      "dev": true
    },
    "node_modules/@mattlewis92/dom-autoscroller": {
      "version": "2.4.2",
      "resolved": "https://registry.npmjs.org/@mattlewis92/dom-autoscroller/-/dom-autoscroller-2.4.2.tgz",
      "integrity": "sha512-YbrUWREPGEjE/FU6foXcAT1YbVwqD/jkYnY1dFb0o4AxtP3s4xKBthlELjndZih8uwsDWgQZx1eNskRNe2BgZQ==",
      "dev": true
    },
    "node_modules/@scarf/scarf": {
      "version": "1.1.1",
      "resolved": "https://registry.npmjs.org/@scarf/scarf/-/scarf-1.1.1.tgz",
      "integrity": "sha512-VGbKDbk1RFIaSmdVb0cNjjWJoRWRI/Weo23AjRCC2nryO0iAS8pzsToJfPVPtVs74WHw4L1UTADNdIYRLkirZQ==",
      "dev": true,
      "hasInstallScript": true
    },
    "node_modules/@stencil/core": {
      "version": "2.13.0",
      "resolved": "https://registry.npmjs.org/@stencil/core/-/core-2.13.0.tgz",
      "integrity": "sha512-EEKHOHgYpg3/iFUKMXTZJjUayRul7sXDwNw0OGgkEOe4t7JWiibDkzUHuruvpbqEydX+z1+ez5K2bMMY76c2wA==",
      "dev": true,
      "bin": {
        "stencil": "bin/stencil"
      },
      "engines": {
        "node": ">=12.10.0",
        "npm": ">=6.0.0"
      }
    },
    "node_modules/angular-calendar": {
      "version": "0.29.0",
      "resolved": "https://registry.npmjs.org/angular-calendar/-/angular-calendar-0.29.0.tgz",
      "integrity": "sha512-TK4yUNsOhCUVrBRTJhGvVgGkQHgR0DTDFnPUTv0YSeDAuq5+irWjH23UrHmrhBCwFPelGLrTHjxsbMwjuzrJjw==",
      "dev": true,
      "dependencies": {
        "@scarf/scarf": "^1.1.1",
        "angular-draggable-droppable": "^6.0.0",
        "angular-resizable-element": "^5.0.0",
        "calendar-utils": "^0.9.0",
        "positioning": "^2.0.1",
        "tslib": "^2.0.0"
      },
      "funding": {
        "url": "https://github.com/sponsors/mattlewis92"
      },
      "peerDependencies": {
        "@angular/core": ">=10.0.0"
      }
    },
    "node_modules/angular-draggable-droppable": {
      "version": "6.0.0",
      "resolved": "https://registry.npmjs.org/angular-draggable-droppable/-/angular-draggable-droppable-6.0.0.tgz",
      "integrity": "sha512-q6JJ3LWT/Olm8hak9+AJui/iBzpm3fsVHOKKsFAYJLFXoVZbP3EM5DxRLztdEMejne5MR8mOI/eifiYNVz13Lw==",
      "dev": true,
      "dependencies": {
        "@mattlewis92/dom-autoscroller": "^2.4.2",
        "tslib": "^2.3.1"
      },
      "peerDependencies": {
        "@angular/core": ">=12.0.0"
      }
    },
    "node_modules/angular-resizable-element": {
      "version": "5.0.0",
      "resolved": "https://registry.npmjs.org/angular-resizable-element/-/angular-resizable-element-5.0.0.tgz",
      "integrity": "sha512-GbV8myA2x8aUU8CK7siTi1QMjtilzQzIgClqUVpE/YM1WAp0/OnioBV12oLcOT24eEwP3zDqPTHL+D1Kv2rNAw==",
      "dev": true,
      "dependencies": {
        "tslib": "^2.2.0"
      },
      "peerDependencies": {
        "@angular/core": ">=10.0.0"
      }
    },
    "node_modules/calendar-utils": {
      "version": "0.9.0",
      "resolved": "https://registry.npmjs.org/calendar-utils/-/calendar-utils-0.9.0.tgz",
      "integrity": "sha512-QxMf/I+y/it02EoFvla7Fq9n4SIOK9T97wT4W0VfvbFTbhf92AYHm9IBXGWDJiARNM2pvrGCFtI8AFB0D4OuWw==",
      "dev": true
    },
    "node_modules/color-name": {
      "version": "1.1.4",
      "resolved": "https://registry.npmjs.org/color-name/-/color-name-1.1.4.tgz",
      "integrity": "sha512-dOy+3AuW3a2wNbZHIuMZpTcgjGuLU/uBL/ubcZF9OXbDo8ff4O8yVp5Bf0efS8uEoYo5q4Fx7dY9OgQGXgAsQA=="
    },
    "node_modules/color-parse": {
      "version": "1.4.2",
      "resolved": "https://registry.npmjs.org/color-parse/-/color-parse-1.4.2.tgz",
      "integrity": "sha512-RI7s49/8yqDj3fECFZjUI1Yi0z/Gq1py43oNJivAIIDSyJiOZLfYCRQEgn8HEVAj++PcRe8AnL2XF0fRJ3BTnA==",
      "dependencies": {
        "color-name": "^1.0.0"
      }
    },
    "node_modules/date-fns": {
      "version": "2.28.0",
      "resolved": "https://registry.npmjs.org/date-fns/-/date-fns-2.28.0.tgz",
      "integrity": "sha512-8d35hViGYx/QH0icHYCeLmsLmMUheMmTyV9Fcm6gvNwdw31yXXH+O85sOBJ+OLnLQMKZowvpKb6FgMIQjcpvQw==",
      "dev": true,
      "engines": {
        "node": ">=0.11"
      },
      "funding": {
        "type": "opencollective",
        "url": "https://opencollective.com/date-fns"
      }
    },
    "node_modules/idea-toolbox": {
      "version": "6.6.2",
      "resolved": "https://registry.npmjs.org/idea-toolbox/-/idea-toolbox-6.6.2.tgz",
      "integrity": "sha512-EOqLMqS72qFK2c/ZjXjzw+zfGjphKs+MoJQpFfQBmOxMuKZAbZgmAWCNqkut7uIeV/kCfpQf4QH+7Gwr1yjfAQ==",
      "dev": true,
      "dependencies": {
        "marked": "^4.0.18",
        "validator": "^13.7.0"
      }
    },
    "node_modules/immediate": {
      "version": "3.0.6",
      "resolved": "https://registry.npmjs.org/immediate/-/immediate-3.0.6.tgz",
      "integrity": "sha1-nbHb0Pr43m++D13V5Wu2BigN5ps=",
      "dev": true
    },
    "node_modules/ionicons": {
      "version": "6.0.1",
      "resolved": "https://registry.npmjs.org/ionicons/-/ionicons-6.0.1.tgz",
      "integrity": "sha512-xQekOJsxH82O7oB+3F60zeRggCdND9pJ/k0E6IJDVUGGlCj5mlyFqNgxUimytKgstPGv3S+3EmCxjefvtGgWUg==",
      "dev": true,
      "dependencies": {
        "@stencil/core": "~2.12.0"
      }
    },
    "node_modules/ionicons/node_modules/@stencil/core": {
      "version": "2.12.1",
      "resolved": "https://registry.npmjs.org/@stencil/core/-/core-2.12.1.tgz",
      "integrity": "sha512-u24TZ+FEvjnZt5ZgIkLjLpUNsO6Ml3mUZqwmqk81w6RWWz75hgB5p4RFI5rvuErFeh2xvMIGo+pNdG24XUBz1A==",
      "dev": true,
      "bin": {
        "stencil": "bin/stencil"
      },
      "engines": {
        "node": ">=12.10.0",
        "npm": ">=6.0.0"
      }
    },
    "node_modules/jsonc-parser": {
      "version": "3.0.0",
      "resolved": "https://registry.npmjs.org/jsonc-parser/-/jsonc-parser-3.0.0.tgz",
      "integrity": "sha512-fQzRfAbIBnR0IQvftw9FJveWiHp72Fg20giDrHz6TdfB12UH/uue0D3hm57UB5KgAVuniLMCaS8P1IMj9NR7cA==",
      "dev": true
    },
    "node_modules/lie": {
      "version": "3.1.1",
      "resolved": "https://registry.npmjs.org/lie/-/lie-3.1.1.tgz",
      "integrity": "sha1-mkNrLMd0bKWd56QfpGmz77dr2H4=",
      "dev": true,
      "dependencies": {
        "immediate": "~3.0.5"
      }
    },
    "node_modules/localforage": {
      "version": "1.10.0",
      "resolved": "https://registry.npmjs.org/localforage/-/localforage-1.10.0.tgz",
      "integrity": "sha512-14/H1aX7hzBBmmh7sGPd+AOMkkIrHM3Z1PAyGgZigA1H1p5O5ANnMyWzvpAETtG68/dC4pC0ncy3+PPGzXZHPg==",
      "dev": true,
      "dependencies": {
        "lie": "3.1.1"
      }
    },
    "node_modules/marked": {
      "version": "4.0.18",
      "resolved": "https://registry.npmjs.org/marked/-/marked-4.0.18.tgz",
      "integrity": "sha512-wbLDJ7Zh0sqA0Vdg6aqlbT+yPxqLblpAZh1mK2+AO2twQkPywvvqQNfEPVwSSRjZ7dZcdeVBIAgiO7MMp3Dszw==",
      "dev": true,
      "bin": {
        "marked": "bin/marked.js"
      },
      "engines": {
        "node": ">= 12"
      }
    },
    "node_modules/positioning": {
      "version": "2.0.1",
      "resolved": "https://registry.npmjs.org/positioning/-/positioning-2.0.1.tgz",
      "integrity": "sha512-DsAgM42kV/ObuwlRpAzDTjH9E8fGKkMDJHWFX+kfNXSxh7UCCQxEmdjv/Ws5Ft1XDnt3JT8fIDYeKNSE2TbttA==",
      "dev": true
    },
    "node_modules/rxjs": {
      "version": "7.5.4",
      "resolved": "https://registry.npmjs.org/rxjs/-/rxjs-7.5.4.tgz",
      "integrity": "sha512-h5M3Hk78r6wAheJF0a5YahB1yRQKCsZ4MsGdZ5O9ETbVtjPcScGfrMmoOq7EBsCRzd4BDkvDJ7ogP8Sz5tTFiQ==",
      "dev": true,
      "dependencies": {
        "tslib": "^2.1.0"
      }
    },
    "node_modules/signature_pad": {
      "version": "4.0.2",
      "resolved": "https://registry.npmjs.org/signature_pad/-/signature_pad-4.0.2.tgz",
      "integrity": "sha512-4jHtgCVvihLLPr0H4F0hB4eE9YOMcr/V9rFWwhPqzJ5qsBYhj7sg/B0yvcyM4HB+eWTKVoIep8Xh7gM/gKq+sA==",
      "dev": true
    },
    "node_modules/tslib": {
      "version": "2.3.1",
      "resolved": "https://registry.npmjs.org/tslib/-/tslib-2.3.1.tgz",
      "integrity": "sha512-77EbyPPpMz+FRFRuAFlWMtmgUWGe9UOG2Z25NqCwiIjRhOf5iKGuzSe5P2w1laq+FkRy4p+PCuVkJSGkzTEKVw=="
    },
    "node_modules/validator": {
      "version": "13.7.0",
      "resolved": "https://registry.npmjs.org/validator/-/validator-13.7.0.tgz",
      "integrity": "sha512-nYXQLCBkpJ8X6ltALua9dRrZDHVYxjJ1wgskNt1lH9fzGjs3tgojGSCBjmEPwkWS1y29+DrizMTW19Pr9uB2nw==",
      "dev": true,
      "engines": {
        "node": ">= 0.10"
      }
    },
    "node_modules/zone.js": {
      "version": "0.11.4",
      "resolved": "https://registry.npmjs.org/zone.js/-/zone.js-0.11.4.tgz",
      "integrity": "sha512-DDh2Ab+A/B+9mJyajPjHFPWfYU1H+pdun4wnnk0OcQTNjem1XQSZ2CDW+rfZEUDjv5M19SBqAkjZi0x5wuB5Qw==",
      "dev": true,
      "dependencies": {
        "tslib": "^2.0.0"
      }
    }
  },
  "dependencies": {
    "@angular/animations": {
      "version": "13.2.2",
      "resolved": "https://registry.npmjs.org/@angular/animations/-/animations-13.2.2.tgz",
      "integrity": "sha512-qX8LAMuCJaueHBVyuwKtqunx96G0Dr26k7y5Z03VTcscYst4Ib4V2d4i5dwn3HS82DehFdO86cm3Hi2PqE/qww==",
      "dev": true,
      "requires": {
        "tslib": "^2.3.0"
      }
    },
    "@angular/common": {
      "version": "13.2.2",
      "resolved": "https://registry.npmjs.org/@angular/common/-/common-13.2.2.tgz",
      "integrity": "sha512-56C/bheNLKtTCyQUZCiYtKbBIZN9jj6rjFILPtJCGls3cBCxp7t9tIdoLiQG/wVQRmaxdj1ioLT+sCWz7mLtQw==",
      "dev": true,
      "requires": {
        "tslib": "^2.3.0"
      }
    },
    "@angular/core": {
      "version": "13.2.2",
      "resolved": "https://registry.npmjs.org/@angular/core/-/core-13.2.2.tgz",
      "integrity": "sha512-zpctw0BxIVOsRFnckchK15SD1L8tzhf5GzwIDaM6+VylDQj1uYkm8mvAjJTQZyUuApomoFet2Rfj7XQPV+cNSQ==",
      "dev": true,
      "requires": {
        "tslib": "^2.3.0"
      }
    },
    "@angular/forms": {
      "version": "13.2.2",
      "resolved": "https://registry.npmjs.org/@angular/forms/-/forms-13.2.2.tgz",
      "integrity": "sha512-T61W4Ay9X9qhxjc6lLqpNFeHrGKwg2mqdsZ3zIm/c7oKo37mgl9TB5kkrtnS+205r3N2hF4ICnGFZ4a/egUP/g==",
      "dev": true,
      "requires": {
        "tslib": "^2.3.0"
      }
    },
    "@angular/platform-browser": {
      "version": "13.2.2",
      "resolved": "https://registry.npmjs.org/@angular/platform-browser/-/platform-browser-13.2.2.tgz",
      "integrity": "sha512-M7gWC8fFCPc/CRcHCzqe/j7WzwAUMeKt9vwlK633XnesHBoqZdYgbb3YHHc6WPVU0YI09Nb/Hm5sezEKmjUmPg==",
      "dev": true,
      "requires": {
        "tslib": "^2.3.0"
      }
    },
    "@angular/router": {
      "version": "13.2.2",
      "resolved": "https://registry.npmjs.org/@angular/router/-/router-13.2.2.tgz",
      "integrity": "sha512-dt2b9/kGJAkmOqUmUD3aKlp4pGpdqLwB0zmhUYF3ktNEcQaPf4ZjWT/4jhy09gFL+TKOHG5OQW9GxBbhWI4bSg==",
      "dev": true,
      "requires": {
        "tslib": "^2.3.0"
      }
    },
    "@capacitor-community/keep-awake": {
      "version": "2.1.1",
      "resolved": "https://registry.npmjs.org/@capacitor-community/keep-awake/-/keep-awake-2.1.1.tgz",
      "integrity": "sha512-rgx6z6o4uQbB1VWRiifBx+rmS8ab9cynlq3YY2/xWaMbxOWXENlL2s58hmlIrFHxBGLkOMPh5i73HLUzHmiesQ==",
      "dev": true,
      "peer": true,
      "requires": {}
    },
    "@capacitor/browser": {
      "version": "1.0.7",
      "resolved": "https://registry.npmjs.org/@capacitor/browser/-/browser-1.0.7.tgz",
      "integrity": "sha512-ni8IjsPyFUYqQ2JxBwzI7VpJUZHPr7QiRds5hQWM/1cpfH0+DWvjWHwzxQXuSbW0h+QGXGSJ/vwqjRns7NzLfQ==",
      "dev": true,
      "requires": {}
    },
    "@capacitor/core": {
      "version": "3.4.1",
      "resolved": "https://registry.npmjs.org/@capacitor/core/-/core-3.4.1.tgz",
      "integrity": "sha512-BwN925gwXGEVAhnnVAXH57cp+/YW5PhFZloGYaN3Sm8eKcYDNeti38lV9DQ8A/T5PYkJw/+TSu8SsuoEQD0vwQ==",
      "dev": true,
      "requires": {
        "tslib": "^2.1.0"
      }
    },
    "@capacitor/network": {
      "version": "1.0.7",
      "resolved": "https://registry.npmjs.org/@capacitor/network/-/network-1.0.7.tgz",
      "integrity": "sha512-Le1pcXlBB6Vsz+9Y5jkwcoFONq93Fm06T+EXfH52khrIH61k5rOYRM1HGR5Q0hu6pDKqA9jM/tU06h2kqsJteA==",
      "dev": true,
      "peer": true,
      "requires": {}
    },
    "@capacitor/push-notifications": {
      "version": "1.0.9",
      "resolved": "https://registry.npmjs.org/@capacitor/push-notifications/-/push-notifications-1.0.9.tgz",
      "integrity": "sha512-NaH+drTYjOGgFMHl/2Jn1/+2rlgomtwP2NfK20E0i7+QoRze1ArcSThJ4vSF0m7VkYBsH3MgbXkWfNSSPaYrtw==",
      "dev": true,
      "peer": true,
      "requires": {}
    },
    "@idea-ionic/common": {
      "version": "6.3.0",
      "resolved": "https://registry.npmjs.org/@idea-ionic/common/-/common-6.3.0.tgz",
      "integrity": "sha512-TtE3mFVs1AyoYXrYtdDh12DZxgBGr5H7W6yZYQwtIzJCaYaL6mFU3Ol7JzO+L5knTLfEF9GjwbAp6EFaRdkA9w==",
      "dev": true,
      "requires": {
        "signature_pad": ">=3.0.0-beta.4",
        "tslib": ">=2.0.0"
      }
    },
    "@ionic/angular": {
      "version": "6.0.8",
      "resolved": "https://registry.npmjs.org/@ionic/angular/-/angular-6.0.8.tgz",
      "integrity": "sha512-sPXQ17SCym0Skx1vbFmhHyPCNH5NoKIyuHee8ROZcTvNizavJYajoU+YTcr6v3w37CecsTz/JgpCXbAUHxxrcQ==",
      "dev": true,
      "requires": {
        "@ionic/core": "^6.0.8",
        "jsonc-parser": "^3.0.0",
        "tslib": "^2.0.0"
      }
    },
    "@ionic/core": {
      "version": "6.0.8",
      "resolved": "https://registry.npmjs.org/@ionic/core/-/core-6.0.8.tgz",
      "integrity": "sha512-sfkms6Rj8MPuZOo+bdjL75ewTmr8oKsMepFL3MM7Nfu+GfNsAuauf1fRYwoD34f0jVgfUnJvhvT3V3NVVTQwHQ==",
      "dev": true,
      "requires": {
        "@stencil/core": "~2.13.0",
        "ionicons": "^6.0.0",
        "tslib": "^2.1.0"
      }
    },
    "@ionic/storage": {
      "version": "3.0.6",
      "resolved": "https://registry.npmjs.org/@ionic/storage/-/storage-3.0.6.tgz",
      "integrity": "sha512-sw+zSJINIpbQCGZR9mEtb9N0WmZLuhcMVqOZJBqLuDACAMdXqG39zmp5nSVqhGI1/9X3nd0K5gVn6icyVfUnUg==",
      "dev": true,
      "requires": {
        "localforage": "^1.9.0"
      }
    },
    "@ionic/storage-angular": {
      "version": "3.0.6",
      "resolved": "https://registry.npmjs.org/@ionic/storage-angular/-/storage-angular-3.0.6.tgz",
      "integrity": "sha512-ZXlIFWGU27aCxVFgZb0KFJFtWwnn6+HK6v0rMGzjN8f7oV2ewXaQ2dl1gTw/A8YoozTVPOFxwfFHCjhWLFR1Fw==",
      "dev": true,
      "requires": {
        "@ionic/storage": "^3.0.4",
        "tslib": "^1.10.0"
      },
      "dependencies": {
        "tslib": {
          "version": "1.14.1",
          "resolved": "https://registry.npmjs.org/tslib/-/tslib-1.14.1.tgz",
          "integrity": "sha512-Xni35NKzjgMrwevysHTCArtLDpPvye8zV/0E4EyYn43P7/7qvQwPh9BGkHewbMulVntbigmcT7rdX3BNo9wRJg==",
          "dev": true
        }
      }
    },
    "@mattlewis92/dom-autoscroller": {
      "version": "2.4.2",
      "resolved": "https://registry.npmjs.org/@mattlewis92/dom-autoscroller/-/dom-autoscroller-2.4.2.tgz",
      "integrity": "sha512-YbrUWREPGEjE/FU6foXcAT1YbVwqD/jkYnY1dFb0o4AxtP3s4xKBthlELjndZih8uwsDWgQZx1eNskRNe2BgZQ==",
      "dev": true
    },
    "@scarf/scarf": {
      "version": "1.1.1",
      "resolved": "https://registry.npmjs.org/@scarf/scarf/-/scarf-1.1.1.tgz",
      "integrity": "sha512-VGbKDbk1RFIaSmdVb0cNjjWJoRWRI/Weo23AjRCC2nryO0iAS8pzsToJfPVPtVs74WHw4L1UTADNdIYRLkirZQ==",
      "dev": true
    },
    "@stencil/core": {
      "version": "2.13.0",
      "resolved": "https://registry.npmjs.org/@stencil/core/-/core-2.13.0.tgz",
      "integrity": "sha512-EEKHOHgYpg3/iFUKMXTZJjUayRul7sXDwNw0OGgkEOe4t7JWiibDkzUHuruvpbqEydX+z1+ez5K2bMMY76c2wA==",
      "dev": true
    },
    "angular-calendar": {
      "version": "0.29.0",
      "resolved": "https://registry.npmjs.org/angular-calendar/-/angular-calendar-0.29.0.tgz",
      "integrity": "sha512-TK4yUNsOhCUVrBRTJhGvVgGkQHgR0DTDFnPUTv0YSeDAuq5+irWjH23UrHmrhBCwFPelGLrTHjxsbMwjuzrJjw==",
      "dev": true,
      "requires": {
        "@scarf/scarf": "^1.1.1",
        "angular-draggable-droppable": "^6.0.0",
        "angular-resizable-element": "^5.0.0",
        "calendar-utils": "^0.9.0",
        "positioning": "^2.0.1",
        "tslib": "^2.0.0"
      }
    },
    "angular-draggable-droppable": {
      "version": "6.0.0",
      "resolved": "https://registry.npmjs.org/angular-draggable-droppable/-/angular-draggable-droppable-6.0.0.tgz",
      "integrity": "sha512-q6JJ3LWT/Olm8hak9+AJui/iBzpm3fsVHOKKsFAYJLFXoVZbP3EM5DxRLztdEMejne5MR8mOI/eifiYNVz13Lw==",
      "dev": true,
      "requires": {
        "@mattlewis92/dom-autoscroller": "^2.4.2",
        "tslib": "^2.3.1"
      }
    },
    "angular-resizable-element": {
      "version": "5.0.0",
      "resolved": "https://registry.npmjs.org/angular-resizable-element/-/angular-resizable-element-5.0.0.tgz",
      "integrity": "sha512-GbV8myA2x8aUU8CK7siTi1QMjtilzQzIgClqUVpE/YM1WAp0/OnioBV12oLcOT24eEwP3zDqPTHL+D1Kv2rNAw==",
      "dev": true,
      "requires": {
        "tslib": "^2.2.0"
      }
    },
    "calendar-utils": {
      "version": "0.9.0",
      "resolved": "https://registry.npmjs.org/calendar-utils/-/calendar-utils-0.9.0.tgz",
      "integrity": "sha512-QxMf/I+y/it02EoFvla7Fq9n4SIOK9T97wT4W0VfvbFTbhf92AYHm9IBXGWDJiARNM2pvrGCFtI8AFB0D4OuWw==",
      "dev": true
    },
    "color-name": {
      "version": "1.1.4",
      "resolved": "https://registry.npmjs.org/color-name/-/color-name-1.1.4.tgz",
      "integrity": "sha512-dOy+3AuW3a2wNbZHIuMZpTcgjGuLU/uBL/ubcZF9OXbDo8ff4O8yVp5Bf0efS8uEoYo5q4Fx7dY9OgQGXgAsQA=="
    },
    "color-parse": {
      "version": "1.4.2",
      "resolved": "https://registry.npmjs.org/color-parse/-/color-parse-1.4.2.tgz",
      "integrity": "sha512-RI7s49/8yqDj3fECFZjUI1Yi0z/Gq1py43oNJivAIIDSyJiOZLfYCRQEgn8HEVAj++PcRe8AnL2XF0fRJ3BTnA==",
      "requires": {
        "color-name": "^1.0.0"
      }
    },
    "date-fns": {
      "version": "2.28.0",
      "resolved": "https://registry.npmjs.org/date-fns/-/date-fns-2.28.0.tgz",
      "integrity": "sha512-8d35hViGYx/QH0icHYCeLmsLmMUheMmTyV9Fcm6gvNwdw31yXXH+O85sOBJ+OLnLQMKZowvpKb6FgMIQjcpvQw==",
      "dev": true
    },
    "idea-toolbox": {
      "version": "6.6.2",
      "resolved": "https://registry.npmjs.org/idea-toolbox/-/idea-toolbox-6.6.2.tgz",
      "integrity": "sha512-EOqLMqS72qFK2c/ZjXjzw+zfGjphKs+MoJQpFfQBmOxMuKZAbZgmAWCNqkut7uIeV/kCfpQf4QH+7Gwr1yjfAQ==",
      "dev": true,
      "requires": {
        "marked": "^4.0.18",
        "validator": "^13.7.0"
      }
    },
    "immediate": {
      "version": "3.0.6",
      "resolved": "https://registry.npmjs.org/immediate/-/immediate-3.0.6.tgz",
      "integrity": "sha1-nbHb0Pr43m++D13V5Wu2BigN5ps=",
      "dev": true
    },
    "ionicons": {
      "version": "6.0.1",
      "resolved": "https://registry.npmjs.org/ionicons/-/ionicons-6.0.1.tgz",
      "integrity": "sha512-xQekOJsxH82O7oB+3F60zeRggCdND9pJ/k0E6IJDVUGGlCj5mlyFqNgxUimytKgstPGv3S+3EmCxjefvtGgWUg==",
      "dev": true,
      "requires": {
        "@stencil/core": "~2.12.0"
      },
      "dependencies": {
        "@stencil/core": {
          "version": "2.12.1",
          "resolved": "https://registry.npmjs.org/@stencil/core/-/core-2.12.1.tgz",
          "integrity": "sha512-u24TZ+FEvjnZt5ZgIkLjLpUNsO6Ml3mUZqwmqk81w6RWWz75hgB5p4RFI5rvuErFeh2xvMIGo+pNdG24XUBz1A==",
          "dev": true
        }
      }
    },
    "jsonc-parser": {
      "version": "3.0.0",
      "resolved": "https://registry.npmjs.org/jsonc-parser/-/jsonc-parser-3.0.0.tgz",
      "integrity": "sha512-fQzRfAbIBnR0IQvftw9FJveWiHp72Fg20giDrHz6TdfB12UH/uue0D3hm57UB5KgAVuniLMCaS8P1IMj9NR7cA==",
      "dev": true
    },
    "lie": {
      "version": "3.1.1",
      "resolved": "https://registry.npmjs.org/lie/-/lie-3.1.1.tgz",
      "integrity": "sha1-mkNrLMd0bKWd56QfpGmz77dr2H4=",
      "dev": true,
      "requires": {
        "immediate": "~3.0.5"
      }
    },
    "localforage": {
      "version": "1.10.0",
      "resolved": "https://registry.npmjs.org/localforage/-/localforage-1.10.0.tgz",
      "integrity": "sha512-14/H1aX7hzBBmmh7sGPd+AOMkkIrHM3Z1PAyGgZigA1H1p5O5ANnMyWzvpAETtG68/dC4pC0ncy3+PPGzXZHPg==",
      "dev": true,
      "requires": {
        "lie": "3.1.1"
      }
    },
    "marked": {
      "version": "4.0.18",
      "resolved": "https://registry.npmjs.org/marked/-/marked-4.0.18.tgz",
      "integrity": "sha512-wbLDJ7Zh0sqA0Vdg6aqlbT+yPxqLblpAZh1mK2+AO2twQkPywvvqQNfEPVwSSRjZ7dZcdeVBIAgiO7MMp3Dszw==",
      "dev": true
    },
    "positioning": {
      "version": "2.0.1",
      "resolved": "https://registry.npmjs.org/positioning/-/positioning-2.0.1.tgz",
      "integrity": "sha512-DsAgM42kV/ObuwlRpAzDTjH9E8fGKkMDJHWFX+kfNXSxh7UCCQxEmdjv/Ws5Ft1XDnt3JT8fIDYeKNSE2TbttA==",
      "dev": true
    },
    "rxjs": {
      "version": "7.5.4",
      "resolved": "https://registry.npmjs.org/rxjs/-/rxjs-7.5.4.tgz",
      "integrity": "sha512-h5M3Hk78r6wAheJF0a5YahB1yRQKCsZ4MsGdZ5O9ETbVtjPcScGfrMmoOq7EBsCRzd4BDkvDJ7ogP8Sz5tTFiQ==",
      "dev": true,
      "requires": {
        "tslib": "^2.1.0"
      }
    },
    "signature_pad": {
      "version": "4.0.2",
      "resolved": "https://registry.npmjs.org/signature_pad/-/signature_pad-4.0.2.tgz",
      "integrity": "sha512-4jHtgCVvihLLPr0H4F0hB4eE9YOMcr/V9rFWwhPqzJ5qsBYhj7sg/B0yvcyM4HB+eWTKVoIep8Xh7gM/gKq+sA==",
      "dev": true
    },
    "tslib": {
      "version": "2.3.1",
      "resolved": "https://registry.npmjs.org/tslib/-/tslib-2.3.1.tgz",
      "integrity": "sha512-77EbyPPpMz+FRFRuAFlWMtmgUWGe9UOG2Z25NqCwiIjRhOf5iKGuzSe5P2w1laq+FkRy4p+PCuVkJSGkzTEKVw=="
    },
    "validator": {
      "version": "13.7.0",
      "resolved": "https://registry.npmjs.org/validator/-/validator-13.7.0.tgz",
      "integrity": "sha512-nYXQLCBkpJ8X6ltALua9dRrZDHVYxjJ1wgskNt1lH9fzGjs3tgojGSCBjmEPwkWS1y29+DrizMTW19Pr9uB2nw==",
      "dev": true
    },
    "zone.js": {
      "version": "0.11.4",
      "resolved": "https://registry.npmjs.org/zone.js/-/zone.js-0.11.4.tgz",
      "integrity": "sha512-DDh2Ab+A/B+9mJyajPjHFPWfYU1H+pdun4wnnk0OcQTNjem1XQSZ2CDW+rfZEUDjv5M19SBqAkjZi0x5wuB5Qw==",
      "dev": true,
      "requires": {
        "tslib": "^2.0.0"
      }
    }
  }
}
